// !$*UTF8*$!
{
	archiveVersion = 1;
	classes = {
	};
	objectVersion = 56;
	objects = {

/* Begin PBXBuildFile section */
		460D953329D6DECF004DBBBD /* CacheFeedUseCaseTests.swift in Sources */ = {isa = PBXBuildFile; fileRef = 460D953229D6DECF004DBBBD /* CacheFeedUseCaseTests.swift */; };
		460D953729D6DFE9004DBBBD /* LocalFeedLoader.swift in Sources */ = {isa = PBXBuildFile; fileRef = 460D953629D6DFE9004DBBBD /* LocalFeedLoader.swift */; };
		462E4A6D29FBDDD4004DB74E /* RemoteFeedItem.swift in Sources */ = {isa = PBXBuildFile; fileRef = 462E4A6C29FBDDD4004DB74E /* RemoteFeedItem.swift */; };
		462E4A6F29FBDE18004DB74E /* LocalFeedImage.swift in Sources */ = {isa = PBXBuildFile; fileRef = 462E4A6E29FBDE18004DB74E /* LocalFeedImage.swift */; };
		4653F57A29979F8800A1BD9A /* HTTPClient.swift in Sources */ = {isa = PBXBuildFile; fileRef = 4653F57929979F8800A1BD9A /* HTTPClient.swift */; };
		4653F57C2997A00200A1BD9A /* FeedItemMapper.swift in Sources */ = {isa = PBXBuildFile; fileRef = 4653F57B2997A00200A1BD9A /* FeedItemMapper.swift */; };
		468ECE492993E8800049AFF5 /* LoadFeedFromRemoteUseCaseTests.swift in Sources */ = {isa = PBXBuildFile; fileRef = 468ECE482993E8800049AFF5 /* LoadFeedFromRemoteUseCaseTests.swift */; };
		468ECE4C2993F9040049AFF5 /* RemoteFeedLoader.swift in Sources */ = {isa = PBXBuildFile; fileRef = 468ECE4B2993F9040049AFF5 /* RemoteFeedLoader.swift */; };
		46A1BC5E298FDD5900921DD8 /* EssentialFeed.docc in Sources */ = {isa = PBXBuildFile; fileRef = 46A1BC5D298FDD5900921DD8 /* EssentialFeed.docc */; };
		46A1BC64298FDD5900921DD8 /* EssentialFeed.framework in Frameworks */ = {isa = PBXBuildFile; fileRef = 46A1BC59298FDD5900921DD8 /* EssentialFeed.framework */; };
		46A1BC69298FDD5900921DD8 /* EssentialFeedTests.swift in Sources */ = {isa = PBXBuildFile; fileRef = 46A1BC68298FDD5900921DD8 /* EssentialFeedTests.swift */; };
		46A1BC6A298FDD5900921DD8 /* EssentialFeed.h in Headers */ = {isa = PBXBuildFile; fileRef = 46A1BC5C298FDD5900921DD8 /* EssentialFeed.h */; settings = {ATTRIBUTES = (Public, ); }; };
		46A1BC74298FDD6E00921DD8 /* FeedItem.swift in Sources */ = {isa = PBXBuildFile; fileRef = 46A1BC73298FDD6E00921DD8 /* FeedItem.swift */; };
		46A1BC76298FDEEB00921DD8 /* FeedLoader.swift in Sources */ = {isa = PBXBuildFile; fileRef = 46A1BC75298FDEEB00921DD8 /* FeedLoader.swift */; };
		46A8A0962A20A0F700563494 /* README.md in Resources */ = {isa = PBXBuildFile; fileRef = 46A8A0952A20A0F700563494 /* README.md */; };
		46A8A0982A20A19E00563494 /* ValidateFeedCacheUseCaseTests.swift in Sources */ = {isa = PBXBuildFile; fileRef = 46A8A0972A20A19E00563494 /* ValidateFeedCacheUseCaseTests.swift */; };
		46A8A09A2A20A6F200563494 /* FeedCacheTestHelpers.swift in Sources */ = {isa = PBXBuildFile; fileRef = 46A8A0992A20A6F200563494 /* FeedCacheTestHelpers.swift */; };
		46A8A09C2A20AC4700563494 /* SharedTestHelpers.swift in Sources */ = {isa = PBXBuildFile; fileRef = 46A8A09B2A20AC4700563494 /* SharedTestHelpers.swift */; };
		46ACA7B029FFAE2B00AB82E6 /* LoadFeedFromCacheUseCaseTests.swift in Sources */ = {isa = PBXBuildFile; fileRef = 46ACA7AF29FFAE2B00AB82E6 /* LoadFeedFromCacheUseCaseTests.swift */; };
		46ACA7B329FFAF9A00AB82E6 /* FeedStoreSpy.swift in Sources */ = {isa = PBXBuildFile; fileRef = 46ACA7B229FFAF9A00AB82E6 /* FeedStoreSpy.swift */; };
		46BD20C729EBF63F00B2C779 /* FeedStore.swift in Sources */ = {isa = PBXBuildFile; fileRef = 46BD20C629EBF63F00B2C779 /* FeedStore.swift */; };
		46E856EE2997C340001F0EFC /* URLSessionHTTPClient.swift in Sources */ = {isa = PBXBuildFile; fileRef = 46E856ED2997C340001F0EFC /* URLSessionHTTPClient.swift */; };
		46E856F02997C4F5001F0EFC /* URLSessionHTTPClientTests.swift in Sources */ = {isa = PBXBuildFile; fileRef = 46E856EF2997C4F5001F0EFC /* URLSessionHTTPClientTests.swift */; };
		46E856F3299939D0001F0EFC /* XCTestCase+MemoryLeakTrackingHelper.swift in Sources */ = {isa = PBXBuildFile; fileRef = 46E856F2299939D0001F0EFC /* XCTestCase+MemoryLeakTrackingHelper.swift */; };
		46FE693729A906F0009A8E3D /* EssentialFeedAPIEndToEndTests.swift in Sources */ = {isa = PBXBuildFile; fileRef = 46FE693629A906F0009A8E3D /* EssentialFeedAPIEndToEndTests.swift */; };
		46FE693829A906F0009A8E3D /* EssentialFeed.framework in Frameworks */ = {isa = PBXBuildFile; fileRef = 46A1BC59298FDD5900921DD8 /* EssentialFeed.framework */; };
		46FE693E29A9141E009A8E3D /* XCTestCase+MemoryLeakTrackingHelper.swift in Sources */ = {isa = PBXBuildFile; fileRef = 46E856F2299939D0001F0EFC /* XCTestCase+MemoryLeakTrackingHelper.swift */; };
/* End PBXBuildFile section */

/* Begin PBXContainerItemProxy section */
		46A1BC65298FDD5900921DD8 /* PBXContainerItemProxy */ = {
			isa = PBXContainerItemProxy;
			containerPortal = 46A1BC50298FDD5900921DD8 /* Project object */;
			proxyType = 1;
			remoteGlobalIDString = 46A1BC58298FDD5900921DD8;
			remoteInfo = EssentialFeed;
		};
		46FE693929A906F0009A8E3D /* PBXContainerItemProxy */ = {
			isa = PBXContainerItemProxy;
			containerPortal = 46A1BC50298FDD5900921DD8 /* Project object */;
			proxyType = 1;
			remoteGlobalIDString = 46A1BC58298FDD5900921DD8;
			remoteInfo = EssentialFeed;
		};
/* End PBXContainerItemProxy section */

/* Begin PBXFileReference section */
		460D953229D6DECF004DBBBD /* CacheFeedUseCaseTests.swift */ = {isa = PBXFileReference; lastKnownFileType = sourcecode.swift; path = CacheFeedUseCaseTests.swift; sourceTree = "<group>"; };
		460D953629D6DFE9004DBBBD /* LocalFeedLoader.swift */ = {isa = PBXFileReference; lastKnownFileType = sourcecode.swift; path = LocalFeedLoader.swift; sourceTree = "<group>"; };
		462E4A6C29FBDDD4004DB74E /* RemoteFeedItem.swift */ = {isa = PBXFileReference; lastKnownFileType = sourcecode.swift; path = RemoteFeedItem.swift; sourceTree = "<group>"; };
		462E4A6E29FBDE18004DB74E /* LocalFeedImage.swift */ = {isa = PBXFileReference; lastKnownFileType = sourcecode.swift; path = LocalFeedImage.swift; sourceTree = "<group>"; };
		4653F57929979F8800A1BD9A /* HTTPClient.swift */ = {isa = PBXFileReference; lastKnownFileType = sourcecode.swift; path = HTTPClient.swift; sourceTree = "<group>"; };
		4653F57B2997A00200A1BD9A /* FeedItemMapper.swift */ = {isa = PBXFileReference; lastKnownFileType = sourcecode.swift; path = FeedItemMapper.swift; sourceTree = "<group>"; };
		468ECE482993E8800049AFF5 /* LoadFeedFromRemoteUseCaseTests.swift */ = {isa = PBXFileReference; lastKnownFileType = sourcecode.swift; path = LoadFeedFromRemoteUseCaseTests.swift; sourceTree = "<group>"; };
		468ECE4B2993F9040049AFF5 /* RemoteFeedLoader.swift */ = {isa = PBXFileReference; lastKnownFileType = sourcecode.swift; path = RemoteFeedLoader.swift; sourceTree = "<group>"; };
		46A1BC59298FDD5900921DD8 /* EssentialFeed.framework */ = {isa = PBXFileReference; explicitFileType = wrapper.framework; includeInIndex = 0; path = EssentialFeed.framework; sourceTree = BUILT_PRODUCTS_DIR; };
		46A1BC5C298FDD5900921DD8 /* EssentialFeed.h */ = {isa = PBXFileReference; lastKnownFileType = sourcecode.c.h; path = EssentialFeed.h; sourceTree = "<group>"; };
		46A1BC5D298FDD5900921DD8 /* EssentialFeed.docc */ = {isa = PBXFileReference; lastKnownFileType = folder.documentationcatalog; path = EssentialFeed.docc; sourceTree = "<group>"; };
		46A1BC63298FDD5900921DD8 /* EssentialFeedTests.xctest */ = {isa = PBXFileReference; explicitFileType = wrapper.cfbundle; includeInIndex = 0; path = EssentialFeedTests.xctest; sourceTree = BUILT_PRODUCTS_DIR; };
		46A1BC68298FDD5900921DD8 /* EssentialFeedTests.swift */ = {isa = PBXFileReference; lastKnownFileType = sourcecode.swift; path = EssentialFeedTests.swift; sourceTree = "<group>"; };
		46A1BC73298FDD6E00921DD8 /* FeedItem.swift */ = {isa = PBXFileReference; lastKnownFileType = sourcecode.swift; path = FeedItem.swift; sourceTree = "<group>"; };
		46A1BC75298FDEEB00921DD8 /* FeedLoader.swift */ = {isa = PBXFileReference; lastKnownFileType = sourcecode.swift; path = FeedLoader.swift; sourceTree = "<group>"; };
		46A8A0952A20A0F700563494 /* README.md */ = {isa = PBXFileReference; lastKnownFileType = net.daringfireball.markdown; path = README.md; sourceTree = "<group>"; };
		46A8A0972A20A19E00563494 /* ValidateFeedCacheUseCaseTests.swift */ = {isa = PBXFileReference; lastKnownFileType = sourcecode.swift; path = ValidateFeedCacheUseCaseTests.swift; sourceTree = "<group>"; };
		46A8A0992A20A6F200563494 /* FeedCacheTestHelpers.swift */ = {isa = PBXFileReference; lastKnownFileType = sourcecode.swift; path = FeedCacheTestHelpers.swift; sourceTree = "<group>"; };
		46A8A09B2A20AC4700563494 /* SharedTestHelpers.swift */ = {isa = PBXFileReference; lastKnownFileType = sourcecode.swift; path = SharedTestHelpers.swift; sourceTree = "<group>"; };
		46ACA7AF29FFAE2B00AB82E6 /* LoadFeedFromCacheUseCaseTests.swift */ = {isa = PBXFileReference; lastKnownFileType = sourcecode.swift; path = LoadFeedFromCacheUseCaseTests.swift; sourceTree = "<group>"; };
		46ACA7B229FFAF9A00AB82E6 /* FeedStoreSpy.swift */ = {isa = PBXFileReference; lastKnownFileType = sourcecode.swift; path = FeedStoreSpy.swift; sourceTree = "<group>"; };
		46BD20C629EBF63F00B2C779 /* FeedStore.swift */ = {isa = PBXFileReference; lastKnownFileType = sourcecode.swift; path = FeedStore.swift; sourceTree = "<group>"; };
		46E856ED2997C340001F0EFC /* URLSessionHTTPClient.swift */ = {isa = PBXFileReference; lastKnownFileType = sourcecode.swift; path = URLSessionHTTPClient.swift; sourceTree = "<group>"; };
		46E856EF2997C4F5001F0EFC /* URLSessionHTTPClientTests.swift */ = {isa = PBXFileReference; lastKnownFileType = sourcecode.swift; path = URLSessionHTTPClientTests.swift; sourceTree = "<group>"; };
		46E856F2299939D0001F0EFC /* XCTestCase+MemoryLeakTrackingHelper.swift */ = {isa = PBXFileReference; lastKnownFileType = sourcecode.swift; path = "XCTestCase+MemoryLeakTrackingHelper.swift"; sourceTree = "<group>"; };
		46FE693429A906F0009A8E3D /* EssentialFeedAPIEndToEndTests.xctest */ = {isa = PBXFileReference; explicitFileType = wrapper.cfbundle; includeInIndex = 0; path = EssentialFeedAPIEndToEndTests.xctest; sourceTree = BUILT_PRODUCTS_DIR; };
		46FE693629A906F0009A8E3D /* EssentialFeedAPIEndToEndTests.swift */ = {isa = PBXFileReference; lastKnownFileType = sourcecode.swift; path = EssentialFeedAPIEndToEndTests.swift; sourceTree = "<group>"; };
/* End PBXFileReference section */

/* Begin PBXFrameworksBuildPhase section */
		46A1BC56298FDD5900921DD8 /* Frameworks */ = {
			isa = PBXFrameworksBuildPhase;
			buildActionMask = 2147483647;
			files = (
			);
			runOnlyForDeploymentPostprocessing = 0;
		};
		46A1BC60298FDD5900921DD8 /* Frameworks */ = {
			isa = PBXFrameworksBuildPhase;
			buildActionMask = 2147483647;
			files = (
				46A1BC64298FDD5900921DD8 /* EssentialFeed.framework in Frameworks */,
			);
			runOnlyForDeploymentPostprocessing = 0;
		};
		46FE693129A906F0009A8E3D /* Frameworks */ = {
			isa = PBXFrameworksBuildPhase;
			buildActionMask = 2147483647;
			files = (
				46FE693829A906F0009A8E3D /* EssentialFeed.framework in Frameworks */,
			);
			runOnlyForDeploymentPostprocessing = 0;
		};
/* End PBXFrameworksBuildPhase section */

/* Begin PBXGroup section */
		460D953029D6DE94004DBBBD /* FeedCache */ = {
			isa = PBXGroup;
			children = (
				460D953629D6DFE9004DBBBD /* LocalFeedLoader.swift */,
				46BD20C629EBF63F00B2C779 /* FeedStore.swift */,
				462E4A6E29FBDE18004DB74E /* LocalFeedImage.swift */,
			);
			path = FeedCache;
			sourceTree = "<group>";
		};
		460D953129D6DEAE004DBBBD /* FeedCache */ = {
			isa = PBXGroup;
			children = (
				46ACA7B129FFAF8700AB82E6 /* Helpers */,
				460D953229D6DECF004DBBBD /* CacheFeedUseCaseTests.swift */,
				46ACA7AF29FFAE2B00AB82E6 /* LoadFeedFromCacheUseCaseTests.swift */,
				46A8A0972A20A19E00563494 /* ValidateFeedCacheUseCaseTests.swift */,
			);
			path = FeedCache;
			sourceTree = "<group>";
		};
		4653F57D2997AF1D00A1BD9A /* FeedAPI */ = {
			isa = PBXGroup;
			children = (
				46E856EF2997C4F5001F0EFC /* URLSessionHTTPClientTests.swift */,
				468ECE482993E8800049AFF5 /* LoadFeedFromRemoteUseCaseTests.swift */,
			);
			path = FeedAPI;
			sourceTree = "<group>";
		};
		468ECE4A2993F8DF0049AFF5 /* FeedAPI */ = {
			isa = PBXGroup;
			children = (
				468ECE4B2993F9040049AFF5 /* RemoteFeedLoader.swift */,
				4653F57929979F8800A1BD9A /* HTTPClient.swift */,
				4653F57B2997A00200A1BD9A /* FeedItemMapper.swift */,
				46E856ED2997C340001F0EFC /* URLSessionHTTPClient.swift */,
				462E4A6C29FBDDD4004DB74E /* RemoteFeedItem.swift */,
			);
			path = FeedAPI;
			sourceTree = "<group>";
		};
		46A1BC4F298FDD5900921DD8 = {
			isa = PBXGroup;
			children = (
				46A1BC5B298FDD5900921DD8 /* EssentialFeed */,
				46A1BC67298FDD5900921DD8 /* EssentialFeedTests */,
				46FE693529A906F0009A8E3D /* EssentialFeedAPIEndToEndTests */,
				46A1BC5A298FDD5900921DD8 /* Products */,
			);
			sourceTree = "<group>";
		};
		46A1BC5A298FDD5900921DD8 /* Products */ = {
			isa = PBXGroup;
			children = (
				46A1BC59298FDD5900921DD8 /* EssentialFeed.framework */,
				46A1BC63298FDD5900921DD8 /* EssentialFeedTests.xctest */,
				46FE693429A906F0009A8E3D /* EssentialFeedAPIEndToEndTests.xctest */,
			);
			name = Products;
			sourceTree = "<group>";
		};
		46A1BC5B298FDD5900921DD8 /* EssentialFeed */ = {
			isa = PBXGroup;
			children = (
				46A1BC77298FE00600921DD8 /* FeedFeature */,
				460D953029D6DE94004DBBBD /* FeedCache */,
				468ECE4A2993F8DF0049AFF5 /* FeedAPI */,
				46A1BC5D298FDD5900921DD8 /* EssentialFeed.docc */,
				46A1BC5C298FDD5900921DD8 /* EssentialFeed.h */,
				46A8A0952A20A0F700563494 /* README.md */,
			);
			path = EssentialFeed;
			sourceTree = "<group>";
		};
		46A1BC67298FDD5900921DD8 /* EssentialFeedTests */ = {
			isa = PBXGroup;
			children = (
				46E856F129993995001F0EFC /* Helpers */,
				460D953129D6DEAE004DBBBD /* FeedCache */,
				46A1BC68298FDD5900921DD8 /* EssentialFeedTests.swift */,
				4653F57D2997AF1D00A1BD9A /* FeedAPI */,
			);
			path = EssentialFeedTests;
			sourceTree = "<group>";
		};
		46A1BC77298FE00600921DD8 /* FeedFeature */ = {
			isa = PBXGroup;
			children = (
				46A1BC73298FDD6E00921DD8 /* FeedItem.swift */,
				46A1BC75298FDEEB00921DD8 /* FeedLoader.swift */,
			);
			path = FeedFeature;
			sourceTree = "<group>";
		};
		46ACA7B129FFAF8700AB82E6 /* Helpers */ = {
			isa = PBXGroup;
			children = (
				46ACA7B229FFAF9A00AB82E6 /* FeedStoreSpy.swift */,
				46A8A0992A20A6F200563494 /* FeedCacheTestHelpers.swift */,
			);
			path = Helpers;
			sourceTree = "<group>";
		};
		46E856F129993995001F0EFC /* Helpers */ = {
			isa = PBXGroup;
			children = (
				46E856F2299939D0001F0EFC /* XCTestCase+MemoryLeakTrackingHelper.swift */,
				46A8A09B2A20AC4700563494 /* SharedTestHelpers.swift */,
			);
			path = Helpers;
			sourceTree = "<group>";
		};
		46FE693529A906F0009A8E3D /* EssentialFeedAPIEndToEndTests */ = {
			isa = PBXGroup;
			children = (
				46FE693629A906F0009A8E3D /* EssentialFeedAPIEndToEndTests.swift */,
			);
			path = EssentialFeedAPIEndToEndTests;
			sourceTree = "<group>";
		};
/* End PBXGroup section */

/* Begin PBXHeadersBuildPhase section */
		46A1BC54298FDD5900921DD8 /* Headers */ = {
			isa = PBXHeadersBuildPhase;
			buildActionMask = 2147483647;
			files = (
				46A1BC6A298FDD5900921DD8 /* EssentialFeed.h in Headers */,
			);
			runOnlyForDeploymentPostprocessing = 0;
		};
/* End PBXHeadersBuildPhase section */

/* Begin PBXNativeTarget section */
		46A1BC58298FDD5900921DD8 /* EssentialFeed */ = {
			isa = PBXNativeTarget;
			buildConfigurationList = 46A1BC6D298FDD5900921DD8 /* Build configuration list for PBXNativeTarget "EssentialFeed" */;
			buildPhases = (
				46A1BC54298FDD5900921DD8 /* Headers */,
				46A1BC55298FDD5900921DD8 /* Sources */,
				46A1BC56298FDD5900921DD8 /* Frameworks */,
				46A1BC57298FDD5900921DD8 /* Resources */,
			);
			buildRules = (
			);
			dependencies = (
			);
			name = EssentialFeed;
			productName = EssentialFeed;
			productReference = 46A1BC59298FDD5900921DD8 /* EssentialFeed.framework */;
			productType = "com.apple.product-type.framework";
		};
		46A1BC62298FDD5900921DD8 /* EssentialFeedTests */ = {
			isa = PBXNativeTarget;
			buildConfigurationList = 46A1BC70298FDD5900921DD8 /* Build configuration list for PBXNativeTarget "EssentialFeedTests" */;
			buildPhases = (
				46A1BC5F298FDD5900921DD8 /* Sources */,
				46A1BC60298FDD5900921DD8 /* Frameworks */,
				46A1BC61298FDD5900921DD8 /* Resources */,
			);
			buildRules = (
			);
			dependencies = (
				46A1BC66298FDD5900921DD8 /* PBXTargetDependency */,
			);
			name = EssentialFeedTests;
			productName = EssentialFeedTests;
			productReference = 46A1BC63298FDD5900921DD8 /* EssentialFeedTests.xctest */;
			productType = "com.apple.product-type.bundle.unit-test";
		};
		46FE693329A906F0009A8E3D /* EssentialFeedAPIEndToEndTests */ = {
			isa = PBXNativeTarget;
			buildConfigurationList = 46FE693D29A906F0009A8E3D /* Build configuration list for PBXNativeTarget "EssentialFeedAPIEndToEndTests" */;
			buildPhases = (
				46FE693029A906F0009A8E3D /* Sources */,
				46FE693129A906F0009A8E3D /* Frameworks */,
				46FE693229A906F0009A8E3D /* Resources */,
			);
			buildRules = (
			);
			dependencies = (
				46FE693A29A906F0009A8E3D /* PBXTargetDependency */,
			);
			name = EssentialFeedAPIEndToEndTests;
			productName = EssentialFeedAPIEndToEndTests;
			productReference = 46FE693429A906F0009A8E3D /* EssentialFeedAPIEndToEndTests.xctest */;
			productType = "com.apple.product-type.bundle.unit-test";
		};
/* End PBXNativeTarget section */

/* Begin PBXProject section */
		46A1BC50298FDD5900921DD8 /* Project object */ = {
			isa = PBXProject;
			attributes = {
				BuildIndependentTargetsInParallel = 1;
				LastSwiftUpdateCheck = 1420;
				LastUpgradeCheck = 1420;
				TargetAttributes = {
					46A1BC58298FDD5900921DD8 = {
						CreatedOnToolsVersion = 14.2;
					};
					46A1BC62298FDD5900921DD8 = {
						CreatedOnToolsVersion = 14.2;
					};
					46FE693329A906F0009A8E3D = {
						CreatedOnToolsVersion = 14.2;
					};
				};
			};
			buildConfigurationList = 46A1BC53298FDD5900921DD8 /* Build configuration list for PBXProject "EssentialFeed" */;
			compatibilityVersion = "Xcode 14.0";
			developmentRegion = en;
			hasScannedForEncodings = 0;
			knownRegions = (
				en,
				Base,
			);
			mainGroup = 46A1BC4F298FDD5900921DD8;
			productRefGroup = 46A1BC5A298FDD5900921DD8 /* Products */;
			projectDirPath = "";
			projectRoot = "";
			targets = (
				46A1BC58298FDD5900921DD8 /* EssentialFeed */,
				46A1BC62298FDD5900921DD8 /* EssentialFeedTests */,
				46FE693329A906F0009A8E3D /* EssentialFeedAPIEndToEndTests */,
			);
		};
/* End PBXProject section */

/* Begin PBXResourcesBuildPhase section */
		46A1BC57298FDD5900921DD8 /* Resources */ = {
			isa = PBXResourcesBuildPhase;
			buildActionMask = 2147483647;
			files = (
				46A8A0962A20A0F700563494 /* README.md in Resources */,
			);
			runOnlyForDeploymentPostprocessing = 0;
		};
		46A1BC61298FDD5900921DD8 /* Resources */ = {
			isa = PBXResourcesBuildPhase;
			buildActionMask = 2147483647;
			files = (
			);
			runOnlyForDeploymentPostprocessing = 0;
		};
		46FE693229A906F0009A8E3D /* Resources */ = {
			isa = PBXResourcesBuildPhase;
			buildActionMask = 2147483647;
			files = (
			);
			runOnlyForDeploymentPostprocessing = 0;
		};
/* End PBXResourcesBuildPhase section */

/* Begin PBXSourcesBuildPhase section */
		46A1BC55298FDD5900921DD8 /* Sources */ = {
			isa = PBXSourcesBuildPhase;
			buildActionMask = 2147483647;
			files = (
				462E4A6F29FBDE18004DB74E /* LocalFeedImage.swift in Sources */,
				46BD20C729EBF63F00B2C779 /* FeedStore.swift in Sources */,
				46E856EE2997C340001F0EFC /* URLSessionHTTPClient.swift in Sources */,
				468ECE4C2993F9040049AFF5 /* RemoteFeedLoader.swift in Sources */,
				4653F57A29979F8800A1BD9A /* HTTPClient.swift in Sources */,
				46A1BC76298FDEEB00921DD8 /* FeedLoader.swift in Sources */,
				4653F57C2997A00200A1BD9A /* FeedItemMapper.swift in Sources */,
				462E4A6D29FBDDD4004DB74E /* RemoteFeedItem.swift in Sources */,
				46A1BC74298FDD6E00921DD8 /* FeedItem.swift in Sources */,
				460D953729D6DFE9004DBBBD /* LocalFeedLoader.swift in Sources */,
				46A1BC5E298FDD5900921DD8 /* EssentialFeed.docc in Sources */,
			);
			runOnlyForDeploymentPostprocessing = 0;
		};
		46A1BC5F298FDD5900921DD8 /* Sources */ = {
			isa = PBXSourcesBuildPhase;
			buildActionMask = 2147483647;
			files = (
				468ECE492993E8800049AFF5 /* LoadFeedFromRemoteUseCaseTests.swift in Sources */,
				46E856F02997C4F5001F0EFC /* URLSessionHTTPClientTests.swift in Sources */,
				46A8A09C2A20AC4700563494 /* SharedTestHelpers.swift in Sources */,
				46A1BC69298FDD5900921DD8 /* EssentialFeedTests.swift in Sources */,
				460D953329D6DECF004DBBBD /* CacheFeedUseCaseTests.swift in Sources */,
				46A8A09A2A20A6F200563494 /* FeedCacheTestHelpers.swift in Sources */,
				46A8A0982A20A19E00563494 /* ValidateFeedCacheUseCaseTests.swift in Sources */,
				46ACA7B329FFAF9A00AB82E6 /* FeedStoreSpy.swift in Sources */,
				46ACA7B029FFAE2B00AB82E6 /* LoadFeedFromCacheUseCaseTests.swift in Sources */,
				46E856F3299939D0001F0EFC /* XCTestCase+MemoryLeakTrackingHelper.swift in Sources */,
			);
			runOnlyForDeploymentPostprocessing = 0;
		};
		46FE693029A906F0009A8E3D /* Sources */ = {
			isa = PBXSourcesBuildPhase;
			buildActionMask = 2147483647;
			files = (
				46FE693729A906F0009A8E3D /* EssentialFeedAPIEndToEndTests.swift in Sources */,
				46FE693E29A9141E009A8E3D /* XCTestCase+MemoryLeakTrackingHelper.swift in Sources */,
			);
			runOnlyForDeploymentPostprocessing = 0;
		};
/* End PBXSourcesBuildPhase section */

/* Begin PBXTargetDependency section */
		46A1BC66298FDD5900921DD8 /* PBXTargetDependency */ = {
			isa = PBXTargetDependency;
			target = 46A1BC58298FDD5900921DD8 /* EssentialFeed */;
			targetProxy = 46A1BC65298FDD5900921DD8 /* PBXContainerItemProxy */;
		};
		46FE693A29A906F0009A8E3D /* PBXTargetDependency */ = {
			isa = PBXTargetDependency;
			target = 46A1BC58298FDD5900921DD8 /* EssentialFeed */;
			targetProxy = 46FE693929A906F0009A8E3D /* PBXContainerItemProxy */;
		};
/* End PBXTargetDependency section */

/* Begin XCBuildConfiguration section */
		46A1BC6B298FDD5900921DD8 /* Debug */ = {
			isa = XCBuildConfiguration;
			buildSettings = {
				ALWAYS_SEARCH_USER_PATHS = NO;
				CLANG_ANALYZER_NONNULL = YES;
				CLANG_ANALYZER_NUMBER_OBJECT_CONVERSION = YES_AGGRESSIVE;
				CLANG_CXX_LANGUAGE_STANDARD = "gnu++20";
				CLANG_ENABLE_MODULES = YES;
				CLANG_ENABLE_OBJC_ARC = YES;
				CLANG_ENABLE_OBJC_WEAK = YES;
				CLANG_WARN_BLOCK_CAPTURE_AUTORELEASING = YES;
				CLANG_WARN_BOOL_CONVERSION = YES;
				CLANG_WARN_COMMA = YES;
				CLANG_WARN_CONSTANT_CONVERSION = YES;
				CLANG_WARN_DEPRECATED_OBJC_IMPLEMENTATIONS = YES;
				CLANG_WARN_DIRECT_OBJC_ISA_USAGE = YES_ERROR;
				CLANG_WARN_DOCUMENTATION_COMMENTS = YES;
				CLANG_WARN_EMPTY_BODY = YES;
				CLANG_WARN_ENUM_CONVERSION = YES;
				CLANG_WARN_INFINITE_RECURSION = YES;
				CLANG_WARN_INT_CONVERSION = YES;
				CLANG_WARN_NON_LITERAL_NULL_CONVERSION = YES;
				CLANG_WARN_OBJC_IMPLICIT_RETAIN_SELF = YES;
				CLANG_WARN_OBJC_LITERAL_CONVERSION = YES;
				CLANG_WARN_OBJC_ROOT_CLASS = YES_ERROR;
				CLANG_WARN_QUOTED_INCLUDE_IN_FRAMEWORK_HEADER = YES;
				CLANG_WARN_RANGE_LOOP_ANALYSIS = YES;
				CLANG_WARN_STRICT_PROTOTYPES = YES;
				CLANG_WARN_SUSPICIOUS_MOVE = YES;
				CLANG_WARN_UNGUARDED_AVAILABILITY = YES_AGGRESSIVE;
				CLANG_WARN_UNREACHABLE_CODE = YES;
				CLANG_WARN__DUPLICATE_METHOD_MATCH = YES;
				COPY_PHASE_STRIP = NO;
				CURRENT_PROJECT_VERSION = 1;
				DEBUG_INFORMATION_FORMAT = dwarf;
				ENABLE_STRICT_OBJC_MSGSEND = YES;
				ENABLE_TESTABILITY = YES;
				GCC_C_LANGUAGE_STANDARD = gnu11;
				GCC_DYNAMIC_NO_PIC = NO;
				GCC_NO_COMMON_BLOCKS = YES;
				GCC_OPTIMIZATION_LEVEL = 0;
				GCC_PREPROCESSOR_DEFINITIONS = (
					"DEBUG=1",
					"$(inherited)",
				);
				GCC_WARN_64_TO_32_BIT_CONVERSION = YES;
				GCC_WARN_ABOUT_RETURN_TYPE = YES_ERROR;
				GCC_WARN_UNDECLARED_SELECTOR = YES;
				GCC_WARN_UNINITIALIZED_AUTOS = YES_AGGRESSIVE;
				GCC_WARN_UNUSED_FUNCTION = YES;
				GCC_WARN_UNUSED_VARIABLE = YES;
				MACOSX_DEPLOYMENT_TARGET = 12.4;
				MTL_ENABLE_DEBUG_INFO = INCLUDE_SOURCE;
				MTL_FAST_MATH = YES;
				ONLY_ACTIVE_ARCH = YES;
				SDKROOT = macosx;
				SWIFT_ACTIVE_COMPILATION_CONDITIONS = DEBUG;
				SWIFT_OPTIMIZATION_LEVEL = "-Onone";
				VERSIONING_SYSTEM = "apple-generic";
				VERSION_INFO_PREFIX = "";
			};
			name = Debug;
		};
		46A1BC6C298FDD5900921DD8 /* Release */ = {
			isa = XCBuildConfiguration;
			buildSettings = {
				ALWAYS_SEARCH_USER_PATHS = NO;
				CLANG_ANALYZER_NONNULL = YES;
				CLANG_ANALYZER_NUMBER_OBJECT_CONVERSION = YES_AGGRESSIVE;
				CLANG_CXX_LANGUAGE_STANDARD = "gnu++20";
				CLANG_ENABLE_MODULES = YES;
				CLANG_ENABLE_OBJC_ARC = YES;
				CLANG_ENABLE_OBJC_WEAK = YES;
				CLANG_WARN_BLOCK_CAPTURE_AUTORELEASING = YES;
				CLANG_WARN_BOOL_CONVERSION = YES;
				CLANG_WARN_COMMA = YES;
				CLANG_WARN_CONSTANT_CONVERSION = YES;
				CLANG_WARN_DEPRECATED_OBJC_IMPLEMENTATIONS = YES;
				CLANG_WARN_DIRECT_OBJC_ISA_USAGE = YES_ERROR;
				CLANG_WARN_DOCUMENTATION_COMMENTS = YES;
				CLANG_WARN_EMPTY_BODY = YES;
				CLANG_WARN_ENUM_CONVERSION = YES;
				CLANG_WARN_INFINITE_RECURSION = YES;
				CLANG_WARN_INT_CONVERSION = YES;
				CLANG_WARN_NON_LITERAL_NULL_CONVERSION = YES;
				CLANG_WARN_OBJC_IMPLICIT_RETAIN_SELF = YES;
				CLANG_WARN_OBJC_LITERAL_CONVERSION = YES;
				CLANG_WARN_OBJC_ROOT_CLASS = YES_ERROR;
				CLANG_WARN_QUOTED_INCLUDE_IN_FRAMEWORK_HEADER = YES;
				CLANG_WARN_RANGE_LOOP_ANALYSIS = YES;
				CLANG_WARN_STRICT_PROTOTYPES = YES;
				CLANG_WARN_SUSPICIOUS_MOVE = YES;
				CLANG_WARN_UNGUARDED_AVAILABILITY = YES_AGGRESSIVE;
				CLANG_WARN_UNREACHABLE_CODE = YES;
				CLANG_WARN__DUPLICATE_METHOD_MATCH = YES;
				COPY_PHASE_STRIP = NO;
				CURRENT_PROJECT_VERSION = 1;
				DEBUG_INFORMATION_FORMAT = "dwarf-with-dsym";
				ENABLE_NS_ASSERTIONS = NO;
				ENABLE_STRICT_OBJC_MSGSEND = YES;
				GCC_C_LANGUAGE_STANDARD = gnu11;
				GCC_NO_COMMON_BLOCKS = YES;
				GCC_WARN_64_TO_32_BIT_CONVERSION = YES;
				GCC_WARN_ABOUT_RETURN_TYPE = YES_ERROR;
				GCC_WARN_UNDECLARED_SELECTOR = YES;
				GCC_WARN_UNINITIALIZED_AUTOS = YES_AGGRESSIVE;
				GCC_WARN_UNUSED_FUNCTION = YES;
				GCC_WARN_UNUSED_VARIABLE = YES;
				MACOSX_DEPLOYMENT_TARGET = 12.4;
				MTL_ENABLE_DEBUG_INFO = NO;
				MTL_FAST_MATH = YES;
				SDKROOT = macosx;
				SWIFT_COMPILATION_MODE = wholemodule;
				SWIFT_OPTIMIZATION_LEVEL = "-O";
				VERSIONING_SYSTEM = "apple-generic";
				VERSION_INFO_PREFIX = "";
			};
			name = Release;
		};
		46A1BC6E298FDD5900921DD8 /* Debug */ = {
			isa = XCBuildConfiguration;
			buildSettings = {
				CODE_SIGN_STYLE = Automatic;
				COMBINE_HIDPI_IMAGES = YES;
				CURRENT_PROJECT_VERSION = 1;
				DEFINES_MODULE = YES;
				DEVELOPMENT_TEAM = 522S3NWCM9;
				DYLIB_COMPATIBILITY_VERSION = 1;
				DYLIB_CURRENT_VERSION = 1;
				DYLIB_INSTALL_NAME_BASE = "@rpath";
				GENERATE_INFOPLIST_FILE = YES;
				INFOPLIST_KEY_NSHumanReadableCopyright = "";
				INSTALL_PATH = "$(LOCAL_LIBRARY_DIR)/Frameworks";
				LD_RUNPATH_SEARCH_PATHS = (
					"$(inherited)",
					"@executable_path/../Frameworks",
					"@loader_path/Frameworks",
				);
				MARKETING_VERSION = 1.0;
				PRODUCT_BUNDLE_IDENTIFIER = com.ed.EssentialFeed;
				PRODUCT_NAME = "$(TARGET_NAME:c99extidentifier)";
				SKIP_INSTALL = YES;
				SWIFT_EMIT_LOC_STRINGS = YES;
				SWIFT_VERSION = 5.0;
			};
			name = Debug;
		};
		46A1BC6F298FDD5900921DD8 /* Release */ = {
			isa = XCBuildConfiguration;
			buildSettings = {
				CODE_SIGN_STYLE = Automatic;
				COMBINE_HIDPI_IMAGES = YES;
				CURRENT_PROJECT_VERSION = 1;
				DEFINES_MODULE = YES;
				DEVELOPMENT_TEAM = 522S3NWCM9;
				DYLIB_COMPATIBILITY_VERSION = 1;
				DYLIB_CURRENT_VERSION = 1;
				DYLIB_INSTALL_NAME_BASE = "@rpath";
				GENERATE_INFOPLIST_FILE = YES;
				INFOPLIST_KEY_NSHumanReadableCopyright = "";
				INSTALL_PATH = "$(LOCAL_LIBRARY_DIR)/Frameworks";
				LD_RUNPATH_SEARCH_PATHS = (
					"$(inherited)",
					"@executable_path/../Frameworks",
					"@loader_path/Frameworks",
				);
				MARKETING_VERSION = 1.0;
				PRODUCT_BUNDLE_IDENTIFIER = com.ed.EssentialFeed;
				PRODUCT_NAME = "$(TARGET_NAME:c99extidentifier)";
				SKIP_INSTALL = YES;
				SWIFT_EMIT_LOC_STRINGS = YES;
				SWIFT_VERSION = 5.0;
			};
			name = Release;
		};
		46A1BC71298FDD5900921DD8 /* Debug */ = {
			isa = XCBuildConfiguration;
			buildSettings = {
				ALWAYS_EMBED_SWIFT_STANDARD_LIBRARIES = YES;
				CODE_SIGN_STYLE = Automatic;
				CURRENT_PROJECT_VERSION = 1;
				DEVELOPMENT_TEAM = 522S3NWCM9;
				GENERATE_INFOPLIST_FILE = YES;
				MARKETING_VERSION = 1.0;
				PRODUCT_BUNDLE_IDENTIFIER = com.ed.EssentialFeedTests;
				PRODUCT_NAME = "$(TARGET_NAME)";
				SWIFT_EMIT_LOC_STRINGS = NO;
				SWIFT_VERSION = 5.0;
			};
			name = Debug;
		};
		46A1BC72298FDD5900921DD8 /* Release */ = {
			isa = XCBuildConfiguration;
			buildSettings = {
				ALWAYS_EMBED_SWIFT_STANDARD_LIBRARIES = YES;
				CODE_SIGN_STYLE = Automatic;
				CURRENT_PROJECT_VERSION = 1;
				DEVELOPMENT_TEAM = 522S3NWCM9;
				GENERATE_INFOPLIST_FILE = YES;
				MARKETING_VERSION = 1.0;
				PRODUCT_BUNDLE_IDENTIFIER = com.ed.EssentialFeedTests;
				PRODUCT_NAME = "$(TARGET_NAME)";
				SWIFT_EMIT_LOC_STRINGS = NO;
				SWIFT_VERSION = 5.0;
			};
			name = Release;
		};
		46FE693B29A906F0009A8E3D /* Debug */ = {
			isa = XCBuildConfiguration;
			buildSettings = {
				CODE_SIGN_STYLE = Automatic;
				CURRENT_PROJECT_VERSION = 1;
				DEVELOPMENT_TEAM = 522S3NWCM9;
				GENERATE_INFOPLIST_FILE = YES;
				MARKETING_VERSION = 1.0;
				PRODUCT_BUNDLE_IDENTIFIER = com.ed.EssentialFeedAPIEndToEndTests;
				PRODUCT_NAME = "$(TARGET_NAME)";
				SWIFT_EMIT_LOC_STRINGS = NO;
				SWIFT_VERSION = 5.0;
			};
			name = Debug;
		};
		46FE693C29A906F0009A8E3D /* Release */ = {
			isa = XCBuildConfiguration;
			buildSettings = {
				CODE_SIGN_STYLE = Automatic;
				CURRENT_PROJECT_VERSION = 1;
				DEVELOPMENT_TEAM = 522S3NWCM9;
				GENERATE_INFOPLIST_FILE = YES;
				MARKETING_VERSION = 1.0;
				PRODUCT_BUNDLE_IDENTIFIER = com.ed.EssentialFeedAPIEndToEndTests;
				PRODUCT_NAME = "$(TARGET_NAME)";
				SWIFT_EMIT_LOC_STRINGS = NO;
				SWIFT_VERSION = 5.0;
			};
			name = Release;
		};
/* End XCBuildConfiguration section */

/* Begin XCConfigurationList section */
		46A1BC53298FDD5900921DD8 /* Build configuration list for PBXProject "EssentialFeed" */ = {
			isa = XCConfigurationList;
			buildConfigurations = (
				46A1BC6B298FDD5900921DD8 /* Debug */,
				46A1BC6C298FDD5900921DD8 /* Release */,
			);
			defaultConfigurationIsVisible = 0;
			defaultConfigurationName = Release;
		};
		46A1BC6D298FDD5900921DD8 /* Build configuration list for PBXNativeTarget "EssentialFeed" */ = {
			isa = XCConfigurationList;
			buildConfigurations = (
				46A1BC6E298FDD5900921DD8 /* Debug */,
				46A1BC6F298FDD5900921DD8 /* Release */,
			);
			defaultConfigurationIsVisible = 0;
			defaultConfigurationName = Release;
		};
		46A1BC70298FDD5900921DD8 /* Build configuration list for PBXNativeTarget "EssentialFeedTests" */ = {
			isa = XCConfigurationList;
			buildConfigurations = (
				46A1BC71298FDD5900921DD8 /* Debug */,
				46A1BC72298FDD5900921DD8 /* Release */,
			);
			defaultConfigurationIsVisible = 0;
			defaultConfigurationName = Release;
		};
		46FE693D29A906F0009A8E3D /* Build configuration list for PBXNativeTarget "EssentialFeedAPIEndToEndTests" */ = {
			isa = XCConfigurationList;
			buildConfigurations = (
				46FE693B29A906F0009A8E3D /* Debug */,
				46FE693C29A906F0009A8E3D /* Release */,
			);
			defaultConfigurationIsVisible = 0;
			defaultConfigurationName = Release;
		};
/* End XCConfigurationList section */
	};
	rootObject = 46A1BC50298FDD5900921DD8 /* Project object */;
}
