// !$*UTF8*$!
{
	archiveVersion = 1;
	classes = {
	};
	objectVersion = 56;
	objects = {

/* Begin PBXBuildFile section */
		460B59862AB85A7A0074E763 /* CodableFeedStoreTests.swift in Sources */ = {isa = PBXBuildFile; fileRef = 460B59852AB85A7A0074E763 /* CodableFeedStoreTests.swift */; };
		460B59882AB8AABB0074E763 /* CodableFeedStore.swift in Sources */ = {isa = PBXBuildFile; fileRef = 460B59872AB8AABB0074E763 /* CodableFeedStore.swift */; };
		460B598C2AB9AD1D0074E763 /* FeedStoreSpecs.swift in Sources */ = {isa = PBXBuildFile; fileRef = 460B598B2AB9AD1D0074E763 /* FeedStoreSpecs.swift */; };
		460B598E2AB9AE0C0074E763 /* XCTestCase+FeedStoreSpecs.swift in Sources */ = {isa = PBXBuildFile; fileRef = 460B598D2AB9AE0C0074E763 /* XCTestCase+FeedStoreSpecs.swift */; };
		460B59902AB9B3430074E763 /* XCTestCase+FailableRetrieveFeedStoreSpecs.swift in Sources */ = {isa = PBXBuildFile; fileRef = 460B598F2AB9B3430074E763 /* XCTestCase+FailableRetrieveFeedStoreSpecs.swift */; };
		460B59922AB9B4250074E763 /* XCTestCase+FailableInsertFeedStoreSpecs.swift in Sources */ = {isa = PBXBuildFile; fileRef = 460B59912AB9B4250074E763 /* XCTestCase+FailableInsertFeedStoreSpecs.swift */; };
		460B59942AB9B4810074E763 /* XCTestCase+FailableDeleteFeedStoreSpecs.swift in Sources */ = {isa = PBXBuildFile; fileRef = 460B59932AB9B4800074E763 /* XCTestCase+FailableDeleteFeedStoreSpecs.swift */; };
		460D953329D6DECF004DBBBD /* CacheFeedUseCaseTests.swift in Sources */ = {isa = PBXBuildFile; fileRef = 460D953229D6DECF004DBBBD /* CacheFeedUseCaseTests.swift */; };
		460D953729D6DFE9004DBBBD /* LocalFeedLoader.swift in Sources */ = {isa = PBXBuildFile; fileRef = 460D953629D6DFE9004DBBBD /* LocalFeedLoader.swift */; };
		460F2FE02B234A3500AEBEC2 /* EssentialFeed.framework in Frameworks */ = {isa = PBXBuildFile; fileRef = 46A1BC59298FDD5900921DD8 /* EssentialFeed.framework */; platformFilter = ios; };
		460F2FE12B234A3500AEBEC2 /* EssentialFeed.framework in Embed Frameworks */ = {isa = PBXBuildFile; fileRef = 46A1BC59298FDD5900921DD8 /* EssentialFeed.framework */; platformFilter = ios; settings = {ATTRIBUTES = (CodeSignOnCopy, RemoveHeadersOnCopy, ); }; };
		460F2FE52B234B7900AEBEC2 /* XCTestCase+MemoryLeakTrackingHelper.swift in Sources */ = {isa = PBXBuildFile; fileRef = 46E856F2299939D0001F0EFC /* XCTestCase+MemoryLeakTrackingHelper.swift */; };
		460F2FE72B23684300AEBEC2 /* FeedViewController.swift in Sources */ = {isa = PBXBuildFile; fileRef = 460F2FE62B23684300AEBEC2 /* FeedViewController.swift */; };
		460F2FE92B2379EC00AEBEC2 /* FeedImageCell.swift in Sources */ = {isa = PBXBuildFile; fileRef = 460F2FE82B2379EC00AEBEC2 /* FeedImageCell.swift */; };
		460F2FEB2B238BA900AEBEC2 /* UIView+Shimmering.swift in Sources */ = {isa = PBXBuildFile; fileRef = 460F2FEA2B238BA900AEBEC2 /* UIView+Shimmering.swift */; };
		4619C7C02B481013006E43F3 /* CoreDataFeedStore+FeedImageDataLoader.swift in Sources */ = {isa = PBXBuildFile; fileRef = 4619C7BF2B481013006E43F3 /* CoreDataFeedStore+FeedImageDataLoader.swift */; };
		4619C7C22B48127E006E43F3 /* CoreDataFeedStore+FeedStore.swift in Sources */ = {isa = PBXBuildFile; fileRef = 4619C7C12B48127E006E43F3 /* CoreDataFeedStore+FeedStore.swift */; };
		461ABFAD2B5173650050C62A /* FeedSnapshotTests.swift in Sources */ = {isa = PBXBuildFile; fileRef = 461ABFAC2B5173650050C62A /* FeedSnapshotTests.swift */; };
		461ABFB02B5176CC0050C62A /* UIImage+TestHelpers.swift in Sources */ = {isa = PBXBuildFile; fileRef = 461ABFAF2B5176CC0050C62A /* UIImage+TestHelpers.swift */; };
		461ABFB22B51785E0050C62A /* UITableView+HeaderSizing.swift in Sources */ = {isa = PBXBuildFile; fileRef = 461ABFB12B51785E0050C62A /* UITableView+HeaderSizing.swift */; };
		461ABFB42B517DD90050C62A /* UIViewController+Snapshot.swift in Sources */ = {isa = PBXBuildFile; fileRef = 461ABFB32B517DD90050C62A /* UIViewController+Snapshot.swift */; };
		461ABFB62B517E1B0050C62A /* XCTestCase+Snapshot.swift in Sources */ = {isa = PBXBuildFile; fileRef = 461ABFB52B517E1B0050C62A /* XCTestCase+Snapshot.swift */; };
		462E4A6D29FBDDD4004DB74E /* RemoteFeedItem.swift in Sources */ = {isa = PBXBuildFile; fileRef = 462E4A6C29FBDDD4004DB74E /* RemoteFeedItem.swift */; };
		462E4A6F29FBDE18004DB74E /* LocalFeedImage.swift in Sources */ = {isa = PBXBuildFile; fileRef = 462E4A6E29FBDE18004DB74E /* LocalFeedImage.swift */; };
		464C37BF2B25C7B90067A12C /* LegacyFeedRefreshViewController.swift in Sources */ = {isa = PBXBuildFile; fileRef = 464C37BE2B25C7B90067A12C /* LegacyFeedRefreshViewController.swift */; };
		464C37D72B25D0B10067A12C /* FeedImageCellController.swift in Sources */ = {isa = PBXBuildFile; fileRef = 464C37D62B25D0B10067A12C /* FeedImageCellController.swift */; };
		4651256B2B401D1A001F8829 /* ErrorView.swift in Sources */ = {isa = PBXBuildFile; fileRef = 4651256A2B401D1A001F8829 /* ErrorView.swift */; };
		4651256D2B401D4A001F8829 /* UIRefreshControl+Helpers.swift in Sources */ = {isa = PBXBuildFile; fileRef = 4651256C2B401D4A001F8829 /* UIRefreshControl+Helpers.swift */; };
		465125702B40216E001F8829 /* FeedPresenterTests.swift in Sources */ = {isa = PBXBuildFile; fileRef = 4651256F2B40216E001F8829 /* FeedPresenterTests.swift */; };
		465125752B402D4E001F8829 /* FeedPresenter.swift in Sources */ = {isa = PBXBuildFile; fileRef = 465125742B402D4E001F8829 /* FeedPresenter.swift */; };
		465125762B402E17001F8829 /* Feed.xcstrings in Resources */ = {isa = PBXBuildFile; fileRef = 465125712B402BB2001F8829 /* Feed.xcstrings */; };
		465125782B402E64001F8829 /* FeedViewModel.swift in Sources */ = {isa = PBXBuildFile; fileRef = 465125772B402E64001F8829 /* FeedViewModel.swift */; };
		4651257A2B402E92001F8829 /* FeedLoadingViewModel.swift in Sources */ = {isa = PBXBuildFile; fileRef = 465125792B402E92001F8829 /* FeedLoadingViewModel.swift */; };
		4651257C2B402EB4001F8829 /* FeedErrorViewModel.swift in Sources */ = {isa = PBXBuildFile; fileRef = 4651257B2B402EB4001F8829 /* FeedErrorViewModel.swift */; };
		4651257D2B403034001F8829 /* FeedLocalizationTests.swift in Sources */ = {isa = PBXBuildFile; fileRef = 469F56292B3DA5C30006D050 /* FeedLocalizationTests.swift */; };
		4651257F2B4030CC001F8829 /* FeedImagePresenterTests.swift in Sources */ = {isa = PBXBuildFile; fileRef = 4651257E2B4030CC001F8829 /* FeedImagePresenterTests.swift */; };
		465125812B403327001F8829 /* FeedImagePresenter.swift in Sources */ = {isa = PBXBuildFile; fileRef = 465125802B403327001F8829 /* FeedImagePresenter.swift */; };
		465125832B403397001F8829 /* FeedImageViewModel.swift in Sources */ = {isa = PBXBuildFile; fileRef = 465125822B403397001F8829 /* FeedImageViewModel.swift */; };
		4653F57A29979F8800A1BD9A /* HTTPClient.swift in Sources */ = {isa = PBXBuildFile; fileRef = 4653F57929979F8800A1BD9A /* HTTPClient.swift */; };
		4653F57C2997A00200A1BD9A /* FeedItemMapper.swift in Sources */ = {isa = PBXBuildFile; fileRef = 4653F57B2997A00200A1BD9A /* FeedItemMapper.swift */; };
		4654872A2B2C634400360D3A /* LegacyFeedViewModel.swift in Sources */ = {isa = PBXBuildFile; fileRef = 465487292B2C634400360D3A /* LegacyFeedViewModel.swift */; };
		4654872C2B2C6FAD00360D3A /* LegacyFeedImageViewModel.swift in Sources */ = {isa = PBXBuildFile; fileRef = 4654872B2B2C6FAD00360D3A /* LegacyFeedImageViewModel.swift */; };
		468CFA702B40403700114942 /* FeedImageDataLoader.swift in Sources */ = {isa = PBXBuildFile; fileRef = 464C37BC2B25C1DC0067A12C /* FeedImageDataLoader.swift */; };
		468CFA722B4040BA00114942 /* LoadFeedImageDataFromRemoteUseCaseTests.swift in Sources */ = {isa = PBXBuildFile; fileRef = 468CFA712B4040BA00114942 /* LoadFeedImageDataFromRemoteUseCaseTests.swift */; };
		468CFA752B4047A600114942 /* HTTPClientSpy.swift in Sources */ = {isa = PBXBuildFile; fileRef = 468CFA742B4047A600114942 /* HTTPClientSpy.swift */; };
		468CFA772B40481A00114942 /* RemoteFeedImageDataLoader.swift in Sources */ = {isa = PBXBuildFile; fileRef = 468CFA762B40481A00114942 /* RemoteFeedImageDataLoader.swift */; };
		468CFA7A2B404AB400114942 /* HTTPURLResponse.swift in Sources */ = {isa = PBXBuildFile; fileRef = 468CFA792B404AB400114942 /* HTTPURLResponse.swift */; };
		468CFA7D2B404C2B00114942 /* URLProtocolStub.swift in Sources */ = {isa = PBXBuildFile; fileRef = 468CFA7B2B404AF600114942 /* URLProtocolStub.swift */; };
		468CFA7F2B404E6E00114942 /* LoadFeedImageDataFromCacheUseCaseTests.swift in Sources */ = {isa = PBXBuildFile; fileRef = 468CFA7E2B404E6E00114942 /* LoadFeedImageDataFromCacheUseCaseTests.swift */; };
		468CFA812B4051DC00114942 /* FeedImageDataStore.swift in Sources */ = {isa = PBXBuildFile; fileRef = 468CFA802B4051DC00114942 /* FeedImageDataStore.swift */; };
		468CFA832B4051F300114942 /* LocalFeedImageDataLoader.swift in Sources */ = {isa = PBXBuildFile; fileRef = 468CFA822B4051F300114942 /* LocalFeedImageDataLoader.swift */; };
		468CFA852B40541700114942 /* FeedImageDataStoreSpy.swift in Sources */ = {isa = PBXBuildFile; fileRef = 468CFA842B40541700114942 /* FeedImageDataStoreSpy.swift */; };
		468CFA872B40547D00114942 /* CacheFeedImageDataUseCaseTests.swift in Sources */ = {isa = PBXBuildFile; fileRef = 468CFA862B40547D00114942 /* CacheFeedImageDataUseCaseTests.swift */; };
		468CFA892B40566B00114942 /* CoreDataFeedImageDataStoreTests.swift in Sources */ = {isa = PBXBuildFile; fileRef = 468CFA882B40566B00114942 /* CoreDataFeedImageDataStoreTests.swift */; };
		468ECE492993E8800049AFF5 /* LoadFeedFromRemoteUseCaseTests.swift in Sources */ = {isa = PBXBuildFile; fileRef = 468ECE482993E8800049AFF5 /* LoadFeedFromRemoteUseCaseTests.swift */; };
		468ECE4C2993F9040049AFF5 /* RemoteFeedLoader.swift in Sources */ = {isa = PBXBuildFile; fileRef = 468ECE4B2993F9040049AFF5 /* RemoteFeedLoader.swift */; };
		469F56182B3D7D980006D050 /* Feed.storyboard in Resources */ = {isa = PBXBuildFile; fileRef = 469F56172B3D7D980006D050 /* Feed.storyboard */; };
		469F561A2B3D7E190006D050 /* Feed.xcassets in Resources */ = {isa = PBXBuildFile; fileRef = 469F56192B3D7E190006D050 /* Feed.xcassets */; };
		469F561D2B3D8D170006D050 /* UITableView+Dequeueing.swift in Sources */ = {isa = PBXBuildFile; fileRef = 469F561C2B3D8D170006D050 /* UITableView+Dequeueing.swift */; };
		469F56202B3D8E910006D050 /* UIImageView+Animations.swift in Sources */ = {isa = PBXBuildFile; fileRef = 469F561F2B3D8E910006D050 /* UIImageView+Animations.swift */; };
		46A1BC5E298FDD5900921DD8 /* EssentialFeed.docc in Sources */ = {isa = PBXBuildFile; fileRef = 46A1BC5D298FDD5900921DD8 /* EssentialFeed.docc */; };
		46A1BC64298FDD5900921DD8 /* EssentialFeed.framework in Frameworks */ = {isa = PBXBuildFile; fileRef = 46A1BC59298FDD5900921DD8 /* EssentialFeed.framework */; };
		46A1BC69298FDD5900921DD8 /* EssentialFeedTests.swift in Sources */ = {isa = PBXBuildFile; fileRef = 46A1BC68298FDD5900921DD8 /* EssentialFeedTests.swift */; };
		46A1BC6A298FDD5900921DD8 /* EssentialFeed.h in Headers */ = {isa = PBXBuildFile; fileRef = 46A1BC5C298FDD5900921DD8 /* EssentialFeed.h */; settings = {ATTRIBUTES = (Public, ); }; };
		46A1BC74298FDD6E00921DD8 /* FeedItem.swift in Sources */ = {isa = PBXBuildFile; fileRef = 46A1BC73298FDD6E00921DD8 /* FeedItem.swift */; };
		46A1BC76298FDEEB00921DD8 /* FeedLoader.swift in Sources */ = {isa = PBXBuildFile; fileRef = 46A1BC75298FDEEB00921DD8 /* FeedLoader.swift */; };
		46A8A0962A20A0F700563494 /* README.md in Resources */ = {isa = PBXBuildFile; fileRef = 46A8A0952A20A0F700563494 /* README.md */; };
		46A8A0982A20A19E00563494 /* ValidateFeedCacheUseCaseTests.swift in Sources */ = {isa = PBXBuildFile; fileRef = 46A8A0972A20A19E00563494 /* ValidateFeedCacheUseCaseTests.swift */; };
		46A8A09A2A20A6F200563494 /* FeedCacheTestHelpers.swift in Sources */ = {isa = PBXBuildFile; fileRef = 46A8A0992A20A6F200563494 /* FeedCacheTestHelpers.swift */; };
		46A8A09C2A20AC4700563494 /* SharedTestHelpers.swift in Sources */ = {isa = PBXBuildFile; fileRef = 46A8A09B2A20AC4700563494 /* SharedTestHelpers.swift */; };
		46A8A09E2A20C58300563494 /* FeedCachePolicy.swift in Sources */ = {isa = PBXBuildFile; fileRef = 46A8A09D2A20C58300563494 /* FeedCachePolicy.swift */; };
		46ACA7B029FFAE2B00AB82E6 /* LoadFeedFromCacheUseCaseTests.swift in Sources */ = {isa = PBXBuildFile; fileRef = 46ACA7AF29FFAE2B00AB82E6 /* LoadFeedFromCacheUseCaseTests.swift */; };
		46ACA7B329FFAF9A00AB82E6 /* FeedStoreSpy.swift in Sources */ = {isa = PBXBuildFile; fileRef = 46ACA7B229FFAF9A00AB82E6 /* FeedStoreSpy.swift */; };
		46BBB43E2B4C122F00335765 /* FeedCache.swift in Sources */ = {isa = PBXBuildFile; fileRef = 46BBB43D2B4C122F00335765 /* FeedCache.swift */; };
		46BBB4482B4C183D00335765 /* FeedImageDataCache.swift in Sources */ = {isa = PBXBuildFile; fileRef = 46BBB4472B4C183D00335765 /* FeedImageDataCache.swift */; };
		46BD20C729EBF63F00B2C779 /* FeedStore.swift in Sources */ = {isa = PBXBuildFile; fileRef = 46BD20C629EBF63F00B2C779 /* FeedStore.swift */; };
		46C20E2A2B1A3D880020C943 /* EssentialFeediOS.framework in Frameworks */ = {isa = PBXBuildFile; fileRef = 46C20E222B1A3D880020C943 /* EssentialFeediOS.framework */; };
		46C9561D2AB9EFF600B6B70A /* CoreDataFeedStoreTests.swift in Sources */ = {isa = PBXBuildFile; fileRef = 46C9561C2AB9EFF600B6B70A /* CoreDataFeedStoreTests.swift */; };
		46C9561F2AB9F06000B6B70A /* CoreDataFeedStore.swift in Sources */ = {isa = PBXBuildFile; fileRef = 46C9561E2AB9F06000B6B70A /* CoreDataFeedStore.swift */; };
		46C956222AB9F27000B6B70A /* FeedStore.xcdatamodeld in Sources */ = {isa = PBXBuildFile; fileRef = 46C956202AB9F27000B6B70A /* FeedStore.xcdatamodeld */; };
		46C9562D2ABC3C7500B6B70A /* CoreDataHelpers.swift in Sources */ = {isa = PBXBuildFile; fileRef = 46C9562C2ABC3C7500B6B70A /* CoreDataHelpers.swift */; };
		46C956302ABC3D3E00B6B70A /* ManagedCache.swift in Sources */ = {isa = PBXBuildFile; fileRef = 46C9562F2ABC3D3E00B6B70A /* ManagedCache.swift */; };
		46C956322ABC3D5400B6B70A /* ManagedFeedImage.swift in Sources */ = {isa = PBXBuildFile; fileRef = 46C956312ABC3D5400B6B70A /* ManagedFeedImage.swift */; };
		46C9563A2ABC470D00B6B70A /* EssentialFeedCacheIntegrationTests.swift in Sources */ = {isa = PBXBuildFile; fileRef = 46C956392ABC470D00B6B70A /* EssentialFeedCacheIntegrationTests.swift */; };
		46C9563B2ABC470D00B6B70A /* EssentialFeed.framework in Frameworks */ = {isa = PBXBuildFile; fileRef = 46A1BC59298FDD5900921DD8 /* EssentialFeed.framework */; };
		46C956412ABC48E600B6B70A /* XCTestCase+MemoryLeakTrackingHelper.swift in Sources */ = {isa = PBXBuildFile; fileRef = 46E856F2299939D0001F0EFC /* XCTestCase+MemoryLeakTrackingHelper.swift */; };
		46C956422ABC4B4800B6B70A /* FeedCacheTestHelpers.swift in Sources */ = {isa = PBXBuildFile; fileRef = 46A8A0992A20A6F200563494 /* FeedCacheTestHelpers.swift */; };
		46C956432ABC4B5900B6B70A /* SharedTestHelpers.swift in Sources */ = {isa = PBXBuildFile; fileRef = 46A8A09B2A20AC4700563494 /* SharedTestHelpers.swift */; };
		46E856EE2997C340001F0EFC /* URLSessionHTTPClient.swift in Sources */ = {isa = PBXBuildFile; fileRef = 46E856ED2997C340001F0EFC /* URLSessionHTTPClient.swift */; };
		46E856F02997C4F5001F0EFC /* URLSessionHTTPClientTests.swift in Sources */ = {isa = PBXBuildFile; fileRef = 46E856EF2997C4F5001F0EFC /* URLSessionHTTPClientTests.swift */; };
		46E856F3299939D0001F0EFC /* XCTestCase+MemoryLeakTrackingHelper.swift in Sources */ = {isa = PBXBuildFile; fileRef = 46E856F2299939D0001F0EFC /* XCTestCase+MemoryLeakTrackingHelper.swift */; };
		46F7C1FD2B5A83D1009FC0A5 /* ImageCommentsMapper.swift in Sources */ = {isa = PBXBuildFile; fileRef = 46F7C1FC2B5A83D1009FC0A5 /* ImageCommentsMapper.swift */; };
		46F7C1FF2B5A83EC009FC0A5 /* RemoteImageCommentsLoader.swift in Sources */ = {isa = PBXBuildFile; fileRef = 46F7C1FE2B5A83EC009FC0A5 /* RemoteImageCommentsLoader.swift */; };
		46F7C2012B5A8416009FC0A5 /* LoadImageCommentsFromRemoteUseCaseTests.swift in Sources */ = {isa = PBXBuildFile; fileRef = 46F7C2002B5A8416009FC0A5 /* LoadImageCommentsFromRemoteUseCaseTests.swift */; };
		46F7C2042B5A8CD2009FC0A5 /* ImageComment.swift in Sources */ = {isa = PBXBuildFile; fileRef = 46F7C2032B5A8CD2009FC0A5 /* ImageComment.swift */; };
		46FE693729A906F0009A8E3D /* EssentialFeedAPIEndToEndTests.swift in Sources */ = {isa = PBXBuildFile; fileRef = 46FE693629A906F0009A8E3D /* EssentialFeedAPIEndToEndTests.swift */; };
		46FE693829A906F0009A8E3D /* EssentialFeed.framework in Frameworks */ = {isa = PBXBuildFile; fileRef = 46A1BC59298FDD5900921DD8 /* EssentialFeed.framework */; };
		46FE693E29A9141E009A8E3D /* XCTestCase+MemoryLeakTrackingHelper.swift in Sources */ = {isa = PBXBuildFile; fileRef = 46E856F2299939D0001F0EFC /* XCTestCase+MemoryLeakTrackingHelper.swift */; };
/* End PBXBuildFile section */

/* Begin PBXContainerItemProxy section */
		460F2FE22B234A3500AEBEC2 /* PBXContainerItemProxy */ = {
			isa = PBXContainerItemProxy;
			containerPortal = 46A1BC50298FDD5900921DD8 /* Project object */;
			proxyType = 1;
			remoteGlobalIDString = 46A1BC58298FDD5900921DD8;
			remoteInfo = EssentialFeed;
		};
		46A1BC65298FDD5900921DD8 /* PBXContainerItemProxy */ = {
			isa = PBXContainerItemProxy;
			containerPortal = 46A1BC50298FDD5900921DD8 /* Project object */;
			proxyType = 1;
			remoteGlobalIDString = 46A1BC58298FDD5900921DD8;
			remoteInfo = EssentialFeed;
		};
		46C20E2B2B1A3D880020C943 /* PBXContainerItemProxy */ = {
			isa = PBXContainerItemProxy;
			containerPortal = 46A1BC50298FDD5900921DD8 /* Project object */;
			proxyType = 1;
			remoteGlobalIDString = 46C20E212B1A3D880020C943;
			remoteInfo = EssentialFeediOS;
		};
		46C9563C2ABC470D00B6B70A /* PBXContainerItemProxy */ = {
			isa = PBXContainerItemProxy;
			containerPortal = 46A1BC50298FDD5900921DD8 /* Project object */;
			proxyType = 1;
			remoteGlobalIDString = 46A1BC58298FDD5900921DD8;
			remoteInfo = EssentialFeed;
		};
		46FE693929A906F0009A8E3D /* PBXContainerItemProxy */ = {
			isa = PBXContainerItemProxy;
			containerPortal = 46A1BC50298FDD5900921DD8 /* Project object */;
			proxyType = 1;
			remoteGlobalIDString = 46A1BC58298FDD5900921DD8;
			remoteInfo = EssentialFeed;
		};
/* End PBXContainerItemProxy section */

/* Begin PBXCopyFilesBuildPhase section */
		460F2FE42B234A3500AEBEC2 /* Embed Frameworks */ = {
			isa = PBXCopyFilesBuildPhase;
			buildActionMask = 2147483647;
			dstPath = "";
			dstSubfolderSpec = 10;
			files = (
				460F2FE12B234A3500AEBEC2 /* EssentialFeed.framework in Embed Frameworks */,
			);
			name = "Embed Frameworks";
			runOnlyForDeploymentPostprocessing = 0;
		};
/* End PBXCopyFilesBuildPhase section */

/* Begin PBXFileReference section */
		460B59852AB85A7A0074E763 /* CodableFeedStoreTests.swift */ = {isa = PBXFileReference; lastKnownFileType = sourcecode.swift; path = CodableFeedStoreTests.swift; sourceTree = "<group>"; };
		460B59872AB8AABB0074E763 /* CodableFeedStore.swift */ = {isa = PBXFileReference; lastKnownFileType = sourcecode.swift; path = CodableFeedStore.swift; sourceTree = "<group>"; };
		460B598B2AB9AD1D0074E763 /* FeedStoreSpecs.swift */ = {isa = PBXFileReference; lastKnownFileType = sourcecode.swift; path = FeedStoreSpecs.swift; sourceTree = "<group>"; };
		460B598D2AB9AE0C0074E763 /* XCTestCase+FeedStoreSpecs.swift */ = {isa = PBXFileReference; lastKnownFileType = sourcecode.swift; path = "XCTestCase+FeedStoreSpecs.swift"; sourceTree = "<group>"; };
		460B598F2AB9B3430074E763 /* XCTestCase+FailableRetrieveFeedStoreSpecs.swift */ = {isa = PBXFileReference; lastKnownFileType = sourcecode.swift; path = "XCTestCase+FailableRetrieveFeedStoreSpecs.swift"; sourceTree = "<group>"; };
		460B59912AB9B4250074E763 /* XCTestCase+FailableInsertFeedStoreSpecs.swift */ = {isa = PBXFileReference; lastKnownFileType = sourcecode.swift; path = "XCTestCase+FailableInsertFeedStoreSpecs.swift"; sourceTree = "<group>"; };
		460B59932AB9B4800074E763 /* XCTestCase+FailableDeleteFeedStoreSpecs.swift */ = {isa = PBXFileReference; lastKnownFileType = sourcecode.swift; path = "XCTestCase+FailableDeleteFeedStoreSpecs.swift"; sourceTree = "<group>"; };
		460D953229D6DECF004DBBBD /* CacheFeedUseCaseTests.swift */ = {isa = PBXFileReference; lastKnownFileType = sourcecode.swift; path = CacheFeedUseCaseTests.swift; sourceTree = "<group>"; };
		460D953629D6DFE9004DBBBD /* LocalFeedLoader.swift */ = {isa = PBXFileReference; lastKnownFileType = sourcecode.swift; path = LocalFeedLoader.swift; sourceTree = "<group>"; };
		460F2FE62B23684300AEBEC2 /* FeedViewController.swift */ = {isa = PBXFileReference; lastKnownFileType = sourcecode.swift; path = FeedViewController.swift; sourceTree = "<group>"; };
		460F2FE82B2379EC00AEBEC2 /* FeedImageCell.swift */ = {isa = PBXFileReference; lastKnownFileType = sourcecode.swift; path = FeedImageCell.swift; sourceTree = "<group>"; };
		460F2FEA2B238BA900AEBEC2 /* UIView+Shimmering.swift */ = {isa = PBXFileReference; lastKnownFileType = sourcecode.swift; path = "UIView+Shimmering.swift"; sourceTree = "<group>"; };
		4619C7BE2B480E77006E43F3 /* FeedStore2.xcdatamodel */ = {isa = PBXFileReference; lastKnownFileType = wrapper.xcdatamodel; path = FeedStore2.xcdatamodel; sourceTree = "<group>"; };
		4619C7BF2B481013006E43F3 /* CoreDataFeedStore+FeedImageDataLoader.swift */ = {isa = PBXFileReference; lastKnownFileType = sourcecode.swift; path = "CoreDataFeedStore+FeedImageDataLoader.swift"; sourceTree = "<group>"; };
		4619C7C12B48127E006E43F3 /* CoreDataFeedStore+FeedStore.swift */ = {isa = PBXFileReference; lastKnownFileType = sourcecode.swift; path = "CoreDataFeedStore+FeedStore.swift"; sourceTree = "<group>"; };
		461ABFAC2B5173650050C62A /* FeedSnapshotTests.swift */ = {isa = PBXFileReference; lastKnownFileType = sourcecode.swift; path = FeedSnapshotTests.swift; sourceTree = "<group>"; };
		461ABFAF2B5176CC0050C62A /* UIImage+TestHelpers.swift */ = {isa = PBXFileReference; lastKnownFileType = sourcecode.swift; path = "UIImage+TestHelpers.swift"; sourceTree = "<group>"; };
		461ABFB12B51785E0050C62A /* UITableView+HeaderSizing.swift */ = {isa = PBXFileReference; lastKnownFileType = sourcecode.swift; path = "UITableView+HeaderSizing.swift"; sourceTree = "<group>"; };
		461ABFB32B517DD90050C62A /* UIViewController+Snapshot.swift */ = {isa = PBXFileReference; lastKnownFileType = sourcecode.swift; path = "UIViewController+Snapshot.swift"; sourceTree = "<group>"; };
		461ABFB52B517E1B0050C62A /* XCTestCase+Snapshot.swift */ = {isa = PBXFileReference; lastKnownFileType = sourcecode.swift; path = "XCTestCase+Snapshot.swift"; sourceTree = "<group>"; };
		462E4A6C29FBDDD4004DB74E /* RemoteFeedItem.swift */ = {isa = PBXFileReference; lastKnownFileType = sourcecode.swift; path = RemoteFeedItem.swift; sourceTree = "<group>"; };
		462E4A6E29FBDE18004DB74E /* LocalFeedImage.swift */ = {isa = PBXFileReference; lastKnownFileType = sourcecode.swift; path = LocalFeedImage.swift; sourceTree = "<group>"; };
		464C37BC2B25C1DC0067A12C /* FeedImageDataLoader.swift */ = {isa = PBXFileReference; lastKnownFileType = sourcecode.swift; path = FeedImageDataLoader.swift; sourceTree = "<group>"; };
		464C37BE2B25C7B90067A12C /* LegacyFeedRefreshViewController.swift */ = {isa = PBXFileReference; lastKnownFileType = sourcecode.swift; path = LegacyFeedRefreshViewController.swift; sourceTree = "<group>"; };
		464C37D62B25D0B10067A12C /* FeedImageCellController.swift */ = {isa = PBXFileReference; lastKnownFileType = sourcecode.swift; path = FeedImageCellController.swift; sourceTree = "<group>"; };
		4651256A2B401D1A001F8829 /* ErrorView.swift */ = {isa = PBXFileReference; lastKnownFileType = sourcecode.swift; path = ErrorView.swift; sourceTree = "<group>"; };
		4651256C2B401D4A001F8829 /* UIRefreshControl+Helpers.swift */ = {isa = PBXFileReference; lastKnownFileType = sourcecode.swift; path = "UIRefreshControl+Helpers.swift"; sourceTree = "<group>"; };
		4651256F2B40216E001F8829 /* FeedPresenterTests.swift */ = {isa = PBXFileReference; lastKnownFileType = sourcecode.swift; path = FeedPresenterTests.swift; sourceTree = "<group>"; };
		465125712B402BB2001F8829 /* Feed.xcstrings */ = {isa = PBXFileReference; lastKnownFileType = text.json.xcstrings; path = Feed.xcstrings; sourceTree = "<group>"; };
		465125742B402D4E001F8829 /* FeedPresenter.swift */ = {isa = PBXFileReference; lastKnownFileType = sourcecode.swift; path = FeedPresenter.swift; sourceTree = "<group>"; };
		465125772B402E64001F8829 /* FeedViewModel.swift */ = {isa = PBXFileReference; lastKnownFileType = sourcecode.swift; path = FeedViewModel.swift; sourceTree = "<group>"; };
		465125792B402E92001F8829 /* FeedLoadingViewModel.swift */ = {isa = PBXFileReference; lastKnownFileType = sourcecode.swift; path = FeedLoadingViewModel.swift; sourceTree = "<group>"; };
		4651257B2B402EB4001F8829 /* FeedErrorViewModel.swift */ = {isa = PBXFileReference; lastKnownFileType = sourcecode.swift; path = FeedErrorViewModel.swift; sourceTree = "<group>"; };
		4651257E2B4030CC001F8829 /* FeedImagePresenterTests.swift */ = {isa = PBXFileReference; lastKnownFileType = sourcecode.swift; path = FeedImagePresenterTests.swift; sourceTree = "<group>"; };
		465125802B403327001F8829 /* FeedImagePresenter.swift */ = {isa = PBXFileReference; lastKnownFileType = sourcecode.swift; path = FeedImagePresenter.swift; sourceTree = "<group>"; };
		465125822B403397001F8829 /* FeedImageViewModel.swift */ = {isa = PBXFileReference; lastKnownFileType = sourcecode.swift; path = FeedImageViewModel.swift; sourceTree = "<group>"; };
		4653F57929979F8800A1BD9A /* HTTPClient.swift */ = {isa = PBXFileReference; lastKnownFileType = sourcecode.swift; path = HTTPClient.swift; sourceTree = "<group>"; };
		4653F57B2997A00200A1BD9A /* FeedItemMapper.swift */ = {isa = PBXFileReference; lastKnownFileType = sourcecode.swift; path = FeedItemMapper.swift; sourceTree = "<group>"; };
		465487292B2C634400360D3A /* LegacyFeedViewModel.swift */ = {isa = PBXFileReference; lastKnownFileType = sourcecode.swift; path = LegacyFeedViewModel.swift; sourceTree = "<group>"; };
		4654872B2B2C6FAD00360D3A /* LegacyFeedImageViewModel.swift */ = {isa = PBXFileReference; lastKnownFileType = sourcecode.swift; path = LegacyFeedImageViewModel.swift; sourceTree = "<group>"; };
		468CFA712B4040BA00114942 /* LoadFeedImageDataFromRemoteUseCaseTests.swift */ = {isa = PBXFileReference; lastKnownFileType = sourcecode.swift; path = LoadFeedImageDataFromRemoteUseCaseTests.swift; sourceTree = "<group>"; };
		468CFA742B4047A600114942 /* HTTPClientSpy.swift */ = {isa = PBXFileReference; lastKnownFileType = sourcecode.swift; path = HTTPClientSpy.swift; sourceTree = "<group>"; };
		468CFA762B40481A00114942 /* RemoteFeedImageDataLoader.swift */ = {isa = PBXFileReference; lastKnownFileType = sourcecode.swift; path = RemoteFeedImageDataLoader.swift; sourceTree = "<group>"; };
		468CFA792B404AB400114942 /* HTTPURLResponse.swift */ = {isa = PBXFileReference; lastKnownFileType = sourcecode.swift; path = HTTPURLResponse.swift; sourceTree = "<group>"; };
		468CFA7B2B404AF600114942 /* URLProtocolStub.swift */ = {isa = PBXFileReference; lastKnownFileType = sourcecode.swift; path = URLProtocolStub.swift; sourceTree = "<group>"; };
		468CFA7E2B404E6E00114942 /* LoadFeedImageDataFromCacheUseCaseTests.swift */ = {isa = PBXFileReference; lastKnownFileType = sourcecode.swift; path = LoadFeedImageDataFromCacheUseCaseTests.swift; sourceTree = "<group>"; };
		468CFA802B4051DC00114942 /* FeedImageDataStore.swift */ = {isa = PBXFileReference; lastKnownFileType = sourcecode.swift; path = FeedImageDataStore.swift; sourceTree = "<group>"; };
		468CFA822B4051F300114942 /* LocalFeedImageDataLoader.swift */ = {isa = PBXFileReference; lastKnownFileType = sourcecode.swift; path = LocalFeedImageDataLoader.swift; sourceTree = "<group>"; };
		468CFA842B40541700114942 /* FeedImageDataStoreSpy.swift */ = {isa = PBXFileReference; lastKnownFileType = sourcecode.swift; path = FeedImageDataStoreSpy.swift; sourceTree = "<group>"; };
		468CFA862B40547D00114942 /* CacheFeedImageDataUseCaseTests.swift */ = {isa = PBXFileReference; lastKnownFileType = sourcecode.swift; path = CacheFeedImageDataUseCaseTests.swift; sourceTree = "<group>"; };
		468CFA882B40566B00114942 /* CoreDataFeedImageDataStoreTests.swift */ = {isa = PBXFileReference; lastKnownFileType = sourcecode.swift; path = CoreDataFeedImageDataStoreTests.swift; sourceTree = "<group>"; };
		468ECE482993E8800049AFF5 /* LoadFeedFromRemoteUseCaseTests.swift */ = {isa = PBXFileReference; lastKnownFileType = sourcecode.swift; path = LoadFeedFromRemoteUseCaseTests.swift; sourceTree = "<group>"; };
		468ECE4B2993F9040049AFF5 /* RemoteFeedLoader.swift */ = {isa = PBXFileReference; lastKnownFileType = sourcecode.swift; path = RemoteFeedLoader.swift; sourceTree = "<group>"; };
		469F56172B3D7D980006D050 /* Feed.storyboard */ = {isa = PBXFileReference; lastKnownFileType = file.storyboard; path = Feed.storyboard; sourceTree = "<group>"; };
		469F56192B3D7E190006D050 /* Feed.xcassets */ = {isa = PBXFileReference; lastKnownFileType = folder.assetcatalog; path = Feed.xcassets; sourceTree = "<group>"; };
		469F561C2B3D8D170006D050 /* UITableView+Dequeueing.swift */ = {isa = PBXFileReference; lastKnownFileType = sourcecode.swift; path = "UITableView+Dequeueing.swift"; sourceTree = "<group>"; };
		469F561F2B3D8E910006D050 /* UIImageView+Animations.swift */ = {isa = PBXFileReference; lastKnownFileType = sourcecode.swift; path = "UIImageView+Animations.swift"; sourceTree = "<group>"; };
		469F56292B3DA5C30006D050 /* FeedLocalizationTests.swift */ = {isa = PBXFileReference; lastKnownFileType = sourcecode.swift; path = FeedLocalizationTests.swift; sourceTree = "<group>"; };
		46A1BC59298FDD5900921DD8 /* EssentialFeed.framework */ = {isa = PBXFileReference; explicitFileType = wrapper.framework; includeInIndex = 0; path = EssentialFeed.framework; sourceTree = BUILT_PRODUCTS_DIR; };
		46A1BC5C298FDD5900921DD8 /* EssentialFeed.h */ = {isa = PBXFileReference; lastKnownFileType = sourcecode.c.h; path = EssentialFeed.h; sourceTree = "<group>"; };
		46A1BC5D298FDD5900921DD8 /* EssentialFeed.docc */ = {isa = PBXFileReference; lastKnownFileType = folder.documentationcatalog; path = EssentialFeed.docc; sourceTree = "<group>"; };
		46A1BC63298FDD5900921DD8 /* EssentialFeedTests.xctest */ = {isa = PBXFileReference; explicitFileType = wrapper.cfbundle; includeInIndex = 0; path = EssentialFeedTests.xctest; sourceTree = BUILT_PRODUCTS_DIR; };
		46A1BC68298FDD5900921DD8 /* EssentialFeedTests.swift */ = {isa = PBXFileReference; lastKnownFileType = sourcecode.swift; path = EssentialFeedTests.swift; sourceTree = "<group>"; };
		46A1BC73298FDD6E00921DD8 /* FeedItem.swift */ = {isa = PBXFileReference; lastKnownFileType = sourcecode.swift; path = FeedItem.swift; sourceTree = "<group>"; };
		46A1BC75298FDEEB00921DD8 /* FeedLoader.swift */ = {isa = PBXFileReference; lastKnownFileType = sourcecode.swift; path = FeedLoader.swift; sourceTree = "<group>"; };
		46A8A0952A20A0F700563494 /* README.md */ = {isa = PBXFileReference; lastKnownFileType = net.daringfireball.markdown; path = README.md; sourceTree = "<group>"; };
		46A8A0972A20A19E00563494 /* ValidateFeedCacheUseCaseTests.swift */ = {isa = PBXFileReference; lastKnownFileType = sourcecode.swift; path = ValidateFeedCacheUseCaseTests.swift; sourceTree = "<group>"; };
		46A8A0992A20A6F200563494 /* FeedCacheTestHelpers.swift */ = {isa = PBXFileReference; lastKnownFileType = sourcecode.swift; path = FeedCacheTestHelpers.swift; sourceTree = "<group>"; };
		46A8A09B2A20AC4700563494 /* SharedTestHelpers.swift */ = {isa = PBXFileReference; lastKnownFileType = sourcecode.swift; path = SharedTestHelpers.swift; sourceTree = "<group>"; };
		46A8A09D2A20C58300563494 /* FeedCachePolicy.swift */ = {isa = PBXFileReference; lastKnownFileType = sourcecode.swift; path = FeedCachePolicy.swift; sourceTree = "<group>"; };
		46ACA7AF29FFAE2B00AB82E6 /* LoadFeedFromCacheUseCaseTests.swift */ = {isa = PBXFileReference; lastKnownFileType = sourcecode.swift; path = LoadFeedFromCacheUseCaseTests.swift; sourceTree = "<group>"; };
		46ACA7B229FFAF9A00AB82E6 /* FeedStoreSpy.swift */ = {isa = PBXFileReference; lastKnownFileType = sourcecode.swift; path = FeedStoreSpy.swift; sourceTree = "<group>"; };
		46BBB43D2B4C122F00335765 /* FeedCache.swift */ = {isa = PBXFileReference; lastKnownFileType = sourcecode.swift; path = FeedCache.swift; sourceTree = "<group>"; };
		46BBB4472B4C183D00335765 /* FeedImageDataCache.swift */ = {isa = PBXFileReference; lastKnownFileType = sourcecode.swift; path = FeedImageDataCache.swift; sourceTree = "<group>"; };
		46BD20C629EBF63F00B2C779 /* FeedStore.swift */ = {isa = PBXFileReference; lastKnownFileType = sourcecode.swift; path = FeedStore.swift; sourceTree = "<group>"; };
		46C20E222B1A3D880020C943 /* EssentialFeediOS.framework */ = {isa = PBXFileReference; explicitFileType = wrapper.framework; includeInIndex = 0; path = EssentialFeediOS.framework; sourceTree = BUILT_PRODUCTS_DIR; };
		46C20E292B1A3D880020C943 /* EssentialFeediOSTests.xctest */ = {isa = PBXFileReference; explicitFileType = wrapper.cfbundle; includeInIndex = 0; path = EssentialFeediOSTests.xctest; sourceTree = BUILT_PRODUCTS_DIR; };
		46C9561C2AB9EFF600B6B70A /* CoreDataFeedStoreTests.swift */ = {isa = PBXFileReference; lastKnownFileType = sourcecode.swift; path = CoreDataFeedStoreTests.swift; sourceTree = "<group>"; };
		46C9561E2AB9F06000B6B70A /* CoreDataFeedStore.swift */ = {isa = PBXFileReference; lastKnownFileType = sourcecode.swift; path = CoreDataFeedStore.swift; sourceTree = "<group>"; };
		46C956212AB9F27000B6B70A /* FeedStore.xcdatamodel */ = {isa = PBXFileReference; lastKnownFileType = wrapper.xcdatamodel; path = FeedStore.xcdatamodel; sourceTree = "<group>"; };
		46C9562C2ABC3C7500B6B70A /* CoreDataHelpers.swift */ = {isa = PBXFileReference; lastKnownFileType = sourcecode.swift; path = CoreDataHelpers.swift; sourceTree = "<group>"; };
		46C9562F2ABC3D3E00B6B70A /* ManagedCache.swift */ = {isa = PBXFileReference; lastKnownFileType = sourcecode.swift; path = ManagedCache.swift; sourceTree = "<group>"; };
		46C956312ABC3D5400B6B70A /* ManagedFeedImage.swift */ = {isa = PBXFileReference; lastKnownFileType = sourcecode.swift; path = ManagedFeedImage.swift; sourceTree = "<group>"; };
		46C956372ABC470D00B6B70A /* EssentialFeedCacheIntegrationTests.xctest */ = {isa = PBXFileReference; explicitFileType = wrapper.cfbundle; includeInIndex = 0; path = EssentialFeedCacheIntegrationTests.xctest; sourceTree = BUILT_PRODUCTS_DIR; };
		46C956392ABC470D00B6B70A /* EssentialFeedCacheIntegrationTests.swift */ = {isa = PBXFileReference; lastKnownFileType = sourcecode.swift; path = EssentialFeedCacheIntegrationTests.swift; sourceTree = "<group>"; };
		46E856ED2997C340001F0EFC /* URLSessionHTTPClient.swift */ = {isa = PBXFileReference; lastKnownFileType = sourcecode.swift; path = URLSessionHTTPClient.swift; sourceTree = "<group>"; };
		46E856EF2997C4F5001F0EFC /* URLSessionHTTPClientTests.swift */ = {isa = PBXFileReference; lastKnownFileType = sourcecode.swift; path = URLSessionHTTPClientTests.swift; sourceTree = "<group>"; };
		46E856F2299939D0001F0EFC /* XCTestCase+MemoryLeakTrackingHelper.swift */ = {isa = PBXFileReference; lastKnownFileType = sourcecode.swift; path = "XCTestCase+MemoryLeakTrackingHelper.swift"; sourceTree = "<group>"; };
		46F7C1FC2B5A83D1009FC0A5 /* ImageCommentsMapper.swift */ = {isa = PBXFileReference; lastKnownFileType = sourcecode.swift; path = ImageCommentsMapper.swift; sourceTree = "<group>"; };
		46F7C1FE2B5A83EC009FC0A5 /* RemoteImageCommentsLoader.swift */ = {isa = PBXFileReference; lastKnownFileType = sourcecode.swift; path = RemoteImageCommentsLoader.swift; sourceTree = "<group>"; };
		46F7C2002B5A8416009FC0A5 /* LoadImageCommentsFromRemoteUseCaseTests.swift */ = {isa = PBXFileReference; lastKnownFileType = sourcecode.swift; path = LoadImageCommentsFromRemoteUseCaseTests.swift; sourceTree = "<group>"; };
		46F7C2032B5A8CD2009FC0A5 /* ImageComment.swift */ = {isa = PBXFileReference; lastKnownFileType = sourcecode.swift; path = ImageComment.swift; sourceTree = "<group>"; };
		46FE693429A906F0009A8E3D /* EssentialFeedAPIEndToEndTests.xctest */ = {isa = PBXFileReference; explicitFileType = wrapper.cfbundle; includeInIndex = 0; path = EssentialFeedAPIEndToEndTests.xctest; sourceTree = BUILT_PRODUCTS_DIR; };
		46FE693629A906F0009A8E3D /* EssentialFeedAPIEndToEndTests.swift */ = {isa = PBXFileReference; lastKnownFileType = sourcecode.swift; path = EssentialFeedAPIEndToEndTests.swift; sourceTree = "<group>"; };
/* End PBXFileReference section */

/* Begin PBXFrameworksBuildPhase section */
		46A1BC56298FDD5900921DD8 /* Frameworks */ = {
			isa = PBXFrameworksBuildPhase;
			buildActionMask = 2147483647;
			files = (
			);
			runOnlyForDeploymentPostprocessing = 0;
		};
		46A1BC60298FDD5900921DD8 /* Frameworks */ = {
			isa = PBXFrameworksBuildPhase;
			buildActionMask = 2147483647;
			files = (
				46A1BC64298FDD5900921DD8 /* EssentialFeed.framework in Frameworks */,
			);
			runOnlyForDeploymentPostprocessing = 0;
		};
		46C20E1F2B1A3D880020C943 /* Frameworks */ = {
			isa = PBXFrameworksBuildPhase;
			buildActionMask = 2147483647;
			files = (
				460F2FE02B234A3500AEBEC2 /* EssentialFeed.framework in Frameworks */,
			);
			runOnlyForDeploymentPostprocessing = 0;
		};
		46C20E262B1A3D880020C943 /* Frameworks */ = {
			isa = PBXFrameworksBuildPhase;
			buildActionMask = 2147483647;
			files = (
				46C20E2A2B1A3D880020C943 /* EssentialFeediOS.framework in Frameworks */,
			);
			runOnlyForDeploymentPostprocessing = 0;
		};
		46C956342ABC470D00B6B70A /* Frameworks */ = {
			isa = PBXFrameworksBuildPhase;
			buildActionMask = 2147483647;
			files = (
				46C9563B2ABC470D00B6B70A /* EssentialFeed.framework in Frameworks */,
			);
			runOnlyForDeploymentPostprocessing = 0;
		};
		46FE693129A906F0009A8E3D /* Frameworks */ = {
			isa = PBXFrameworksBuildPhase;
			buildActionMask = 2147483647;
			files = (
				46FE693829A906F0009A8E3D /* EssentialFeed.framework in Frameworks */,
			);
			runOnlyForDeploymentPostprocessing = 0;
		};
/* End PBXFrameworksBuildPhase section */

/* Begin PBXGroup section */
		460A5C602B3C32F700282BB9 /* FeedPresentation */ = {
			isa = PBXGroup;
			children = (
				460A5C672B3C43A000282BB9 /* Legacy */,
			);
			path = FeedPresentation;
			sourceTree = "<group>";
		};
		460A5C672B3C43A000282BB9 /* Legacy */ = {
			isa = PBXGroup;
			children = (
				465487292B2C634400360D3A /* LegacyFeedViewModel.swift */,
				4654872B2B2C6FAD00360D3A /* LegacyFeedImageViewModel.swift */,
			);
			path = Legacy;
			sourceTree = "<group>";
		};
		460B59952AB9B4D90074E763 /* FeedStoreSpecs */ = {
			isa = PBXGroup;
			children = (
				460B598B2AB9AD1D0074E763 /* FeedStoreSpecs.swift */,
				460B598D2AB9AE0C0074E763 /* XCTestCase+FeedStoreSpecs.swift */,
				460B598F2AB9B3430074E763 /* XCTestCase+FailableRetrieveFeedStoreSpecs.swift */,
				460B59912AB9B4250074E763 /* XCTestCase+FailableInsertFeedStoreSpecs.swift */,
				460B59932AB9B4800074E763 /* XCTestCase+FailableDeleteFeedStoreSpecs.swift */,
			);
			path = FeedStoreSpecs;
			sourceTree = "<group>";
		};
		460D953029D6DE94004DBBBD /* FeedCache */ = {
			isa = PBXGroup;
			children = (
				46C9562B2ABC3C0700B6B70A /* Infrastructure */,
				460D953629D6DFE9004DBBBD /* LocalFeedLoader.swift */,
				46BD20C629EBF63F00B2C779 /* FeedStore.swift */,
				462E4A6E29FBDE18004DB74E /* LocalFeedImage.swift */,
				46A8A09D2A20C58300563494 /* FeedCachePolicy.swift */,
				468CFA802B4051DC00114942 /* FeedImageDataStore.swift */,
				468CFA822B4051F300114942 /* LocalFeedImageDataLoader.swift */,
			);
			path = FeedCache;
			sourceTree = "<group>";
		};
		460D953129D6DEAE004DBBBD /* FeedCache */ = {
			isa = PBXGroup;
			children = (
				46ACA7B129FFAF8700AB82E6 /* Helpers */,
				460D953229D6DECF004DBBBD /* CacheFeedUseCaseTests.swift */,
				46ACA7AF29FFAE2B00AB82E6 /* LoadFeedFromCacheUseCaseTests.swift */,
				46A8A0972A20A19E00563494 /* ValidateFeedCacheUseCaseTests.swift */,
				460B59852AB85A7A0074E763 /* CodableFeedStoreTests.swift */,
				46C9561C2AB9EFF600B6B70A /* CoreDataFeedStoreTests.swift */,
				468CFA7E2B404E6E00114942 /* LoadFeedImageDataFromCacheUseCaseTests.swift */,
				468CFA862B40547D00114942 /* CacheFeedImageDataUseCaseTests.swift */,
				468CFA882B40566B00114942 /* CoreDataFeedImageDataStoreTests.swift */,
			);
			path = FeedCache;
			sourceTree = "<group>";
		};
		460F2FDF2B234A3500AEBEC2 /* Frameworks */ = {
			isa = PBXGroup;
			children = (
			);
			name = Frameworks;
			sourceTree = "<group>";
		};
		461ABFAB2B51732C0050C62A /* EssentialFeediOSTests */ = {
			isa = PBXGroup;
			children = (
				461ABFAE2B5176B90050C62A /* Helpers */,
				461ABFAC2B5173650050C62A /* FeedSnapshotTests.swift */,
			);
			path = EssentialFeediOSTests;
			sourceTree = "<group>";
		};
		461ABFAE2B5176B90050C62A /* Helpers */ = {
			isa = PBXGroup;
			children = (
				461ABFAF2B5176CC0050C62A /* UIImage+TestHelpers.swift */,
				461ABFB32B517DD90050C62A /* UIViewController+Snapshot.swift */,
				461ABFB52B517E1B0050C62A /* XCTestCase+Snapshot.swift */,
			);
			path = Helpers;
			sourceTree = "<group>";
		};
		464C37B82B25C1A30067A12C /* FeedUI */ = {
			isa = PBXGroup;
			children = (
				464C37BB2B25C1BF0067A12C /* Views */,
				464C37BA2B25C1B60067A12C /* Controllers */,
			);
			path = FeedUI;
			sourceTree = "<group>";
		};
		464C37BA2B25C1B60067A12C /* Controllers */ = {
			isa = PBXGroup;
			children = (
				469F561B2B3D856F0006D050 /* Legacy */,
				460F2FE62B23684300AEBEC2 /* FeedViewController.swift */,
				464C37D62B25D0B10067A12C /* FeedImageCellController.swift */,
			);
			path = Controllers;
			sourceTree = "<group>";
		};
		464C37BB2B25C1BF0067A12C /* Views */ = {
			isa = PBXGroup;
			children = (
				469F561E2B3D8D290006D050 /* Helpers */,
				460F2FE82B2379EC00AEBEC2 /* FeedImageCell.swift */,
				469F56172B3D7D980006D050 /* Feed.storyboard */,
				469F56192B3D7E190006D050 /* Feed.xcassets */,
				4651256A2B401D1A001F8829 /* ErrorView.swift */,
			);
			path = Views;
			sourceTree = "<group>";
		};
		4651256E2B402145001F8829 /* FeedPresentation */ = {
			isa = PBXGroup;
			children = (
				4651256F2B40216E001F8829 /* FeedPresenterTests.swift */,
				469F56292B3DA5C30006D050 /* FeedLocalizationTests.swift */,
				4651257E2B4030CC001F8829 /* FeedImagePresenterTests.swift */,
			);
			path = FeedPresentation;
			sourceTree = "<group>";
		};
		465125732B402D2A001F8829 /* FeedPresentation */ = {
			isa = PBXGroup;
			children = (
				465125842B4033B4001F8829 /* ViewModels */,
				465125742B402D4E001F8829 /* FeedPresenter.swift */,
				465125802B403327001F8829 /* FeedImagePresenter.swift */,
				465125712B402BB2001F8829 /* Feed.xcstrings */,
			);
			path = FeedPresentation;
			sourceTree = "<group>";
		};
		465125842B4033B4001F8829 /* ViewModels */ = {
			isa = PBXGroup;
			children = (
				465125822B403397001F8829 /* FeedImageViewModel.swift */,
				4651257B2B402EB4001F8829 /* FeedErrorViewModel.swift */,
				465125792B402E92001F8829 /* FeedLoadingViewModel.swift */,
				465125772B402E64001F8829 /* FeedViewModel.swift */,
			);
			path = ViewModels;
			sourceTree = "<group>";
		};
		4653F57D2997AF1D00A1BD9A /* FeedAPI */ = {
			isa = PBXGroup;
			children = (
				468ECE482993E8800049AFF5 /* LoadFeedFromRemoteUseCaseTests.swift */,
				468CFA712B4040BA00114942 /* LoadFeedImageDataFromRemoteUseCaseTests.swift */,
			);
			path = FeedAPI;
			sourceTree = "<group>";
		};
		468CFA782B404AAB00114942 /* Helpers */ = {
			isa = PBXGroup;
			children = (
				468CFA792B404AB400114942 /* HTTPURLResponse.swift */,
			);
			path = Helpers;
			sourceTree = "<group>";
		};
		468ECE4A2993F8DF0049AFF5 /* FeedAPI */ = {
			isa = PBXGroup;
			children = (
				468CFA782B404AAB00114942 /* Helpers */,
				468ECE4B2993F9040049AFF5 /* RemoteFeedLoader.swift */,
				4653F57B2997A00200A1BD9A /* FeedItemMapper.swift */,
				462E4A6C29FBDDD4004DB74E /* RemoteFeedItem.swift */,
				468CFA762B40481A00114942 /* RemoteFeedImageDataLoader.swift */,
			);
			path = FeedAPI;
			sourceTree = "<group>";
		};
		469F561B2B3D856F0006D050 /* Legacy */ = {
			isa = PBXGroup;
			children = (
				464C37BE2B25C7B90067A12C /* LegacyFeedRefreshViewController.swift */,
			);
			path = Legacy;
			sourceTree = "<group>";
		};
		469F561E2B3D8D290006D050 /* Helpers */ = {
			isa = PBXGroup;
			children = (
				469F561C2B3D8D170006D050 /* UITableView+Dequeueing.swift */,
				460F2FEA2B238BA900AEBEC2 /* UIView+Shimmering.swift */,
				469F561F2B3D8E910006D050 /* UIImageView+Animations.swift */,
				4651256C2B401D4A001F8829 /* UIRefreshControl+Helpers.swift */,
				461ABFB12B51785E0050C62A /* UITableView+HeaderSizing.swift */,
			);
			path = Helpers;
			sourceTree = "<group>";
		};
		46A1BC4F298FDD5900921DD8 = {
			isa = PBXGroup;
			children = (
				46A1BC5B298FDD5900921DD8 /* EssentialFeed */,
				46A1BC67298FDD5900921DD8 /* EssentialFeedTests */,
				46FE693529A906F0009A8E3D /* EssentialFeedAPIEndToEndTests */,
				46C956382ABC470D00B6B70A /* EssentialFeedCacheIntegrationTests */,
				46C20E232B1A3D880020C943 /* EssentialFeediOS */,
				461ABFAB2B51732C0050C62A /* EssentialFeediOSTests */,
				46A1BC5A298FDD5900921DD8 /* Products */,
				460F2FDF2B234A3500AEBEC2 /* Frameworks */,
			);
			sourceTree = "<group>";
		};
		46A1BC5A298FDD5900921DD8 /* Products */ = {
			isa = PBXGroup;
			children = (
				46A1BC59298FDD5900921DD8 /* EssentialFeed.framework */,
				46A1BC63298FDD5900921DD8 /* EssentialFeedTests.xctest */,
				46FE693429A906F0009A8E3D /* EssentialFeedAPIEndToEndTests.xctest */,
				46C956372ABC470D00B6B70A /* EssentialFeedCacheIntegrationTests.xctest */,
				46C20E222B1A3D880020C943 /* EssentialFeediOS.framework */,
				46C20E292B1A3D880020C943 /* EssentialFeediOSTests.xctest */,
			);
			name = Products;
			sourceTree = "<group>";
		};
		46A1BC5B298FDD5900921DD8 /* EssentialFeed */ = {
			isa = PBXGroup;
			children = (
				46F7C20B2B5A9306009FC0A5 /* ImageCommentsAPI */,
				46F7C2062B5A9129009FC0A5 /* SharedAPI */,
				46F7C2052B5A90FF009FC0A5 /* SharedAPIInfrastructure */,
				46F7C2022B5A8CB7009FC0A5 /* ImageCommentsFeature */,
				465125732B402D2A001F8829 /* FeedPresentation */,
				46A1BC77298FE00600921DD8 /* FeedFeature */,
				460D953029D6DE94004DBBBD /* FeedCache */,
				468ECE4A2993F8DF0049AFF5 /* FeedAPI */,
				46A1BC5D298FDD5900921DD8 /* EssentialFeed.docc */,
				46A1BC5C298FDD5900921DD8 /* EssentialFeed.h */,
				46A8A0952A20A0F700563494 /* README.md */,
			);
			path = EssentialFeed;
			sourceTree = "<group>";
		};
		46A1BC67298FDD5900921DD8 /* EssentialFeedTests */ = {
			isa = PBXGroup;
			children = (
				46F7C20C2B5A9322009FC0A5 /* ImageCommentsAPI */,
				46F7C2092B5A9186009FC0A5 /* SharedAPIInfrastructure */,
				46F7C2072B5A9159009FC0A5 /* SharedAPI */,
				46A1BC68298FDD5900921DD8 /* EssentialFeedTests.swift */,
				4651256E2B402145001F8829 /* FeedPresentation */,
				46E856F129993995001F0EFC /* Helpers */,
				460D953129D6DEAE004DBBBD /* FeedCache */,
				4653F57D2997AF1D00A1BD9A /* FeedAPI */,
			);
			path = EssentialFeedTests;
			sourceTree = "<group>";
		};
		46A1BC77298FE00600921DD8 /* FeedFeature */ = {
			isa = PBXGroup;
			children = (
				46A1BC73298FDD6E00921DD8 /* FeedItem.swift */,
				46A1BC75298FDEEB00921DD8 /* FeedLoader.swift */,
				464C37BC2B25C1DC0067A12C /* FeedImageDataLoader.swift */,
				46BBB43D2B4C122F00335765 /* FeedCache.swift */,
				46BBB4472B4C183D00335765 /* FeedImageDataCache.swift */,
			);
			path = FeedFeature;
			sourceTree = "<group>";
		};
		46ACA7B129FFAF8700AB82E6 /* Helpers */ = {
			isa = PBXGroup;
			children = (
				460B59952AB9B4D90074E763 /* FeedStoreSpecs */,
				46ACA7B229FFAF9A00AB82E6 /* FeedStoreSpy.swift */,
				46A8A0992A20A6F200563494 /* FeedCacheTestHelpers.swift */,
				468CFA842B40541700114942 /* FeedImageDataStoreSpy.swift */,
			);
			path = Helpers;
			sourceTree = "<group>";
		};
		46C20E232B1A3D880020C943 /* EssentialFeediOS */ = {
			isa = PBXGroup;
			children = (
				460A5C602B3C32F700282BB9 /* FeedPresentation */,
				464C37B82B25C1A30067A12C /* FeedUI */,
			);
			path = EssentialFeediOS;
			sourceTree = "<group>";
		};
		46C9562B2ABC3C0700B6B70A /* Infrastructure */ = {
			isa = PBXGroup;
			children = (
				46C9562E2ABC3D0F00B6B70A /* CoreData */,
				460B59872AB8AABB0074E763 /* CodableFeedStore.swift */,
			);
			path = Infrastructure;
			sourceTree = "<group>";
		};
		46C9562E2ABC3D0F00B6B70A /* CoreData */ = {
			isa = PBXGroup;
			children = (
				46C956202AB9F27000B6B70A /* FeedStore.xcdatamodeld */,
				46C9561E2AB9F06000B6B70A /* CoreDataFeedStore.swift */,
				46C9562C2ABC3C7500B6B70A /* CoreDataHelpers.swift */,
				46C9562F2ABC3D3E00B6B70A /* ManagedCache.swift */,
				46C956312ABC3D5400B6B70A /* ManagedFeedImage.swift */,
				4619C7BF2B481013006E43F3 /* CoreDataFeedStore+FeedImageDataLoader.swift */,
				4619C7C12B48127E006E43F3 /* CoreDataFeedStore+FeedStore.swift */,
			);
			path = CoreData;
			sourceTree = "<group>";
		};
		46C956382ABC470D00B6B70A /* EssentialFeedCacheIntegrationTests */ = {
			isa = PBXGroup;
			children = (
				46C956392ABC470D00B6B70A /* EssentialFeedCacheIntegrationTests.swift */,
			);
			path = EssentialFeedCacheIntegrationTests;
			sourceTree = "<group>";
		};
		46E856F129993995001F0EFC /* Helpers */ = {
			isa = PBXGroup;
			children = (
				46E856F2299939D0001F0EFC /* XCTestCase+MemoryLeakTrackingHelper.swift */,
				46A8A09B2A20AC4700563494 /* SharedTestHelpers.swift */,
			);
			path = Helpers;
			sourceTree = "<group>";
		};
		46F7C2022B5A8CB7009FC0A5 /* ImageCommentsFeature */ = {
			isa = PBXGroup;
			children = (
				46F7C2032B5A8CD2009FC0A5 /* ImageComment.swift */,
			);
			path = ImageCommentsFeature;
			sourceTree = "<group>";
		};
		46F7C2052B5A90FF009FC0A5 /* SharedAPIInfrastructure */ = {
			isa = PBXGroup;
			children = (
				46E856ED2997C340001F0EFC /* URLSessionHTTPClient.swift */,
			);
			path = SharedAPIInfrastructure;
			sourceTree = "<group>";
		};
		46F7C2062B5A9129009FC0A5 /* SharedAPI */ = {
			isa = PBXGroup;
			children = (
				4653F57929979F8800A1BD9A /* HTTPClient.swift */,
			);
			path = SharedAPI;
			sourceTree = "<group>";
		};
		46F7C2072B5A9159009FC0A5 /* SharedAPI */ = {
			isa = PBXGroup;
			children = (
				46F7C2082B5A916B009FC0A5 /* Helpers */,
			);
			path = SharedAPI;
			sourceTree = "<group>";
		};
		46F7C2082B5A916B009FC0A5 /* Helpers */ = {
			isa = PBXGroup;
			children = (
				468CFA742B4047A600114942 /* HTTPClientSpy.swift */,
			);
			path = Helpers;
			sourceTree = "<group>";
		};
		46F7C2092B5A9186009FC0A5 /* SharedAPIInfrastructure */ = {
			isa = PBXGroup;
			children = (
				46E856EF2997C4F5001F0EFC /* URLSessionHTTPClientTests.swift */,
				46F7C20A2B5A9192009FC0A5 /* Helpers */,
			);
			path = SharedAPIInfrastructure;
			sourceTree = "<group>";
		};
		46F7C20A2B5A9192009FC0A5 /* Helpers */ = {
			isa = PBXGroup;
			children = (
				468CFA7B2B404AF600114942 /* URLProtocolStub.swift */,
			);
			path = Helpers;
			sourceTree = "<group>";
		};
		46F7C20B2B5A9306009FC0A5 /* ImageCommentsAPI */ = {
			isa = PBXGroup;
			children = (
				46F7C1FC2B5A83D1009FC0A5 /* ImageCommentsMapper.swift */,
				46F7C1FE2B5A83EC009FC0A5 /* RemoteImageCommentsLoader.swift */,
			);
			path = ImageCommentsAPI;
			sourceTree = "<group>";
		};
		46F7C20C2B5A9322009FC0A5 /* ImageCommentsAPI */ = {
			isa = PBXGroup;
			children = (
				46F7C2002B5A8416009FC0A5 /* LoadImageCommentsFromRemoteUseCaseTests.swift */,
			);
			path = ImageCommentsAPI;
			sourceTree = "<group>";
		};
		46FE693529A906F0009A8E3D /* EssentialFeedAPIEndToEndTests */ = {
			isa = PBXGroup;
			children = (
				46FE693629A906F0009A8E3D /* EssentialFeedAPIEndToEndTests.swift */,
			);
			path = EssentialFeedAPIEndToEndTests;
			sourceTree = "<group>";
		};
/* End PBXGroup section */

/* Begin PBXHeadersBuildPhase section */
		46A1BC54298FDD5900921DD8 /* Headers */ = {
			isa = PBXHeadersBuildPhase;
			buildActionMask = 2147483647;
			files = (
				46A1BC6A298FDD5900921DD8 /* EssentialFeed.h in Headers */,
			);
			runOnlyForDeploymentPostprocessing = 0;
		};
		46C20E1D2B1A3D880020C943 /* Headers */ = {
			isa = PBXHeadersBuildPhase;
			buildActionMask = 2147483647;
			files = (
			);
			runOnlyForDeploymentPostprocessing = 0;
		};
/* End PBXHeadersBuildPhase section */

/* Begin PBXNativeTarget section */
		46A1BC58298FDD5900921DD8 /* EssentialFeed */ = {
			isa = PBXNativeTarget;
			buildConfigurationList = 46A1BC6D298FDD5900921DD8 /* Build configuration list for PBXNativeTarget "EssentialFeed" */;
			buildPhases = (
				46A1BC54298FDD5900921DD8 /* Headers */,
				46A1BC55298FDD5900921DD8 /* Sources */,
				46A1BC56298FDD5900921DD8 /* Frameworks */,
				46A1BC57298FDD5900921DD8 /* Resources */,
			);
			buildRules = (
			);
			dependencies = (
			);
			name = EssentialFeed;
			productName = EssentialFeed;
			productReference = 46A1BC59298FDD5900921DD8 /* EssentialFeed.framework */;
			productType = "com.apple.product-type.framework";
		};
		46A1BC62298FDD5900921DD8 /* EssentialFeedTests */ = {
			isa = PBXNativeTarget;
			buildConfigurationList = 46A1BC70298FDD5900921DD8 /* Build configuration list for PBXNativeTarget "EssentialFeedTests" */;
			buildPhases = (
				46A1BC5F298FDD5900921DD8 /* Sources */,
				46A1BC60298FDD5900921DD8 /* Frameworks */,
				46A1BC61298FDD5900921DD8 /* Resources */,
			);
			buildRules = (
			);
			dependencies = (
				46A1BC66298FDD5900921DD8 /* PBXTargetDependency */,
			);
			name = EssentialFeedTests;
			productName = EssentialFeedTests;
			productReference = 46A1BC63298FDD5900921DD8 /* EssentialFeedTests.xctest */;
			productType = "com.apple.product-type.bundle.unit-test";
		};
		46C20E212B1A3D880020C943 /* EssentialFeediOS */ = {
			isa = PBXNativeTarget;
			buildConfigurationList = 46C20E312B1A3D890020C943 /* Build configuration list for PBXNativeTarget "EssentialFeediOS" */;
			buildPhases = (
				46C20E1D2B1A3D880020C943 /* Headers */,
				46C20E1E2B1A3D880020C943 /* Sources */,
				46C20E1F2B1A3D880020C943 /* Frameworks */,
				46C20E202B1A3D880020C943 /* Resources */,
				460F2FE42B234A3500AEBEC2 /* Embed Frameworks */,
			);
			buildRules = (
			);
			dependencies = (
				460F2FE32B234A3500AEBEC2 /* PBXTargetDependency */,
			);
			name = EssentialFeediOS;
			productName = EssentialFeediOS;
			productReference = 46C20E222B1A3D880020C943 /* EssentialFeediOS.framework */;
			productType = "com.apple.product-type.framework";
		};
		46C20E282B1A3D880020C943 /* EssentialFeediOSTests */ = {
			isa = PBXNativeTarget;
			buildConfigurationList = 46C20E342B1A3D890020C943 /* Build configuration list for PBXNativeTarget "EssentialFeediOSTests" */;
			buildPhases = (
				46C20E252B1A3D880020C943 /* Sources */,
				46C20E262B1A3D880020C943 /* Frameworks */,
				46C20E272B1A3D880020C943 /* Resources */,
			);
			buildRules = (
			);
			dependencies = (
				46C20E2C2B1A3D880020C943 /* PBXTargetDependency */,
			);
			name = EssentialFeediOSTests;
			productName = EssentialFeediOSTests;
			productReference = 46C20E292B1A3D880020C943 /* EssentialFeediOSTests.xctest */;
			productType = "com.apple.product-type.bundle.unit-test";
		};
		46C956362ABC470D00B6B70A /* EssentialFeedCacheIntegrationTests */ = {
			isa = PBXNativeTarget;
			buildConfigurationList = 46C956402ABC470D00B6B70A /* Build configuration list for PBXNativeTarget "EssentialFeedCacheIntegrationTests" */;
			buildPhases = (
				46C956332ABC470D00B6B70A /* Sources */,
				46C956342ABC470D00B6B70A /* Frameworks */,
				46C956352ABC470D00B6B70A /* Resources */,
			);
			buildRules = (
			);
			dependencies = (
				46C9563D2ABC470D00B6B70A /* PBXTargetDependency */,
			);
			name = EssentialFeedCacheIntegrationTests;
			productName = EssentialFeedCacheIntegrationTests;
			productReference = 46C956372ABC470D00B6B70A /* EssentialFeedCacheIntegrationTests.xctest */;
			productType = "com.apple.product-type.bundle.unit-test";
		};
		46FE693329A906F0009A8E3D /* EssentialFeedAPIEndToEndTests */ = {
			isa = PBXNativeTarget;
			buildConfigurationList = 46FE693D29A906F0009A8E3D /* Build configuration list for PBXNativeTarget "EssentialFeedAPIEndToEndTests" */;
			buildPhases = (
				46FE693029A906F0009A8E3D /* Sources */,
				46FE693129A906F0009A8E3D /* Frameworks */,
				46FE693229A906F0009A8E3D /* Resources */,
			);
			buildRules = (
			);
			dependencies = (
				46FE693A29A906F0009A8E3D /* PBXTargetDependency */,
			);
			name = EssentialFeedAPIEndToEndTests;
			productName = EssentialFeedAPIEndToEndTests;
			productReference = 46FE693429A906F0009A8E3D /* EssentialFeedAPIEndToEndTests.xctest */;
			productType = "com.apple.product-type.bundle.unit-test";
		};
/* End PBXNativeTarget section */

/* Begin PBXProject section */
		46A1BC50298FDD5900921DD8 /* Project object */ = {
			isa = PBXProject;
			attributes = {
				BuildIndependentTargetsInParallel = 1;
				LastSwiftUpdateCheck = 1500;
				LastUpgradeCheck = 1420;
				TargetAttributes = {
					46A1BC58298FDD5900921DD8 = {
						CreatedOnToolsVersion = 14.2;
					};
					46A1BC62298FDD5900921DD8 = {
						CreatedOnToolsVersion = 14.2;
					};
					46C20E212B1A3D880020C943 = {
						CreatedOnToolsVersion = 15.0;
						LastSwiftMigration = 1500;
					};
					46C20E282B1A3D880020C943 = {
						CreatedOnToolsVersion = 15.0;
						LastSwiftMigration = 1500;
					};
					46C956362ABC470D00B6B70A = {
						CreatedOnToolsVersion = 14.2;
					};
					46FE693329A906F0009A8E3D = {
						CreatedOnToolsVersion = 14.2;
					};
				};
			};
			buildConfigurationList = 46A1BC53298FDD5900921DD8 /* Build configuration list for PBXProject "EssentialFeed" */;
			compatibilityVersion = "Xcode 14.0";
			developmentRegion = en;
			hasScannedForEncodings = 0;
			knownRegions = (
				en,
				Base,
				"pt-BR",
				el,
			);
			mainGroup = 46A1BC4F298FDD5900921DD8;
			productRefGroup = 46A1BC5A298FDD5900921DD8 /* Products */;
			projectDirPath = "";
			projectRoot = "";
			targets = (
				46A1BC58298FDD5900921DD8 /* EssentialFeed */,
				46A1BC62298FDD5900921DD8 /* EssentialFeedTests */,
				46FE693329A906F0009A8E3D /* EssentialFeedAPIEndToEndTests */,
				46C956362ABC470D00B6B70A /* EssentialFeedCacheIntegrationTests */,
				46C20E212B1A3D880020C943 /* EssentialFeediOS */,
				46C20E282B1A3D880020C943 /* EssentialFeediOSTests */,
			);
		};
/* End PBXProject section */

/* Begin PBXResourcesBuildPhase section */
		46A1BC57298FDD5900921DD8 /* Resources */ = {
			isa = PBXResourcesBuildPhase;
			buildActionMask = 2147483647;
			files = (
				46A8A0962A20A0F700563494 /* README.md in Resources */,
				465125762B402E17001F8829 /* Feed.xcstrings in Resources */,
			);
			runOnlyForDeploymentPostprocessing = 0;
		};
		46A1BC61298FDD5900921DD8 /* Resources */ = {
			isa = PBXResourcesBuildPhase;
			buildActionMask = 2147483647;
			files = (
			);
			runOnlyForDeploymentPostprocessing = 0;
		};
		46C20E202B1A3D880020C943 /* Resources */ = {
			isa = PBXResourcesBuildPhase;
			buildActionMask = 2147483647;
			files = (
				469F56182B3D7D980006D050 /* Feed.storyboard in Resources */,
				469F561A2B3D7E190006D050 /* Feed.xcassets in Resources */,
			);
			runOnlyForDeploymentPostprocessing = 0;
		};
		46C20E272B1A3D880020C943 /* Resources */ = {
			isa = PBXResourcesBuildPhase;
			buildActionMask = 2147483647;
			files = (
			);
			runOnlyForDeploymentPostprocessing = 0;
		};
		46C956352ABC470D00B6B70A /* Resources */ = {
			isa = PBXResourcesBuildPhase;
			buildActionMask = 2147483647;
			files = (
			);
			runOnlyForDeploymentPostprocessing = 0;
		};
		46FE693229A906F0009A8E3D /* Resources */ = {
			isa = PBXResourcesBuildPhase;
			buildActionMask = 2147483647;
			files = (
			);
			runOnlyForDeploymentPostprocessing = 0;
		};
/* End PBXResourcesBuildPhase section */

/* Begin PBXSourcesBuildPhase section */
		46A1BC55298FDD5900921DD8 /* Sources */ = {
			isa = PBXSourcesBuildPhase;
			buildActionMask = 2147483647;
			files = (
				462E4A6F29FBDE18004DB74E /* LocalFeedImage.swift in Sources */,
				46C956222AB9F27000B6B70A /* FeedStore.xcdatamodeld in Sources */,
				46BD20C729EBF63F00B2C779 /* FeedStore.swift in Sources */,
				4651257C2B402EB4001F8829 /* FeedErrorViewModel.swift in Sources */,
				46E856EE2997C340001F0EFC /* URLSessionHTTPClient.swift in Sources */,
				4619C7C02B481013006E43F3 /* CoreDataFeedStore+FeedImageDataLoader.swift in Sources */,
				468CFA812B4051DC00114942 /* FeedImageDataStore.swift in Sources */,
				46BBB4482B4C183D00335765 /* FeedImageDataCache.swift in Sources */,
				468ECE4C2993F9040049AFF5 /* RemoteFeedLoader.swift in Sources */,
				465125812B403327001F8829 /* FeedImagePresenter.swift in Sources */,
				4653F57A29979F8800A1BD9A /* HTTPClient.swift in Sources */,
				468CFA772B40481A00114942 /* RemoteFeedImageDataLoader.swift in Sources */,
				46C9562D2ABC3C7500B6B70A /* CoreDataHelpers.swift in Sources */,
				4651257A2B402E92001F8829 /* FeedLoadingViewModel.swift in Sources */,
				46A1BC76298FDEEB00921DD8 /* FeedLoader.swift in Sources */,
				4619C7C22B48127E006E43F3 /* CoreDataFeedStore+FeedStore.swift in Sources */,
				46C9561F2AB9F06000B6B70A /* CoreDataFeedStore.swift in Sources */,
				46C956302ABC3D3E00B6B70A /* ManagedCache.swift in Sources */,
				465125782B402E64001F8829 /* FeedViewModel.swift in Sources */,
				46BBB43E2B4C122F00335765 /* FeedCache.swift in Sources */,
				465125832B403397001F8829 /* FeedImageViewModel.swift in Sources */,
				468CFA702B40403700114942 /* FeedImageDataLoader.swift in Sources */,
				46F7C1FD2B5A83D1009FC0A5 /* ImageCommentsMapper.swift in Sources */,
				468CFA832B4051F300114942 /* LocalFeedImageDataLoader.swift in Sources */,
				4653F57C2997A00200A1BD9A /* FeedItemMapper.swift in Sources */,
				462E4A6D29FBDDD4004DB74E /* RemoteFeedItem.swift in Sources */,
				460B59882AB8AABB0074E763 /* CodableFeedStore.swift in Sources */,
				46A8A09E2A20C58300563494 /* FeedCachePolicy.swift in Sources */,
				465125752B402D4E001F8829 /* FeedPresenter.swift in Sources */,
				46A1BC74298FDD6E00921DD8 /* FeedItem.swift in Sources */,
				468CFA7A2B404AB400114942 /* HTTPURLResponse.swift in Sources */,
				46C956322ABC3D5400B6B70A /* ManagedFeedImage.swift in Sources */,
				46F7C1FF2B5A83EC009FC0A5 /* RemoteImageCommentsLoader.swift in Sources */,
				460D953729D6DFE9004DBBBD /* LocalFeedLoader.swift in Sources */,
				46A1BC5E298FDD5900921DD8 /* EssentialFeed.docc in Sources */,
				46F7C2042B5A8CD2009FC0A5 /* ImageComment.swift in Sources */,
			);
			runOnlyForDeploymentPostprocessing = 0;
		};
		46A1BC5F298FDD5900921DD8 /* Sources */ = {
			isa = PBXSourcesBuildPhase;
			buildActionMask = 2147483647;
			files = (
				460B598E2AB9AE0C0074E763 /* XCTestCase+FeedStoreSpecs.swift in Sources */,
				46F7C2012B5A8416009FC0A5 /* LoadImageCommentsFromRemoteUseCaseTests.swift in Sources */,
				468CFA892B40566B00114942 /* CoreDataFeedImageDataStoreTests.swift in Sources */,
				460B59862AB85A7A0074E763 /* CodableFeedStoreTests.swift in Sources */,
				4651257F2B4030CC001F8829 /* FeedImagePresenterTests.swift in Sources */,
				468ECE492993E8800049AFF5 /* LoadFeedFromRemoteUseCaseTests.swift in Sources */,
				46C9561D2AB9EFF600B6B70A /* CoreDataFeedStoreTests.swift in Sources */,
				4651257D2B403034001F8829 /* FeedLocalizationTests.swift in Sources */,
				465125702B40216E001F8829 /* FeedPresenterTests.swift in Sources */,
				468CFA852B40541700114942 /* FeedImageDataStoreSpy.swift in Sources */,
				460B59902AB9B3430074E763 /* XCTestCase+FailableRetrieveFeedStoreSpecs.swift in Sources */,
				46E856F02997C4F5001F0EFC /* URLSessionHTTPClientTests.swift in Sources */,
				468CFA872B40547D00114942 /* CacheFeedImageDataUseCaseTests.swift in Sources */,
				468CFA752B4047A600114942 /* HTTPClientSpy.swift in Sources */,
				46A8A09C2A20AC4700563494 /* SharedTestHelpers.swift in Sources */,
				46A1BC69298FDD5900921DD8 /* EssentialFeedTests.swift in Sources */,
				468CFA7F2B404E6E00114942 /* LoadFeedImageDataFromCacheUseCaseTests.swift in Sources */,
				460D953329D6DECF004DBBBD /* CacheFeedUseCaseTests.swift in Sources */,
				468CFA7D2B404C2B00114942 /* URLProtocolStub.swift in Sources */,
				46A8A09A2A20A6F200563494 /* FeedCacheTestHelpers.swift in Sources */,
				468CFA722B4040BA00114942 /* LoadFeedImageDataFromRemoteUseCaseTests.swift in Sources */,
				46A8A0982A20A19E00563494 /* ValidateFeedCacheUseCaseTests.swift in Sources */,
				46ACA7B329FFAF9A00AB82E6 /* FeedStoreSpy.swift in Sources */,
				46ACA7B029FFAE2B00AB82E6 /* LoadFeedFromCacheUseCaseTests.swift in Sources */,
				460B59942AB9B4810074E763 /* XCTestCase+FailableDeleteFeedStoreSpecs.swift in Sources */,
				460B598C2AB9AD1D0074E763 /* FeedStoreSpecs.swift in Sources */,
				46E856F3299939D0001F0EFC /* XCTestCase+MemoryLeakTrackingHelper.swift in Sources */,
				460B59922AB9B4250074E763 /* XCTestCase+FailableInsertFeedStoreSpecs.swift in Sources */,
			);
			runOnlyForDeploymentPostprocessing = 0;
		};
		46C20E1E2B1A3D880020C943 /* Sources */ = {
			isa = PBXSourcesBuildPhase;
			buildActionMask = 2147483647;
			files = (
				469F56202B3D8E910006D050 /* UIImageView+Animations.swift in Sources */,
				469F561D2B3D8D170006D050 /* UITableView+Dequeueing.swift in Sources */,
				4651256B2B401D1A001F8829 /* ErrorView.swift in Sources */,
				464C37BF2B25C7B90067A12C /* LegacyFeedRefreshViewController.swift in Sources */,
				460F2FEB2B238BA900AEBEC2 /* UIView+Shimmering.swift in Sources */,
				460F2FE72B23684300AEBEC2 /* FeedViewController.swift in Sources */,
				461ABFB22B51785E0050C62A /* UITableView+HeaderSizing.swift in Sources */,
				460F2FE92B2379EC00AEBEC2 /* FeedImageCell.swift in Sources */,
				4654872C2B2C6FAD00360D3A /* LegacyFeedImageViewModel.swift in Sources */,
				464C37D72B25D0B10067A12C /* FeedImageCellController.swift in Sources */,
				4654872A2B2C634400360D3A /* LegacyFeedViewModel.swift in Sources */,
				4651256D2B401D4A001F8829 /* UIRefreshControl+Helpers.swift in Sources */,
			);
			runOnlyForDeploymentPostprocessing = 0;
		};
		46C20E252B1A3D880020C943 /* Sources */ = {
			isa = PBXSourcesBuildPhase;
			buildActionMask = 2147483647;
			files = (
				460F2FE52B234B7900AEBEC2 /* XCTestCase+MemoryLeakTrackingHelper.swift in Sources */,
				461ABFAD2B5173650050C62A /* FeedSnapshotTests.swift in Sources */,
				461ABFB62B517E1B0050C62A /* XCTestCase+Snapshot.swift in Sources */,
				461ABFB42B517DD90050C62A /* UIViewController+Snapshot.swift in Sources */,
				461ABFB02B5176CC0050C62A /* UIImage+TestHelpers.swift in Sources */,
			);
			runOnlyForDeploymentPostprocessing = 0;
		};
		46C956332ABC470D00B6B70A /* Sources */ = {
			isa = PBXSourcesBuildPhase;
			buildActionMask = 2147483647;
			files = (
				46C956432ABC4B5900B6B70A /* SharedTestHelpers.swift in Sources */,
				46C9563A2ABC470D00B6B70A /* EssentialFeedCacheIntegrationTests.swift in Sources */,
				46C956422ABC4B4800B6B70A /* FeedCacheTestHelpers.swift in Sources */,
				46C956412ABC48E600B6B70A /* XCTestCase+MemoryLeakTrackingHelper.swift in Sources */,
			);
			runOnlyForDeploymentPostprocessing = 0;
		};
		46FE693029A906F0009A8E3D /* Sources */ = {
			isa = PBXSourcesBuildPhase;
			buildActionMask = 2147483647;
			files = (
				46FE693729A906F0009A8E3D /* EssentialFeedAPIEndToEndTests.swift in Sources */,
				46FE693E29A9141E009A8E3D /* XCTestCase+MemoryLeakTrackingHelper.swift in Sources */,
			);
			runOnlyForDeploymentPostprocessing = 0;
		};
/* End PBXSourcesBuildPhase section */

/* Begin PBXTargetDependency section */
		460F2FE32B234A3500AEBEC2 /* PBXTargetDependency */ = {
			isa = PBXTargetDependency;
			platformFilter = ios;
			target = 46A1BC58298FDD5900921DD8 /* EssentialFeed */;
			targetProxy = 460F2FE22B234A3500AEBEC2 /* PBXContainerItemProxy */;
		};
		46A1BC66298FDD5900921DD8 /* PBXTargetDependency */ = {
			isa = PBXTargetDependency;
			target = 46A1BC58298FDD5900921DD8 /* EssentialFeed */;
			targetProxy = 46A1BC65298FDD5900921DD8 /* PBXContainerItemProxy */;
		};
		46C20E2C2B1A3D880020C943 /* PBXTargetDependency */ = {
			isa = PBXTargetDependency;
			target = 46C20E212B1A3D880020C943 /* EssentialFeediOS */;
			targetProxy = 46C20E2B2B1A3D880020C943 /* PBXContainerItemProxy */;
		};
		46C9563D2ABC470D00B6B70A /* PBXTargetDependency */ = {
			isa = PBXTargetDependency;
			target = 46A1BC58298FDD5900921DD8 /* EssentialFeed */;
			targetProxy = 46C9563C2ABC470D00B6B70A /* PBXContainerItemProxy */;
		};
		46FE693A29A906F0009A8E3D /* PBXTargetDependency */ = {
			isa = PBXTargetDependency;
			target = 46A1BC58298FDD5900921DD8 /* EssentialFeed */;
			targetProxy = 46FE693929A906F0009A8E3D /* PBXContainerItemProxy */;
		};
/* End PBXTargetDependency section */

/* Begin XCBuildConfiguration section */
		46A1BC6B298FDD5900921DD8 /* Debug */ = {
			isa = XCBuildConfiguration;
			buildSettings = {
				ALWAYS_SEARCH_USER_PATHS = NO;
				CLANG_ANALYZER_NONNULL = YES;
				CLANG_ANALYZER_NUMBER_OBJECT_CONVERSION = YES_AGGRESSIVE;
				CLANG_CXX_LANGUAGE_STANDARD = "gnu++20";
				CLANG_ENABLE_MODULES = YES;
				CLANG_ENABLE_OBJC_ARC = YES;
				CLANG_ENABLE_OBJC_WEAK = YES;
				CLANG_WARN_BLOCK_CAPTURE_AUTORELEASING = YES;
				CLANG_WARN_BOOL_CONVERSION = YES;
				CLANG_WARN_COMMA = YES;
				CLANG_WARN_CONSTANT_CONVERSION = YES;
				CLANG_WARN_DEPRECATED_OBJC_IMPLEMENTATIONS = YES;
				CLANG_WARN_DIRECT_OBJC_ISA_USAGE = YES_ERROR;
				CLANG_WARN_DOCUMENTATION_COMMENTS = YES;
				CLANG_WARN_EMPTY_BODY = YES;
				CLANG_WARN_ENUM_CONVERSION = YES;
				CLANG_WARN_INFINITE_RECURSION = YES;
				CLANG_WARN_INT_CONVERSION = YES;
				CLANG_WARN_NON_LITERAL_NULL_CONVERSION = YES;
				CLANG_WARN_OBJC_IMPLICIT_RETAIN_SELF = YES;
				CLANG_WARN_OBJC_LITERAL_CONVERSION = YES;
				CLANG_WARN_OBJC_ROOT_CLASS = YES_ERROR;
				CLANG_WARN_QUOTED_INCLUDE_IN_FRAMEWORK_HEADER = YES;
				CLANG_WARN_RANGE_LOOP_ANALYSIS = YES;
				CLANG_WARN_STRICT_PROTOTYPES = YES;
				CLANG_WARN_SUSPICIOUS_MOVE = YES;
				CLANG_WARN_UNGUARDED_AVAILABILITY = YES_AGGRESSIVE;
				CLANG_WARN_UNREACHABLE_CODE = YES;
				CLANG_WARN__DUPLICATE_METHOD_MATCH = YES;
				COPY_PHASE_STRIP = NO;
				CURRENT_PROJECT_VERSION = 1;
				DEBUG_INFORMATION_FORMAT = dwarf;
				ENABLE_STRICT_OBJC_MSGSEND = YES;
				ENABLE_TESTABILITY = YES;
				GCC_C_LANGUAGE_STANDARD = gnu11;
				GCC_DYNAMIC_NO_PIC = NO;
				GCC_NO_COMMON_BLOCKS = YES;
				GCC_OPTIMIZATION_LEVEL = 0;
				GCC_PREPROCESSOR_DEFINITIONS = (
					"DEBUG=1",
					"$(inherited)",
				);
				GCC_WARN_64_TO_32_BIT_CONVERSION = YES;
				GCC_WARN_ABOUT_RETURN_TYPE = YES_ERROR;
				GCC_WARN_UNDECLARED_SELECTOR = YES;
				GCC_WARN_UNINITIALIZED_AUTOS = YES_AGGRESSIVE;
				GCC_WARN_UNUSED_FUNCTION = YES;
				GCC_WARN_UNUSED_VARIABLE = YES;
				MACOSX_DEPLOYMENT_TARGET = 12.4;
				MTL_ENABLE_DEBUG_INFO = INCLUDE_SOURCE;
				MTL_FAST_MATH = YES;
				ONLY_ACTIVE_ARCH = YES;
				SDKROOT = macosx;
				SUPPORTED_PLATFORMS = macosx;
				SWIFT_ACTIVE_COMPILATION_CONDITIONS = DEBUG;
				SWIFT_OPTIMIZATION_LEVEL = "-Onone";
				VERSIONING_SYSTEM = "apple-generic";
				VERSION_INFO_PREFIX = "";
			};
			name = Debug;
		};
		46A1BC6C298FDD5900921DD8 /* Release */ = {
			isa = XCBuildConfiguration;
			buildSettings = {
				ALWAYS_SEARCH_USER_PATHS = NO;
				CLANG_ANALYZER_NONNULL = YES;
				CLANG_ANALYZER_NUMBER_OBJECT_CONVERSION = YES_AGGRESSIVE;
				CLANG_CXX_LANGUAGE_STANDARD = "gnu++20";
				CLANG_ENABLE_MODULES = YES;
				CLANG_ENABLE_OBJC_ARC = YES;
				CLANG_ENABLE_OBJC_WEAK = YES;
				CLANG_WARN_BLOCK_CAPTURE_AUTORELEASING = YES;
				CLANG_WARN_BOOL_CONVERSION = YES;
				CLANG_WARN_COMMA = YES;
				CLANG_WARN_CONSTANT_CONVERSION = YES;
				CLANG_WARN_DEPRECATED_OBJC_IMPLEMENTATIONS = YES;
				CLANG_WARN_DIRECT_OBJC_ISA_USAGE = YES_ERROR;
				CLANG_WARN_DOCUMENTATION_COMMENTS = YES;
				CLANG_WARN_EMPTY_BODY = YES;
				CLANG_WARN_ENUM_CONVERSION = YES;
				CLANG_WARN_INFINITE_RECURSION = YES;
				CLANG_WARN_INT_CONVERSION = YES;
				CLANG_WARN_NON_LITERAL_NULL_CONVERSION = YES;
				CLANG_WARN_OBJC_IMPLICIT_RETAIN_SELF = YES;
				CLANG_WARN_OBJC_LITERAL_CONVERSION = YES;
				CLANG_WARN_OBJC_ROOT_CLASS = YES_ERROR;
				CLANG_WARN_QUOTED_INCLUDE_IN_FRAMEWORK_HEADER = YES;
				CLANG_WARN_RANGE_LOOP_ANALYSIS = YES;
				CLANG_WARN_STRICT_PROTOTYPES = YES;
				CLANG_WARN_SUSPICIOUS_MOVE = YES;
				CLANG_WARN_UNGUARDED_AVAILABILITY = YES_AGGRESSIVE;
				CLANG_WARN_UNREACHABLE_CODE = YES;
				CLANG_WARN__DUPLICATE_METHOD_MATCH = YES;
				COPY_PHASE_STRIP = NO;
				CURRENT_PROJECT_VERSION = 1;
				DEBUG_INFORMATION_FORMAT = "dwarf-with-dsym";
				ENABLE_NS_ASSERTIONS = NO;
				ENABLE_STRICT_OBJC_MSGSEND = YES;
				GCC_C_LANGUAGE_STANDARD = gnu11;
				GCC_NO_COMMON_BLOCKS = YES;
				GCC_WARN_64_TO_32_BIT_CONVERSION = YES;
				GCC_WARN_ABOUT_RETURN_TYPE = YES_ERROR;
				GCC_WARN_UNDECLARED_SELECTOR = YES;
				GCC_WARN_UNINITIALIZED_AUTOS = YES_AGGRESSIVE;
				GCC_WARN_UNUSED_FUNCTION = YES;
				GCC_WARN_UNUSED_VARIABLE = YES;
				MACOSX_DEPLOYMENT_TARGET = 12.4;
				MTL_ENABLE_DEBUG_INFO = NO;
				MTL_FAST_MATH = YES;
				SDKROOT = macosx;
				SUPPORTED_PLATFORMS = macosx;
				SWIFT_COMPILATION_MODE = wholemodule;
				SWIFT_OPTIMIZATION_LEVEL = "-O";
				VERSIONING_SYSTEM = "apple-generic";
				VERSION_INFO_PREFIX = "";
			};
			name = Release;
		};
		46A1BC6E298FDD5900921DD8 /* Debug */ = {
			isa = XCBuildConfiguration;
			buildSettings = {
				CODE_SIGN_STYLE = Automatic;
				COMBINE_HIDPI_IMAGES = YES;
				CURRENT_PROJECT_VERSION = 1;
				DEFINES_MODULE = YES;
				DEVELOPMENT_TEAM = 522S3NWCM9;
				DYLIB_COMPATIBILITY_VERSION = 1;
				DYLIB_CURRENT_VERSION = 1;
				DYLIB_INSTALL_NAME_BASE = "@rpath";
				GENERATE_INFOPLIST_FILE = YES;
				INFOPLIST_KEY_NSHumanReadableCopyright = "";
				INSTALL_PATH = "$(LOCAL_LIBRARY_DIR)/Frameworks";
				LD_RUNPATH_SEARCH_PATHS = (
					"$(inherited)",
					"@executable_path/../Frameworks",
					"@loader_path/Frameworks",
				);
				MARKETING_VERSION = 1.0;
				PRODUCT_BUNDLE_IDENTIFIER = com.ed.EssentialFeed;
				PRODUCT_NAME = "$(TARGET_NAME:c99extidentifier)";
				SKIP_INSTALL = YES;
				SUPPORTED_PLATFORMS = "macosx iphonesimulator iphoneos";
				SWIFT_EMIT_LOC_STRINGS = YES;
				SWIFT_VERSION = 5.0;
			};
			name = Debug;
		};
		46A1BC6F298FDD5900921DD8 /* Release */ = {
			isa = XCBuildConfiguration;
			buildSettings = {
				CODE_SIGN_STYLE = Automatic;
				COMBINE_HIDPI_IMAGES = YES;
				CURRENT_PROJECT_VERSION = 1;
				DEFINES_MODULE = YES;
				DEVELOPMENT_TEAM = 522S3NWCM9;
				DYLIB_COMPATIBILITY_VERSION = 1;
				DYLIB_CURRENT_VERSION = 1;
				DYLIB_INSTALL_NAME_BASE = "@rpath";
				GENERATE_INFOPLIST_FILE = YES;
				INFOPLIST_KEY_NSHumanReadableCopyright = "";
				INSTALL_PATH = "$(LOCAL_LIBRARY_DIR)/Frameworks";
				LD_RUNPATH_SEARCH_PATHS = (
					"$(inherited)",
					"@executable_path/../Frameworks",
					"@loader_path/Frameworks",
				);
				MARKETING_VERSION = 1.0;
				PRODUCT_BUNDLE_IDENTIFIER = com.ed.EssentialFeed;
				PRODUCT_NAME = "$(TARGET_NAME:c99extidentifier)";
				SKIP_INSTALL = YES;
				SUPPORTED_PLATFORMS = "macosx iphonesimulator iphoneos";
				SWIFT_EMIT_LOC_STRINGS = YES;
				SWIFT_VERSION = 5.0;
			};
			name = Release;
		};
		46A1BC71298FDD5900921DD8 /* Debug */ = {
			isa = XCBuildConfiguration;
			buildSettings = {
				ALWAYS_EMBED_SWIFT_STANDARD_LIBRARIES = YES;
				CODE_SIGN_STYLE = Automatic;
				CURRENT_PROJECT_VERSION = 1;
				DEVELOPMENT_TEAM = 522S3NWCM9;
				GENERATE_INFOPLIST_FILE = YES;
				MARKETING_VERSION = 1.0;
				PRODUCT_BUNDLE_IDENTIFIER = com.ed.EssentialFeedTests;
				PRODUCT_NAME = "$(TARGET_NAME)";
				SUPPORTED_PLATFORMS = "macosx iphoneos iphonesimulator";
				SWIFT_EMIT_LOC_STRINGS = NO;
				SWIFT_VERSION = 5.0;
			};
			name = Debug;
		};
		46A1BC72298FDD5900921DD8 /* Release */ = {
			isa = XCBuildConfiguration;
			buildSettings = {
				ALWAYS_EMBED_SWIFT_STANDARD_LIBRARIES = YES;
				CODE_SIGN_STYLE = Automatic;
				CURRENT_PROJECT_VERSION = 1;
				DEVELOPMENT_TEAM = 522S3NWCM9;
				GENERATE_INFOPLIST_FILE = YES;
				MARKETING_VERSION = 1.0;
				PRODUCT_BUNDLE_IDENTIFIER = com.ed.EssentialFeedTests;
				PRODUCT_NAME = "$(TARGET_NAME)";
				SUPPORTED_PLATFORMS = "macosx iphoneos iphonesimulator";
				SWIFT_EMIT_LOC_STRINGS = NO;
				SWIFT_VERSION = 5.0;
			};
			name = Release;
		};
		46C20E322B1A3D890020C943 /* Debug */ = {
			isa = XCBuildConfiguration;
			buildSettings = {
				ASSETCATALOG_COMPILER_GENERATE_SWIFT_ASSET_SYMBOL_EXTENSIONS = YES;
				CLANG_ENABLE_MODULES = YES;
				CODE_SIGN_STYLE = Automatic;
				CURRENT_PROJECT_VERSION = 1;
				DEFINES_MODULE = YES;
				DEVELOPMENT_TEAM = 522S3NWCM9;
				DYLIB_COMPATIBILITY_VERSION = 1;
				DYLIB_CURRENT_VERSION = 1;
				DYLIB_INSTALL_NAME_BASE = "@rpath";
				ENABLE_MODULE_VERIFIER = YES;
				ENABLE_USER_SCRIPT_SANDBOXING = YES;
				GCC_C_LANGUAGE_STANDARD = gnu17;
				GENERATE_INFOPLIST_FILE = YES;
				INFOPLIST_KEY_NSHumanReadableCopyright = "";
				INSTALL_PATH = "$(LOCAL_LIBRARY_DIR)/Frameworks";
				IPHONEOS_DEPLOYMENT_TARGET = 17.0;
				LD_RUNPATH_SEARCH_PATHS = (
					"$(inherited)",
					"@executable_path/Frameworks",
					"@loader_path/Frameworks",
				);
				LOCALIZATION_PREFERS_STRING_CATALOGS = YES;
				MARKETING_VERSION = 1.0;
				MODULE_VERIFIER_SUPPORTED_LANGUAGES = "objective-c objective-c++";
				MODULE_VERIFIER_SUPPORTED_LANGUAGE_STANDARDS = "gnu17 gnu++20";
				PRODUCT_BUNDLE_IDENTIFIER = beccahalford.EssentialFeediOS;
				PRODUCT_NAME = "$(TARGET_NAME:c99extidentifier)";
				SDKROOT = iphoneos;
				SKIP_INSTALL = YES;
				SUPPORTED_PLATFORMS = "iphonesimulator iphoneos";
				SWIFT_ACTIVE_COMPILATION_CONDITIONS = "DEBUG $(inherited)";
				SWIFT_EMIT_LOC_STRINGS = YES;
				SWIFT_OPTIMIZATION_LEVEL = "-Onone";
				SWIFT_VERSION = 5.0;
				TARGETED_DEVICE_FAMILY = "1,2";
			};
			name = Debug;
		};
		46C20E332B1A3D890020C943 /* Release */ = {
			isa = XCBuildConfiguration;
			buildSettings = {
				ASSETCATALOG_COMPILER_GENERATE_SWIFT_ASSET_SYMBOL_EXTENSIONS = YES;
				CLANG_ENABLE_MODULES = YES;
				CODE_SIGN_STYLE = Automatic;
				CURRENT_PROJECT_VERSION = 1;
				DEFINES_MODULE = YES;
				DEVELOPMENT_TEAM = 522S3NWCM9;
				DYLIB_COMPATIBILITY_VERSION = 1;
				DYLIB_CURRENT_VERSION = 1;
				DYLIB_INSTALL_NAME_BASE = "@rpath";
				ENABLE_MODULE_VERIFIER = YES;
				ENABLE_USER_SCRIPT_SANDBOXING = YES;
				GCC_C_LANGUAGE_STANDARD = gnu17;
				GENERATE_INFOPLIST_FILE = YES;
				INFOPLIST_KEY_NSHumanReadableCopyright = "";
				INSTALL_PATH = "$(LOCAL_LIBRARY_DIR)/Frameworks";
				IPHONEOS_DEPLOYMENT_TARGET = 17.0;
				LD_RUNPATH_SEARCH_PATHS = (
					"$(inherited)",
					"@executable_path/Frameworks",
					"@loader_path/Frameworks",
				);
				LOCALIZATION_PREFERS_STRING_CATALOGS = YES;
				MARKETING_VERSION = 1.0;
				MODULE_VERIFIER_SUPPORTED_LANGUAGES = "objective-c objective-c++";
				MODULE_VERIFIER_SUPPORTED_LANGUAGE_STANDARDS = "gnu17 gnu++20";
				PRODUCT_BUNDLE_IDENTIFIER = beccahalford.EssentialFeediOS;
				PRODUCT_NAME = "$(TARGET_NAME:c99extidentifier)";
				SDKROOT = iphoneos;
				SKIP_INSTALL = YES;
				SUPPORTED_PLATFORMS = "iphonesimulator iphoneos";
				SWIFT_EMIT_LOC_STRINGS = YES;
				SWIFT_VERSION = 5.0;
				TARGETED_DEVICE_FAMILY = "1,2";
				VALIDATE_PRODUCT = YES;
			};
			name = Release;
		};
		46C20E352B1A3D890020C943 /* Debug */ = {
			isa = XCBuildConfiguration;
			buildSettings = {
				ALWAYS_EMBED_SWIFT_STANDARD_LIBRARIES = YES;
				ASSETCATALOG_COMPILER_GENERATE_SWIFT_ASSET_SYMBOL_EXTENSIONS = YES;
				CLANG_ENABLE_MODULES = YES;
				CODE_SIGN_STYLE = Automatic;
				CURRENT_PROJECT_VERSION = 1;
				DEVELOPMENT_TEAM = 522S3NWCM9;
				ENABLE_USER_SCRIPT_SANDBOXING = YES;
				GCC_C_LANGUAGE_STANDARD = gnu17;
				GENERATE_INFOPLIST_FILE = YES;
				IPHONEOS_DEPLOYMENT_TARGET = 17.0;
				LOCALIZATION_PREFERS_STRING_CATALOGS = YES;
				MARKETING_VERSION = 1.0;
				PRODUCT_BUNDLE_IDENTIFIER = beccahalford.EssentialFeediOSTests;
				PRODUCT_NAME = "$(TARGET_NAME)";
				SDKROOT = iphoneos;
				SUPPORTED_PLATFORMS = "iphonesimulator iphoneos";
				SWIFT_ACTIVE_COMPILATION_CONDITIONS = "DEBUG $(inherited)";
				SWIFT_EMIT_LOC_STRINGS = NO;
				SWIFT_OPTIMIZATION_LEVEL = "-Onone";
				SWIFT_VERSION = 5.0;
				TARGETED_DEVICE_FAMILY = "1,2";
			};
			name = Debug;
		};
		46C20E362B1A3D890020C943 /* Release */ = {
			isa = XCBuildConfiguration;
			buildSettings = {
				ALWAYS_EMBED_SWIFT_STANDARD_LIBRARIES = YES;
				ASSETCATALOG_COMPILER_GENERATE_SWIFT_ASSET_SYMBOL_EXTENSIONS = YES;
				CLANG_ENABLE_MODULES = YES;
				CODE_SIGN_STYLE = Automatic;
				CURRENT_PROJECT_VERSION = 1;
				DEVELOPMENT_TEAM = 522S3NWCM9;
				ENABLE_USER_SCRIPT_SANDBOXING = YES;
				GCC_C_LANGUAGE_STANDARD = gnu17;
				GENERATE_INFOPLIST_FILE = YES;
				IPHONEOS_DEPLOYMENT_TARGET = 17.0;
				LOCALIZATION_PREFERS_STRING_CATALOGS = YES;
				MARKETING_VERSION = 1.0;
				PRODUCT_BUNDLE_IDENTIFIER = beccahalford.EssentialFeediOSTests;
				PRODUCT_NAME = "$(TARGET_NAME)";
				SDKROOT = iphoneos;
				SUPPORTED_PLATFORMS = "iphonesimulator iphoneos";
				SWIFT_EMIT_LOC_STRINGS = NO;
				SWIFT_VERSION = 5.0;
				TARGETED_DEVICE_FAMILY = "1,2";
				VALIDATE_PRODUCT = YES;
			};
			name = Release;
		};
		46C9563E2ABC470D00B6B70A /* Debug */ = {
			isa = XCBuildConfiguration;
			buildSettings = {
				CODE_SIGN_STYLE = Automatic;
				CURRENT_PROJECT_VERSION = 1;
				DEVELOPMENT_TEAM = 522S3NWCM9;
				GENERATE_INFOPLIST_FILE = YES;
				MACOSX_DEPLOYMENT_TARGET = 13.1;
				MARKETING_VERSION = 1.0;
				PRODUCT_BUNDLE_IDENTIFIER = beccahalford.EssentialFeedCacheIntegrationTests;
				PRODUCT_NAME = "$(TARGET_NAME)";
				SUPPORTED_PLATFORMS = "macosx iphoneos iphonesimulator";
				SWIFT_EMIT_LOC_STRINGS = NO;
				SWIFT_VERSION = 5.0;
			};
			name = Debug;
		};
		46C9563F2ABC470D00B6B70A /* Release */ = {
			isa = XCBuildConfiguration;
			buildSettings = {
				CODE_SIGN_STYLE = Automatic;
				CURRENT_PROJECT_VERSION = 1;
				DEVELOPMENT_TEAM = 522S3NWCM9;
				GENERATE_INFOPLIST_FILE = YES;
				MACOSX_DEPLOYMENT_TARGET = 13.1;
				MARKETING_VERSION = 1.0;
				PRODUCT_BUNDLE_IDENTIFIER = beccahalford.EssentialFeedCacheIntegrationTests;
				PRODUCT_NAME = "$(TARGET_NAME)";
				SUPPORTED_PLATFORMS = "macosx iphoneos iphonesimulator";
				SWIFT_EMIT_LOC_STRINGS = NO;
				SWIFT_VERSION = 5.0;
			};
			name = Release;
		};
		46FE693B29A906F0009A8E3D /* Debug */ = {
			isa = XCBuildConfiguration;
			buildSettings = {
				CODE_SIGN_STYLE = Automatic;
				CURRENT_PROJECT_VERSION = 1;
				DEVELOPMENT_TEAM = 522S3NWCM9;
				GENERATE_INFOPLIST_FILE = YES;
				MARKETING_VERSION = 1.0;
				PRODUCT_BUNDLE_IDENTIFIER = com.ed.EssentialFeedAPIEndToEndTests;
				PRODUCT_NAME = "$(TARGET_NAME)";
				SUPPORTED_PLATFORMS = "macosx iphoneos iphonesimulator";
				SWIFT_EMIT_LOC_STRINGS = NO;
				SWIFT_VERSION = 5.0;
			};
			name = Debug;
		};
		46FE693C29A906F0009A8E3D /* Release */ = {
			isa = XCBuildConfiguration;
			buildSettings = {
				CODE_SIGN_STYLE = Automatic;
				CURRENT_PROJECT_VERSION = 1;
				DEVELOPMENT_TEAM = 522S3NWCM9;
				GENERATE_INFOPLIST_FILE = YES;
				MARKETING_VERSION = 1.0;
				PRODUCT_BUNDLE_IDENTIFIER = com.ed.EssentialFeedAPIEndToEndTests;
				PRODUCT_NAME = "$(TARGET_NAME)";
				SUPPORTED_PLATFORMS = "macosx iphoneos iphonesimulator";
				SWIFT_EMIT_LOC_STRINGS = NO;
				SWIFT_VERSION = 5.0;
			};
			name = Release;
		};
/* End XCBuildConfiguration section */

/* Begin XCConfigurationList section */
		46A1BC53298FDD5900921DD8 /* Build configuration list for PBXProject "EssentialFeed" */ = {
			isa = XCConfigurationList;
			buildConfigurations = (
				46A1BC6B298FDD5900921DD8 /* Debug */,
				46A1BC6C298FDD5900921DD8 /* Release */,
			);
			defaultConfigurationIsVisible = 0;
			defaultConfigurationName = Release;
		};
		46A1BC6D298FDD5900921DD8 /* Build configuration list for PBXNativeTarget "EssentialFeed" */ = {
			isa = XCConfigurationList;
			buildConfigurations = (
				46A1BC6E298FDD5900921DD8 /* Debug */,
				46A1BC6F298FDD5900921DD8 /* Release */,
			);
			defaultConfigurationIsVisible = 0;
			defaultConfigurationName = Release;
		};
		46A1BC70298FDD5900921DD8 /* Build configuration list for PBXNativeTarget "EssentialFeedTests" */ = {
			isa = XCConfigurationList;
			buildConfigurations = (
				46A1BC71298FDD5900921DD8 /* Debug */,
				46A1BC72298FDD5900921DD8 /* Release */,
			);
			defaultConfigurationIsVisible = 0;
			defaultConfigurationName = Release;
		};
		46C20E312B1A3D890020C943 /* Build configuration list for PBXNativeTarget "EssentialFeediOS" */ = {
			isa = XCConfigurationList;
			buildConfigurations = (
				46C20E322B1A3D890020C943 /* Debug */,
				46C20E332B1A3D890020C943 /* Release */,
			);
			defaultConfigurationIsVisible = 0;
			defaultConfigurationName = Release;
		};
		46C20E342B1A3D890020C943 /* Build configuration list for PBXNativeTarget "EssentialFeediOSTests" */ = {
			isa = XCConfigurationList;
			buildConfigurations = (
				46C20E352B1A3D890020C943 /* Debug */,
				46C20E362B1A3D890020C943 /* Release */,
			);
			defaultConfigurationIsVisible = 0;
			defaultConfigurationName = Release;
		};
		46C956402ABC470D00B6B70A /* Build configuration list for PBXNativeTarget "EssentialFeedCacheIntegrationTests" */ = {
			isa = XCConfigurationList;
			buildConfigurations = (
				46C9563E2ABC470D00B6B70A /* Debug */,
				46C9563F2ABC470D00B6B70A /* Release */,
			);
			defaultConfigurationIsVisible = 0;
			defaultConfigurationName = Release;
		};
		46FE693D29A906F0009A8E3D /* Build configuration list for PBXNativeTarget "EssentialFeedAPIEndToEndTests" */ = {
			isa = XCConfigurationList;
			buildConfigurations = (
				46FE693B29A906F0009A8E3D /* Debug */,
				46FE693C29A906F0009A8E3D /* Release */,
			);
			defaultConfigurationIsVisible = 0;
			defaultConfigurationName = Release;
		};
/* End XCConfigurationList section */

/* Begin XCVersionGroup section */
		46C956202AB9F27000B6B70A /* FeedStore.xcdatamodeld */ = {
			isa = XCVersionGroup;
			children = (
				4619C7BE2B480E77006E43F3 /* FeedStore2.xcdatamodel */,
				46C956212AB9F27000B6B70A /* FeedStore.xcdatamodel */,
			);
			currentVersion = 4619C7BE2B480E77006E43F3 /* FeedStore2.xcdatamodel */;
			path = FeedStore.xcdatamodeld;
			sourceTree = "<group>";
			versionGroupType = wrapper.xcdatamodel;
		};
/* End XCVersionGroup section */
	};
	rootObject = 46A1BC50298FDD5900921DD8 /* Project object */;
}
