// !$*UTF8*$!
{
	archiveVersion = 1;
	classes = {
	};
	objectVersion = 56;
	objects = {

/* Begin PBXBuildFile section */
		4619C7D02B481B76006E43F3 /* AppDelegate.swift in Sources */ = {isa = PBXBuildFile; fileRef = 4619C7CF2B481B76006E43F3 /* AppDelegate.swift */; };
		4619C7D22B481B76006E43F3 /* SceneDelegate.swift in Sources */ = {isa = PBXBuildFile; fileRef = 4619C7D12B481B76006E43F3 /* SceneDelegate.swift */; };
		4619C7D42B481B76006E43F3 /* ViewController.swift in Sources */ = {isa = PBXBuildFile; fileRef = 4619C7D32B481B76006E43F3 /* ViewController.swift */; };
		4619C7D72B481B76006E43F3 /* Main.storyboard in Resources */ = {isa = PBXBuildFile; fileRef = 4619C7D52B481B76006E43F3 /* Main.storyboard */; };
		4619C7D92B481B77006E43F3 /* Assets.xcassets in Resources */ = {isa = PBXBuildFile; fileRef = 4619C7D82B481B77006E43F3 /* Assets.xcassets */; };
		4619C7DC2B481B77006E43F3 /* LaunchScreen.storyboard in Resources */ = {isa = PBXBuildFile; fileRef = 4619C7DA2B481B77006E43F3 /* LaunchScreen.storyboard */; };
		4619C7EC2B481D92006E43F3 /* EssentialAppTests.swift in Sources */ = {isa = PBXBuildFile; fileRef = 4619C7EB2B481D92006E43F3 /* EssentialAppTests.swift */; };
		4619C8252B482707006E43F3 /* EssentialFeed.framework in Frameworks */ = {isa = PBXBuildFile; fileRef = 4619C7FC2B4826A9006E43F3 /* EssentialFeed.framework */; };
		4619C8262B482707006E43F3 /* EssentialFeed.framework in Embed Frameworks */ = {isa = PBXBuildFile; fileRef = 4619C7FC2B4826A9006E43F3 /* EssentialFeed.framework */; settings = {ATTRIBUTES = (CodeSignOnCopy, RemoveHeadersOnCopy, ); }; };
		4619C8272B482707006E43F3 /* EssentialFeediOS.framework in Frameworks */ = {isa = PBXBuildFile; fileRef = 4619C8042B4826A9006E43F3 /* EssentialFeediOS.framework */; };
		4619C8282B482707006E43F3 /* EssentialFeediOS.framework in Embed Frameworks */ = {isa = PBXBuildFile; fileRef = 4619C8042B4826A9006E43F3 /* EssentialFeediOS.framework */; settings = {ATTRIBUTES = (CodeSignOnCopy, RemoveHeadersOnCopy, ); }; };
		46A0BEE82B483CC30063D3A0 /* FeedLoaderWithFallbackCompositeTests.swift in Sources */ = {isa = PBXBuildFile; fileRef = 46A0BEE72B483CC30063D3A0 /* FeedLoaderWithFallbackCompositeTests.swift */; };
		46A0BEF62B484C830063D3A0 /* FeedLoaderWithFallbackComposite.swift in Sources */ = {isa = PBXBuildFile; fileRef = 46A0BEF52B484C830063D3A0 /* FeedLoaderWithFallbackComposite.swift */; };
/* End PBXBuildFile section */

/* Begin PBXContainerItemProxy section */
		4619C7ED2B481D92006E43F3 /* PBXContainerItemProxy */ = {
			isa = PBXContainerItemProxy;
			containerPortal = 4619C7C42B481B75006E43F3 /* Project object */;
			proxyType = 1;
			remoteGlobalIDString = 4619C7CB2B481B75006E43F3;
			remoteInfo = EssentialApp;
		};
		4619C7FB2B4826A9006E43F3 /* PBXContainerItemProxy */ = {
			isa = PBXContainerItemProxy;
			containerPortal = 4619C7F22B4826A9006E43F3 /* EssentialFeed.xcodeproj */;
			proxyType = 2;
			remoteGlobalIDString = 46A1BC59298FDD5900921DD8;
			remoteInfo = EssentialFeed;
		};
		4619C7FD2B4826A9006E43F3 /* PBXContainerItemProxy */ = {
			isa = PBXContainerItemProxy;
			containerPortal = 4619C7F22B4826A9006E43F3 /* EssentialFeed.xcodeproj */;
			proxyType = 2;
			remoteGlobalIDString = 46A1BC63298FDD5900921DD8;
			remoteInfo = EssentialFeedTests;
		};
		4619C7FF2B4826A9006E43F3 /* PBXContainerItemProxy */ = {
			isa = PBXContainerItemProxy;
			containerPortal = 4619C7F22B4826A9006E43F3 /* EssentialFeed.xcodeproj */;
			proxyType = 2;
			remoteGlobalIDString = 46FE693429A906F0009A8E3D;
			remoteInfo = EssentialFeedAPIEndToEndTests;
		};
		4619C8012B4826A9006E43F3 /* PBXContainerItemProxy */ = {
			isa = PBXContainerItemProxy;
			containerPortal = 4619C7F22B4826A9006E43F3 /* EssentialFeed.xcodeproj */;
			proxyType = 2;
			remoteGlobalIDString = 46C956372ABC470D00B6B70A;
			remoteInfo = EssentialFeedCacheIntegrationTests;
		};
		4619C8032B4826A9006E43F3 /* PBXContainerItemProxy */ = {
			isa = PBXContainerItemProxy;
			containerPortal = 4619C7F22B4826A9006E43F3 /* EssentialFeed.xcodeproj */;
			proxyType = 2;
			remoteGlobalIDString = 46C20E222B1A3D880020C943;
			remoteInfo = EssentialFeediOS;
		};
		4619C8052B4826A9006E43F3 /* PBXContainerItemProxy */ = {
			isa = PBXContainerItemProxy;
			containerPortal = 4619C7F22B4826A9006E43F3 /* EssentialFeed.xcodeproj */;
			proxyType = 2;
			remoteGlobalIDString = 46C20E292B1A3D880020C943;
			remoteInfo = EssentialFeediOSTests;
		};
		4619C8102B4826B7006E43F3 /* PBXContainerItemProxy */ = {
			isa = PBXContainerItemProxy;
			containerPortal = 4619C8072B4826B7006E43F3 /* EssentialFeed.xcodeproj */;
			proxyType = 2;
			remoteGlobalIDString = 46A1BC59298FDD5900921DD8;
			remoteInfo = EssentialFeed;
		};
		4619C8122B4826B7006E43F3 /* PBXContainerItemProxy */ = {
			isa = PBXContainerItemProxy;
			containerPortal = 4619C8072B4826B7006E43F3 /* EssentialFeed.xcodeproj */;
			proxyType = 2;
			remoteGlobalIDString = 46A1BC63298FDD5900921DD8;
			remoteInfo = EssentialFeedTests;
		};
		4619C8142B4826B7006E43F3 /* PBXContainerItemProxy */ = {
			isa = PBXContainerItemProxy;
			containerPortal = 4619C8072B4826B7006E43F3 /* EssentialFeed.xcodeproj */;
			proxyType = 2;
			remoteGlobalIDString = 46FE693429A906F0009A8E3D;
			remoteInfo = EssentialFeedAPIEndToEndTests;
		};
		4619C8162B4826B7006E43F3 /* PBXContainerItemProxy */ = {
			isa = PBXContainerItemProxy;
			containerPortal = 4619C8072B4826B7006E43F3 /* EssentialFeed.xcodeproj */;
			proxyType = 2;
			remoteGlobalIDString = 46C956372ABC470D00B6B70A;
			remoteInfo = EssentialFeedCacheIntegrationTests;
		};
		4619C8182B4826B7006E43F3 /* PBXContainerItemProxy */ = {
			isa = PBXContainerItemProxy;
			containerPortal = 4619C8072B4826B7006E43F3 /* EssentialFeed.xcodeproj */;
			proxyType = 2;
			remoteGlobalIDString = 46C20E222B1A3D880020C943;
			remoteInfo = EssentialFeediOS;
		};
		4619C81A2B4826B7006E43F3 /* PBXContainerItemProxy */ = {
			isa = PBXContainerItemProxy;
			containerPortal = 4619C8072B4826B7006E43F3 /* EssentialFeed.xcodeproj */;
			proxyType = 2;
			remoteGlobalIDString = 46C20E292B1A3D880020C943;
			remoteInfo = EssentialFeediOSTests;
		};
/* End PBXContainerItemProxy section */

/* Begin PBXCopyFilesBuildPhase section */
		4619C8292B482707006E43F3 /* Embed Frameworks */ = {
			isa = PBXCopyFilesBuildPhase;
			buildActionMask = 2147483647;
			dstPath = "";
			dstSubfolderSpec = 10;
			files = (
				4619C8262B482707006E43F3 /* EssentialFeed.framework in Embed Frameworks */,
				4619C8282B482707006E43F3 /* EssentialFeediOS.framework in Embed Frameworks */,
			);
			name = "Embed Frameworks";
			runOnlyForDeploymentPostprocessing = 0;
		};
/* End PBXCopyFilesBuildPhase section */

/* Begin PBXFileReference section */
		4619C7CC2B481B75006E43F3 /* EssentialApp.app */ = {isa = PBXFileReference; explicitFileType = wrapper.application; includeInIndex = 0; path = EssentialApp.app; sourceTree = BUILT_PRODUCTS_DIR; };
		4619C7CF2B481B76006E43F3 /* AppDelegate.swift */ = {isa = PBXFileReference; lastKnownFileType = sourcecode.swift; path = AppDelegate.swift; sourceTree = "<group>"; };
		4619C7D12B481B76006E43F3 /* SceneDelegate.swift */ = {isa = PBXFileReference; lastKnownFileType = sourcecode.swift; path = SceneDelegate.swift; sourceTree = "<group>"; };
		4619C7D32B481B76006E43F3 /* ViewController.swift */ = {isa = PBXFileReference; lastKnownFileType = sourcecode.swift; path = ViewController.swift; sourceTree = "<group>"; };
		4619C7D62B481B76006E43F3 /* Base */ = {isa = PBXFileReference; lastKnownFileType = file.storyboard; name = Base; path = Base.lproj/Main.storyboard; sourceTree = "<group>"; };
		4619C7D82B481B77006E43F3 /* Assets.xcassets */ = {isa = PBXFileReference; lastKnownFileType = folder.assetcatalog; path = Assets.xcassets; sourceTree = "<group>"; };
		4619C7DB2B481B77006E43F3 /* Base */ = {isa = PBXFileReference; lastKnownFileType = file.storyboard; name = Base; path = Base.lproj/LaunchScreen.storyboard; sourceTree = "<group>"; };
		4619C7DD2B481B77006E43F3 /* Info.plist */ = {isa = PBXFileReference; lastKnownFileType = text.plist.xml; path = Info.plist; sourceTree = "<group>"; };
		4619C7E92B481D92006E43F3 /* EssentialAppTests.xctest */ = {isa = PBXFileReference; explicitFileType = wrapper.cfbundle; includeInIndex = 0; path = EssentialAppTests.xctest; sourceTree = BUILT_PRODUCTS_DIR; };
		4619C7EB2B481D92006E43F3 /* EssentialAppTests.swift */ = {isa = PBXFileReference; lastKnownFileType = sourcecode.swift; path = EssentialAppTests.swift; sourceTree = "<group>"; };
		4619C7F22B4826A9006E43F3 /* EssentialFeed.xcodeproj */ = {isa = PBXFileReference; lastKnownFileType = "wrapper.pb-project"; name = EssentialFeed.xcodeproj; path = ../../EssentialFeed/EssentialFeed.xcodeproj; sourceTree = "<group>"; };
		4619C8072B4826B7006E43F3 /* EssentialFeed.xcodeproj */ = {isa = PBXFileReference; lastKnownFileType = "wrapper.pb-project"; name = EssentialFeed.xcodeproj; path = ../../EssentialFeed/EssentialFeed.xcodeproj; sourceTree = "<group>"; };
		46A0BEE72B483CC30063D3A0 /* FeedLoaderWithFallbackCompositeTests.swift */ = {isa = PBXFileReference; lastKnownFileType = sourcecode.swift; path = FeedLoaderWithFallbackCompositeTests.swift; sourceTree = "<group>"; };
		46A0BEF52B484C830063D3A0 /* FeedLoaderWithFallbackComposite.swift */ = {isa = PBXFileReference; lastKnownFileType = sourcecode.swift; path = FeedLoaderWithFallbackComposite.swift; sourceTree = "<group>"; };
/* End PBXFileReference section */

/* Begin PBXFrameworksBuildPhase section */
		4619C7C92B481B75006E43F3 /* Frameworks */ = {
			isa = PBXFrameworksBuildPhase;
			buildActionMask = 2147483647;
			files = (
				4619C8252B482707006E43F3 /* EssentialFeed.framework in Frameworks */,
				4619C8272B482707006E43F3 /* EssentialFeediOS.framework in Frameworks */,
			);
			runOnlyForDeploymentPostprocessing = 0;
		};
		4619C7E62B481D92006E43F3 /* Frameworks */ = {
			isa = PBXFrameworksBuildPhase;
			buildActionMask = 2147483647;
			files = (
			);
			runOnlyForDeploymentPostprocessing = 0;
		};
/* End PBXFrameworksBuildPhase section */

/* Begin PBXGroup section */
		4619C7C32B481B75006E43F3 = {
			isa = PBXGroup;
			children = (
				4619C7CE2B481B76006E43F3 /* EssentialApp */,
				4619C7EA2B481D92006E43F3 /* EssentialAppTests */,
				4619C7CD2B481B75006E43F3 /* Products */,
				4619C81E2B482707006E43F3 /* Frameworks */,
			);
			sourceTree = "<group>";
		};
		4619C7CD2B481B75006E43F3 /* Products */ = {
			isa = PBXGroup;
			children = (
				4619C7CC2B481B75006E43F3 /* EssentialApp.app */,
				4619C7E92B481D92006E43F3 /* EssentialAppTests.xctest */,
			);
			name = Products;
			sourceTree = "<group>";
		};
		4619C7CE2B481B76006E43F3 /* EssentialApp */ = {
			isa = PBXGroup;
			children = (
				4619C7CF2B481B76006E43F3 /* AppDelegate.swift */,
				4619C7D12B481B76006E43F3 /* SceneDelegate.swift */,
				4619C7D32B481B76006E43F3 /* ViewController.swift */,
				4619C7D52B481B76006E43F3 /* Main.storyboard */,
				4619C7D82B481B77006E43F3 /* Assets.xcassets */,
				4619C7DA2B481B77006E43F3 /* LaunchScreen.storyboard */,
				4619C7DD2B481B77006E43F3 /* Info.plist */,
				46A0BEF52B484C830063D3A0 /* FeedLoaderWithFallbackComposite.swift */,
			);
			path = EssentialApp;
			sourceTree = "<group>";
		};
		4619C7EA2B481D92006E43F3 /* EssentialAppTests */ = {
			isa = PBXGroup;
			children = (
				4619C7F22B4826A9006E43F3 /* EssentialFeed.xcodeproj */,
				4619C8072B4826B7006E43F3 /* EssentialFeed.xcodeproj */,
				4619C7EB2B481D92006E43F3 /* EssentialAppTests.swift */,
				46A0BEE72B483CC30063D3A0 /* FeedLoaderWithFallbackCompositeTests.swift */,
			);
			path = EssentialAppTests;
			sourceTree = "<group>";
		};
		4619C7F32B4826A9006E43F3 /* Products */ = {
			isa = PBXGroup;
			children = (
				4619C7FC2B4826A9006E43F3 /* EssentialFeed.framework */,
				4619C7FE2B4826A9006E43F3 /* EssentialFeedTests.xctest */,
				4619C8002B4826A9006E43F3 /* EssentialFeedAPIEndToEndTests.xctest */,
				4619C8022B4826A9006E43F3 /* EssentialFeedCacheIntegrationTests.xctest */,
				4619C8042B4826A9006E43F3 /* EssentialFeediOS.framework */,
				4619C8062B4826A9006E43F3 /* EssentialFeediOSTests.xctest */,
			);
			name = Products;
			sourceTree = "<group>";
		};
		4619C8082B4826B7006E43F3 /* Products */ = {
			isa = PBXGroup;
			children = (
				4619C8112B4826B7006E43F3 /* EssentialFeed.framework */,
				4619C8132B4826B7006E43F3 /* EssentialFeedTests.xctest */,
				4619C8152B4826B7006E43F3 /* EssentialFeedAPIEndToEndTests.xctest */,
				4619C8172B4826B7006E43F3 /* EssentialFeedCacheIntegrationTests.xctest */,
				4619C8192B4826B7006E43F3 /* EssentialFeediOS.framework */,
				4619C81B2B4826B7006E43F3 /* EssentialFeediOSTests.xctest */,
			);
			name = Products;
			sourceTree = "<group>";
		};
		4619C81E2B482707006E43F3 /* Frameworks */ = {
			isa = PBXGroup;
			children = (
			);
			name = Frameworks;
			sourceTree = "<group>";
		};
/* End PBXGroup section */

/* Begin PBXNativeTarget section */
		4619C7CB2B481B75006E43F3 /* EssentialApp */ = {
			isa = PBXNativeTarget;
			buildConfigurationList = 4619C7E02B481B77006E43F3 /* Build configuration list for PBXNativeTarget "EssentialApp" */;
			buildPhases = (
				4619C7C82B481B75006E43F3 /* Sources */,
				4619C7C92B481B75006E43F3 /* Frameworks */,
				4619C7CA2B481B75006E43F3 /* Resources */,
				4619C8292B482707006E43F3 /* Embed Frameworks */,
			);
			buildRules = (
			);
			dependencies = (
			);
			name = EssentialApp;
			productName = EssentialApp;
			productReference = 4619C7CC2B481B75006E43F3 /* EssentialApp.app */;
			productType = "com.apple.product-type.application";
		};
		4619C7E82B481D92006E43F3 /* EssentialAppTests */ = {
			isa = PBXNativeTarget;
			buildConfigurationList = 4619C7EF2B481D92006E43F3 /* Build configuration list for PBXNativeTarget "EssentialAppTests" */;
			buildPhases = (
				4619C7E52B481D92006E43F3 /* Sources */,
				4619C7E62B481D92006E43F3 /* Frameworks */,
				4619C7E72B481D92006E43F3 /* Resources */,
			);
			buildRules = (
			);
			dependencies = (
				4619C7EE2B481D92006E43F3 /* PBXTargetDependency */,
			);
			name = EssentialAppTests;
			productName = EssentialAppTests;
			productReference = 4619C7E92B481D92006E43F3 /* EssentialAppTests.xctest */;
			productType = "com.apple.product-type.bundle.unit-test";
		};
/* End PBXNativeTarget section */

/* Begin PBXProject section */
		4619C7C42B481B75006E43F3 /* Project object */ = {
			isa = PBXProject;
			attributes = {
				BuildIndependentTargetsInParallel = 1;
				LastSwiftUpdateCheck = 1500;
				LastUpgradeCheck = 1500;
				TargetAttributes = {
					4619C7CB2B481B75006E43F3 = {
						CreatedOnToolsVersion = 15.0;
					};
					4619C7E82B481D92006E43F3 = {
						CreatedOnToolsVersion = 15.0;
						TestTargetID = 4619C7CB2B481B75006E43F3;
					};
				};
			};
			buildConfigurationList = 4619C7C72B481B75006E43F3 /* Build configuration list for PBXProject "EssentialApp" */;
			compatibilityVersion = "Xcode 14.0";
			developmentRegion = en;
			hasScannedForEncodings = 0;
			knownRegions = (
				en,
				Base,
			);
			mainGroup = 4619C7C32B481B75006E43F3;
			productRefGroup = 4619C7CD2B481B75006E43F3 /* Products */;
			projectDirPath = "";
			projectReferences = (
				{
					ProductGroup = 4619C7F32B4826A9006E43F3 /* Products */;
					ProjectRef = 4619C7F22B4826A9006E43F3 /* EssentialFeed.xcodeproj */;
				},
				{
					ProductGroup = 4619C8082B4826B7006E43F3 /* Products */;
					ProjectRef = 4619C8072B4826B7006E43F3 /* EssentialFeed.xcodeproj */;
				},
			);
			projectRoot = "";
			targets = (
				4619C7CB2B481B75006E43F3 /* EssentialApp */,
				4619C7E82B481D92006E43F3 /* EssentialAppTests */,
			);
		};
/* End PBXProject section */

/* Begin PBXReferenceProxy section */
		4619C7FC2B4826A9006E43F3 /* EssentialFeed.framework */ = {
			isa = PBXReferenceProxy;
			fileType = wrapper.framework;
			path = EssentialFeed.framework;
			remoteRef = 4619C7FB2B4826A9006E43F3 /* PBXContainerItemProxy */;
			sourceTree = BUILT_PRODUCTS_DIR;
		};
		4619C7FE2B4826A9006E43F3 /* EssentialFeedTests.xctest */ = {
			isa = PBXReferenceProxy;
			fileType = wrapper.cfbundle;
			path = EssentialFeedTests.xctest;
			remoteRef = 4619C7FD2B4826A9006E43F3 /* PBXContainerItemProxy */;
			sourceTree = BUILT_PRODUCTS_DIR;
		};
		4619C8002B4826A9006E43F3 /* EssentialFeedAPIEndToEndTests.xctest */ = {
			isa = PBXReferenceProxy;
			fileType = wrapper.cfbundle;
			path = EssentialFeedAPIEndToEndTests.xctest;
			remoteRef = 4619C7FF2B4826A9006E43F3 /* PBXContainerItemProxy */;
			sourceTree = BUILT_PRODUCTS_DIR;
		};
		4619C8022B4826A9006E43F3 /* EssentialFeedCacheIntegrationTests.xctest */ = {
			isa = PBXReferenceProxy;
			fileType = wrapper.cfbundle;
			path = EssentialFeedCacheIntegrationTests.xctest;
			remoteRef = 4619C8012B4826A9006E43F3 /* PBXContainerItemProxy */;
			sourceTree = BUILT_PRODUCTS_DIR;
		};
		4619C8042B4826A9006E43F3 /* EssentialFeediOS.framework */ = {
			isa = PBXReferenceProxy;
			fileType = wrapper.framework;
			path = EssentialFeediOS.framework;
			remoteRef = 4619C8032B4826A9006E43F3 /* PBXContainerItemProxy */;
			sourceTree = BUILT_PRODUCTS_DIR;
		};
		4619C8062B4826A9006E43F3 /* EssentialFeediOSTests.xctest */ = {
			isa = PBXReferenceProxy;
			fileType = wrapper.cfbundle;
			path = EssentialFeediOSTests.xctest;
			remoteRef = 4619C8052B4826A9006E43F3 /* PBXContainerItemProxy */;
			sourceTree = BUILT_PRODUCTS_DIR;
		};
		4619C8112B4826B7006E43F3 /* EssentialFeed.framework */ = {
			isa = PBXReferenceProxy;
			fileType = wrapper.framework;
			path = EssentialFeed.framework;
			remoteRef = 4619C8102B4826B7006E43F3 /* PBXContainerItemProxy */;
			sourceTree = BUILT_PRODUCTS_DIR;
		};
		4619C8132B4826B7006E43F3 /* EssentialFeedTests.xctest */ = {
			isa = PBXReferenceProxy;
			fileType = wrapper.cfbundle;
			path = EssentialFeedTests.xctest;
			remoteRef = 4619C8122B4826B7006E43F3 /* PBXContainerItemProxy */;
			sourceTree = BUILT_PRODUCTS_DIR;
		};
		4619C8152B4826B7006E43F3 /* EssentialFeedAPIEndToEndTests.xctest */ = {
			isa = PBXReferenceProxy;
			fileType = wrapper.cfbundle;
			path = EssentialFeedAPIEndToEndTests.xctest;
			remoteRef = 4619C8142B4826B7006E43F3 /* PBXContainerItemProxy */;
			sourceTree = BUILT_PRODUCTS_DIR;
		};
		4619C8172B4826B7006E43F3 /* EssentialFeedCacheIntegrationTests.xctest */ = {
			isa = PBXReferenceProxy;
			fileType = wrapper.cfbundle;
			path = EssentialFeedCacheIntegrationTests.xctest;
			remoteRef = 4619C8162B4826B7006E43F3 /* PBXContainerItemProxy */;
			sourceTree = BUILT_PRODUCTS_DIR;
		};
		4619C8192B4826B7006E43F3 /* EssentialFeediOS.framework */ = {
			isa = PBXReferenceProxy;
			fileType = wrapper.framework;
			path = EssentialFeediOS.framework;
			remoteRef = 4619C8182B4826B7006E43F3 /* PBXContainerItemProxy */;
			sourceTree = BUILT_PRODUCTS_DIR;
		};
		4619C81B2B4826B7006E43F3 /* EssentialFeediOSTests.xctest */ = {
			isa = PBXReferenceProxy;
			fileType = wrapper.cfbundle;
			path = EssentialFeediOSTests.xctest;
			remoteRef = 4619C81A2B4826B7006E43F3 /* PBXContainerItemProxy */;
			sourceTree = BUILT_PRODUCTS_DIR;
		};
/* End PBXReferenceProxy section */

/* Begin PBXResourcesBuildPhase section */
		4619C7CA2B481B75006E43F3 /* Resources */ = {
			isa = PBXResourcesBuildPhase;
			buildActionMask = 2147483647;
			files = (
				4619C7DC2B481B77006E43F3 /* LaunchScreen.storyboard in Resources */,
				4619C7D92B481B77006E43F3 /* Assets.xcassets in Resources */,
				4619C7D72B481B76006E43F3 /* Main.storyboard in Resources */,
			);
			runOnlyForDeploymentPostprocessing = 0;
		};
		4619C7E72B481D92006E43F3 /* Resources */ = {
			isa = PBXResourcesBuildPhase;
			buildActionMask = 2147483647;
			files = (
			);
			runOnlyForDeploymentPostprocessing = 0;
		};
/* End PBXResourcesBuildPhase section */

/* Begin PBXSourcesBuildPhase section */
		4619C7C82B481B75006E43F3 /* Sources */ = {
			isa = PBXSourcesBuildPhase;
			buildActionMask = 2147483647;
			files = (
				4619C7D42B481B76006E43F3 /* ViewController.swift in Sources */,
				4619C7D02B481B76006E43F3 /* AppDelegate.swift in Sources */,
				46A0BEF62B484C830063D3A0 /* FeedLoaderWithFallbackComposite.swift in Sources */,
				4619C7D22B481B76006E43F3 /* SceneDelegate.swift in Sources */,
			);
			runOnlyForDeploymentPostprocessing = 0;
		};
		4619C7E52B481D92006E43F3 /* Sources */ = {
			isa = PBXSourcesBuildPhase;
			buildActionMask = 2147483647;
			files = (
				46A0BEE82B483CC30063D3A0 /* FeedLoaderWithFallbackCompositeTests.swift in Sources */,
				4619C7EC2B481D92006E43F3 /* EssentialAppTests.swift in Sources */,
			);
			runOnlyForDeploymentPostprocessing = 0;
		};
/* End PBXSourcesBuildPhase section */

/* Begin PBXTargetDependency section */
		4619C7EE2B481D92006E43F3 /* PBXTargetDependency */ = {
			isa = PBXTargetDependency;
			target = 4619C7CB2B481B75006E43F3 /* EssentialApp */;
			targetProxy = 4619C7ED2B481D92006E43F3 /* PBXContainerItemProxy */;
		};
/* End PBXTargetDependency section */

/* Begin PBXVariantGroup section */
		4619C7D52B481B76006E43F3 /* Main.storyboard */ = {
			isa = PBXVariantGroup;
			children = (
				4619C7D62B481B76006E43F3 /* Base */,
			);
			name = Main.storyboard;
			sourceTree = "<group>";
		};
		4619C7DA2B481B77006E43F3 /* LaunchScreen.storyboard */ = {
			isa = PBXVariantGroup;
			children = (
				4619C7DB2B481B77006E43F3 /* Base */,
			);
			name = LaunchScreen.storyboard;
			sourceTree = "<group>";
		};
/* End PBXVariantGroup section */

/* Begin XCBuildConfiguration section */
		4619C7DE2B481B77006E43F3 /* Debug */ = {
			isa = XCBuildConfiguration;
			buildSettings = {
				ALWAYS_SEARCH_USER_PATHS = NO;
				ASSETCATALOG_COMPILER_GENERATE_SWIFT_ASSET_SYMBOL_EXTENSIONS = YES;
				CLANG_ANALYZER_NONNULL = YES;
				CLANG_ANALYZER_NUMBER_OBJECT_CONVERSION = YES_AGGRESSIVE;
				CLANG_CXX_LANGUAGE_STANDARD = "gnu++20";
				CLANG_ENABLE_MODULES = YES;
				CLANG_ENABLE_OBJC_ARC = YES;
				CLANG_ENABLE_OBJC_WEAK = YES;
				CLANG_WARN_BLOCK_CAPTURE_AUTORELEASING = YES;
				CLANG_WARN_BOOL_CONVERSION = YES;
				CLANG_WARN_COMMA = YES;
				CLANG_WARN_CONSTANT_CONVERSION = YES;
				CLANG_WARN_DEPRECATED_OBJC_IMPLEMENTATIONS = YES;
				CLANG_WARN_DIRECT_OBJC_ISA_USAGE = YES_ERROR;
				CLANG_WARN_DOCUMENTATION_COMMENTS = YES;
				CLANG_WARN_EMPTY_BODY = YES;
				CLANG_WARN_ENUM_CONVERSION = YES;
				CLANG_WARN_INFINITE_RECURSION = YES;
				CLANG_WARN_INT_CONVERSION = YES;
				CLANG_WARN_NON_LITERAL_NULL_CONVERSION = YES;
				CLANG_WARN_OBJC_IMPLICIT_RETAIN_SELF = YES;
				CLANG_WARN_OBJC_LITERAL_CONVERSION = YES;
				CLANG_WARN_OBJC_ROOT_CLASS = YES_ERROR;
				CLANG_WARN_QUOTED_INCLUDE_IN_FRAMEWORK_HEADER = YES;
				CLANG_WARN_RANGE_LOOP_ANALYSIS = YES;
				CLANG_WARN_STRICT_PROTOTYPES = YES;
				CLANG_WARN_SUSPICIOUS_MOVE = YES;
				CLANG_WARN_UNGUARDED_AVAILABILITY = YES_AGGRESSIVE;
				CLANG_WARN_UNREACHABLE_CODE = YES;
				CLANG_WARN__DUPLICATE_METHOD_MATCH = YES;
				COPY_PHASE_STRIP = NO;
				DEBUG_INFORMATION_FORMAT = dwarf;
				ENABLE_STRICT_OBJC_MSGSEND = YES;
				ENABLE_TESTABILITY = YES;
				ENABLE_USER_SCRIPT_SANDBOXING = YES;
				GCC_C_LANGUAGE_STANDARD = gnu17;
				GCC_DYNAMIC_NO_PIC = NO;
				GCC_NO_COMMON_BLOCKS = YES;
				GCC_OPTIMIZATION_LEVEL = 0;
				GCC_PREPROCESSOR_DEFINITIONS = (
					"DEBUG=1",
					"$(inherited)",
				);
				GCC_WARN_64_TO_32_BIT_CONVERSION = YES;
				GCC_WARN_ABOUT_RETURN_TYPE = YES_ERROR;
				GCC_WARN_UNDECLARED_SELECTOR = YES;
				GCC_WARN_UNINITIALIZED_AUTOS = YES_AGGRESSIVE;
				GCC_WARN_UNUSED_FUNCTION = YES;
				GCC_WARN_UNUSED_VARIABLE = YES;
				IPHONEOS_DEPLOYMENT_TARGET = 17.0;
				LOCALIZATION_PREFERS_STRING_CATALOGS = YES;
				MTL_ENABLE_DEBUG_INFO = INCLUDE_SOURCE;
				MTL_FAST_MATH = YES;
				ONLY_ACTIVE_ARCH = YES;
				SDKROOT = iphoneos;
				SWIFT_ACTIVE_COMPILATION_CONDITIONS = "DEBUG $(inherited)";
				SWIFT_OPTIMIZATION_LEVEL = "-Onone";
			};
			name = Debug;
		};
		4619C7DF2B481B77006E43F3 /* Release */ = {
			isa = XCBuildConfiguration;
			buildSettings = {
				ALWAYS_SEARCH_USER_PATHS = NO;
				ASSETCATALOG_COMPILER_GENERATE_SWIFT_ASSET_SYMBOL_EXTENSIONS = YES;
				CLANG_ANALYZER_NONNULL = YES;
				CLANG_ANALYZER_NUMBER_OBJECT_CONVERSION = YES_AGGRESSIVE;
				CLANG_CXX_LANGUAGE_STANDARD = "gnu++20";
				CLANG_ENABLE_MODULES = YES;
				CLANG_ENABLE_OBJC_ARC = YES;
				CLANG_ENABLE_OBJC_WEAK = YES;
				CLANG_WARN_BLOCK_CAPTURE_AUTORELEASING = YES;
				CLANG_WARN_BOOL_CONVERSION = YES;
				CLANG_WARN_COMMA = YES;
				CLANG_WARN_CONSTANT_CONVERSION = YES;
				CLANG_WARN_DEPRECATED_OBJC_IMPLEMENTATIONS = YES;
				CLANG_WARN_DIRECT_OBJC_ISA_USAGE = YES_ERROR;
				CLANG_WARN_DOCUMENTATION_COMMENTS = YES;
				CLANG_WARN_EMPTY_BODY = YES;
				CLANG_WARN_ENUM_CONVERSION = YES;
				CLANG_WARN_INFINITE_RECURSION = YES;
				CLANG_WARN_INT_CONVERSION = YES;
				CLANG_WARN_NON_LITERAL_NULL_CONVERSION = YES;
				CLANG_WARN_OBJC_IMPLICIT_RETAIN_SELF = YES;
				CLANG_WARN_OBJC_LITERAL_CONVERSION = YES;
				CLANG_WARN_OBJC_ROOT_CLASS = YES_ERROR;
				CLANG_WARN_QUOTED_INCLUDE_IN_FRAMEWORK_HEADER = YES;
				CLANG_WARN_RANGE_LOOP_ANALYSIS = YES;
				CLANG_WARN_STRICT_PROTOTYPES = YES;
				CLANG_WARN_SUSPICIOUS_MOVE = YES;
				CLANG_WARN_UNGUARDED_AVAILABILITY = YES_AGGRESSIVE;
				CLANG_WARN_UNREACHABLE_CODE = YES;
				CLANG_WARN__DUPLICATE_METHOD_MATCH = YES;
				COPY_PHASE_STRIP = NO;
				DEBUG_INFORMATION_FORMAT = "dwarf-with-dsym";
				ENABLE_NS_ASSERTIONS = NO;
				ENABLE_STRICT_OBJC_MSGSEND = YES;
				ENABLE_USER_SCRIPT_SANDBOXING = YES;
				GCC_C_LANGUAGE_STANDARD = gnu17;
				GCC_NO_COMMON_BLOCKS = YES;
				GCC_WARN_64_TO_32_BIT_CONVERSION = YES;
				GCC_WARN_ABOUT_RETURN_TYPE = YES_ERROR;
				GCC_WARN_UNDECLARED_SELECTOR = YES;
				GCC_WARN_UNINITIALIZED_AUTOS = YES_AGGRESSIVE;
				GCC_WARN_UNUSED_FUNCTION = YES;
				GCC_WARN_UNUSED_VARIABLE = YES;
				IPHONEOS_DEPLOYMENT_TARGET = 17.0;
				LOCALIZATION_PREFERS_STRING_CATALOGS = YES;
				MTL_ENABLE_DEBUG_INFO = NO;
				MTL_FAST_MATH = YES;
				SDKROOT = iphoneos;
				SWIFT_COMPILATION_MODE = wholemodule;
				VALIDATE_PRODUCT = YES;
			};
			name = Release;
		};
		4619C7E12B481B77006E43F3 /* Debug */ = {
			isa = XCBuildConfiguration;
			buildSettings = {
				ASSETCATALOG_COMPILER_APPICON_NAME = AppIcon;
				ASSETCATALOG_COMPILER_GLOBAL_ACCENT_COLOR_NAME = AccentColor;
				CODE_SIGN_STYLE = Automatic;
				CURRENT_PROJECT_VERSION = 1;
				DEVELOPMENT_TEAM = 522S3NWCM9;
				GENERATE_INFOPLIST_FILE = YES;
				INFOPLIST_FILE = EssentialApp/Info.plist;
				INFOPLIST_KEY_UIApplicationSupportsIndirectInputEvents = YES;
				INFOPLIST_KEY_UILaunchStoryboardName = LaunchScreen;
				INFOPLIST_KEY_UIMainStoryboardFile = Main;
				INFOPLIST_KEY_UISupportedInterfaceOrientations = UIInterfaceOrientationPortrait;
				INFOPLIST_KEY_UISupportedInterfaceOrientations_iPad = "UIInterfaceOrientationPortrait UIInterfaceOrientationPortraitUpsideDown";
				LD_RUNPATH_SEARCH_PATHS = (
					"$(inherited)",
					"@executable_path/Frameworks",
				);
				MARKETING_VERSION = 1.0;
				PRODUCT_BUNDLE_IDENTIFIER = beccahalford.EssentialApp;
				PRODUCT_NAME = "$(TARGET_NAME)";
				SWIFT_EMIT_LOC_STRINGS = YES;
				SWIFT_VERSION = 5.0;
				TARGETED_DEVICE_FAMILY = "1,2";
			};
			name = Debug;
		};
		4619C7E22B481B77006E43F3 /* Release */ = {
			isa = XCBuildConfiguration;
			buildSettings = {
				ASSETCATALOG_COMPILER_APPICON_NAME = AppIcon;
				ASSETCATALOG_COMPILER_GLOBAL_ACCENT_COLOR_NAME = AccentColor;
				CODE_SIGN_STYLE = Automatic;
				CURRENT_PROJECT_VERSION = 1;
				DEVELOPMENT_TEAM = 522S3NWCM9;
				GENERATE_INFOPLIST_FILE = YES;
				INFOPLIST_FILE = EssentialApp/Info.plist;
				INFOPLIST_KEY_UIApplicationSupportsIndirectInputEvents = YES;
				INFOPLIST_KEY_UILaunchStoryboardName = LaunchScreen;
				INFOPLIST_KEY_UIMainStoryboardFile = Main;
				INFOPLIST_KEY_UISupportedInterfaceOrientations = UIInterfaceOrientationPortrait;
				INFOPLIST_KEY_UISupportedInterfaceOrientations_iPad = "UIInterfaceOrientationPortrait UIInterfaceOrientationPortraitUpsideDown";
				LD_RUNPATH_SEARCH_PATHS = (
					"$(inherited)",
					"@executable_path/Frameworks",
				);
				MARKETING_VERSION = 1.0;
				PRODUCT_BUNDLE_IDENTIFIER = beccahalford.EssentialApp;
				PRODUCT_NAME = "$(TARGET_NAME)";
				SWIFT_EMIT_LOC_STRINGS = YES;
				SWIFT_VERSION = 5.0;
				TARGETED_DEVICE_FAMILY = "1,2";
			};
			name = Release;
		};
		4619C7F02B481D92006E43F3 /* Debug */ = {
			isa = XCBuildConfiguration;
			buildSettings = {
				BUNDLE_LOADER = "$(TEST_HOST)";
				CODE_SIGN_STYLE = Automatic;
				CURRENT_PROJECT_VERSION = 1;
				DEVELOPMENT_TEAM = 522S3NWCM9;
				GENERATE_INFOPLIST_FILE = YES;
				MARKETING_VERSION = 1.0;
				PRODUCT_BUNDLE_IDENTIFIER = beccahalford.EssentialAppTests;
				PRODUCT_NAME = "$(TARGET_NAME)";
				SWIFT_EMIT_LOC_STRINGS = NO;
				SWIFT_VERSION = 5.0;
				TARGETED_DEVICE_FAMILY = "1,2";
				TEST_HOST = "$(BUILT_PRODUCTS_DIR)/EssentialApp.app/$(BUNDLE_EXECUTABLE_FOLDER_PATH)/EssentialApp";
			};
			name = Debug;
		};
		4619C7F12B481D92006E43F3 /* Release */ = {
			isa = XCBuildConfiguration;
			buildSettings = {
				BUNDLE_LOADER = "$(TEST_HOST)";
				CODE_SIGN_STYLE = Automatic;
				CURRENT_PROJECT_VERSION = 1;
				DEVELOPMENT_TEAM = 522S3NWCM9;
				GENERATE_INFOPLIST_FILE = YES;
				MARKETING_VERSION = 1.0;
				PRODUCT_BUNDLE_IDENTIFIER = beccahalford.EssentialAppTests;
				PRODUCT_NAME = "$(TARGET_NAME)";
				SWIFT_EMIT_LOC_STRINGS = NO;
				SWIFT_VERSION = 5.0;
				TARGETED_DEVICE_FAMILY = "1,2";
				TEST_HOST = "$(BUILT_PRODUCTS_DIR)/EssentialApp.app/$(BUNDLE_EXECUTABLE_FOLDER_PATH)/EssentialApp";
			};
			name = Release;
		};
/* End XCBuildConfiguration section */

/* Begin XCConfigurationList section */
		4619C7C72B481B75006E43F3 /* Build configuration list for PBXProject "EssentialApp" */ = {
			isa = XCConfigurationList;
			buildConfigurations = (
				4619C7DE2B481B77006E43F3 /* Debug */,
				4619C7DF2B481B77006E43F3 /* Release */,
			);
			defaultConfigurationIsVisible = 0;
			defaultConfigurationName = Release;
		};
		4619C7E02B481B77006E43F3 /* Build configuration list for PBXNativeTarget "EssentialApp" */ = {
			isa = XCConfigurationList;
			buildConfigurations = (
				4619C7E12B481B77006E43F3 /* Debug */,
				4619C7E22B481B77006E43F3 /* Release */,
			);
			defaultConfigurationIsVisible = 0;
			defaultConfigurationName = Release;
		};
		4619C7EF2B481D92006E43F3 /* Build configuration list for PBXNativeTarget "EssentialAppTests" */ = {
			isa = XCConfigurationList;
			buildConfigurations = (
				4619C7F02B481D92006E43F3 /* Debug */,
				4619C7F12B481D92006E43F3 /* Release */,
			);
			defaultConfigurationIsVisible = 0;
			defaultConfigurationName = Release;
		};
/* End XCConfigurationList section */
	};
	rootObject = 4619C7C42B481B75006E43F3 /* Project object */;
}
