// !$*UTF8*$!
{
	archiveVersion = 1;
	classes = {
	};
	objectVersion = 56;
	objects = {

/* Begin PBXBuildFile section */
		4619C7D02B481B76006E43F3 /* AppDelegate.swift in Sources */ = {isa = PBXBuildFile; fileRef = 4619C7CF2B481B76006E43F3 /* AppDelegate.swift */; };
		4619C7D22B481B76006E43F3 /* SceneDelegate.swift in Sources */ = {isa = PBXBuildFile; fileRef = 4619C7D12B481B76006E43F3 /* SceneDelegate.swift */; };
		4619C7D42B481B76006E43F3 /* ViewController.swift in Sources */ = {isa = PBXBuildFile; fileRef = 4619C7D32B481B76006E43F3 /* ViewController.swift */; };
		4619C7D92B481B77006E43F3 /* Assets.xcassets in Resources */ = {isa = PBXBuildFile; fileRef = 4619C7D82B481B77006E43F3 /* Assets.xcassets */; };
		4619C7DC2B481B77006E43F3 /* LaunchScreen.storyboard in Resources */ = {isa = PBXBuildFile; fileRef = 4619C7DA2B481B77006E43F3 /* LaunchScreen.storyboard */; };
		4619C7EC2B481D92006E43F3 /* EssentialAppTests.swift in Sources */ = {isa = PBXBuildFile; fileRef = 4619C7EB2B481D92006E43F3 /* EssentialAppTests.swift */; };
		4619C8252B482707006E43F3 /* EssentialFeed.framework in Frameworks */ = {isa = PBXBuildFile; fileRef = 4619C7FC2B4826A9006E43F3 /* EssentialFeed.framework */; };
		4619C8262B482707006E43F3 /* EssentialFeed.framework in Embed Frameworks */ = {isa = PBXBuildFile; fileRef = 4619C7FC2B4826A9006E43F3 /* EssentialFeed.framework */; settings = {ATTRIBUTES = (CodeSignOnCopy, RemoveHeadersOnCopy, ); }; };
		4619C8272B482707006E43F3 /* EssentialFeediOS.framework in Frameworks */ = {isa = PBXBuildFile; fileRef = 4619C8042B4826A9006E43F3 /* EssentialFeediOS.framework */; };
		4619C8282B482707006E43F3 /* EssentialFeediOS.framework in Embed Frameworks */ = {isa = PBXBuildFile; fileRef = 4619C8042B4826A9006E43F3 /* EssentialFeediOS.framework */; settings = {ATTRIBUTES = (CodeSignOnCopy, RemoveHeadersOnCopy, ); }; };
		461ABFB82B5184BF0050C62A /* UIView+TestHelpers.swift in Sources */ = {isa = PBXBuildFile; fileRef = 461ABFB72B5184BF0050C62A /* UIView+TestHelpers.swift */; };
		46A0BEE82B483CC30063D3A0 /* FeedLoaderWithFallbackCompositeTests.swift in Sources */ = {isa = PBXBuildFile; fileRef = 46A0BEE72B483CC30063D3A0 /* FeedLoaderWithFallbackCompositeTests.swift */; };
		46A0BEF62B484C830063D3A0 /* FeedLoaderWithFallbackComposite.swift in Sources */ = {isa = PBXBuildFile; fileRef = 46A0BEF52B484C830063D3A0 /* FeedLoaderWithFallbackComposite.swift */; };
		46A0BEF82B484D2E0063D3A0 /* FeedImageDataLoaderWithFallbackComposite.swift in Sources */ = {isa = PBXBuildFile; fileRef = 46A0BEF72B484D2E0063D3A0 /* FeedImageDataLoaderWithFallbackComposite.swift */; };
		46A0BEFA2B4850740063D3A0 /* FeedImageDataLoaderWithFallbackComposite.swift in Sources */ = {isa = PBXBuildFile; fileRef = 46A0BEF92B4850740063D3A0 /* FeedImageDataLoaderWithFallbackComposite.swift */; };
		46A0BEFC2B4850BF0063D3A0 /* XCTestCase+MemoryLeakTracking.swift in Sources */ = {isa = PBXBuildFile; fileRef = 46A0BEFB2B4850BF0063D3A0 /* XCTestCase+MemoryLeakTracking.swift */; };
		46A0BEFF2B48511D0063D3A0 /* SharedTestHelpers.swift in Sources */ = {isa = PBXBuildFile; fileRef = 46A0BEFE2B48511D0063D3A0 /* SharedTestHelpers.swift */; };
		46BBB4382B4C054A00335765 /* FeedLoaderCacheDecoratorTests.swift in Sources */ = {isa = PBXBuildFile; fileRef = 46BBB4372B4C054A00335765 /* FeedLoaderCacheDecoratorTests.swift */; };
		46BBB43A2B4C07DD00335765 /* FeedLoaderStub.swift in Sources */ = {isa = PBXBuildFile; fileRef = 46BBB4392B4C07DD00335765 /* FeedLoaderStub.swift */; };
		46BBB43C2B4C08EE00335765 /* XCTestCase+FeedLoader.swift in Sources */ = {isa = PBXBuildFile; fileRef = 46BBB43B2B4C08EE00335765 /* XCTestCase+FeedLoader.swift */; };
		46BBB4402B4C12DA00335765 /* FeedLoaderCacheDecorator.swift in Sources */ = {isa = PBXBuildFile; fileRef = 46BBB43F2B4C12DA00335765 /* FeedLoaderCacheDecorator.swift */; };
		46BBB4422B4C144500335765 /* FeedImageDataLoaderCacheDecoratorTests.swift in Sources */ = {isa = PBXBuildFile; fileRef = 46BBB4412B4C144500335765 /* FeedImageDataLoaderCacheDecoratorTests.swift */; };
		46BBB4442B4C151800335765 /* XCTestCase+FeedImageDataLoader.swift in Sources */ = {isa = PBXBuildFile; fileRef = 46BBB4432B4C151800335765 /* XCTestCase+FeedImageDataLoader.swift */; };
		46BBB4462B4C16B200335765 /* FeedImageDataLoaderSpy.swift in Sources */ = {isa = PBXBuildFile; fileRef = 46BBB4452B4C16B200335765 /* FeedImageDataLoaderSpy.swift */; };
		46BBB44A2B4C18C800335765 /* FeedImageDataLoaderCacheDecorator.swift in Sources */ = {isa = PBXBuildFile; fileRef = 46BBB4492B4C18C800335765 /* FeedImageDataLoaderCacheDecorator.swift */; };
		46BBB4562B4C383900335765 /* EssentialAppUIAcceptanceTests.swift in Sources */ = {isa = PBXBuildFile; fileRef = 46BBB4552B4C383900335765 /* EssentialAppUIAcceptanceTests.swift */; };
		46BBB4582B4C383900335765 /* EssentialAppUIAcceptanceTestsLaunchTests.swift in Sources */ = {isa = PBXBuildFile; fileRef = 46BBB4572B4C383900335765 /* EssentialAppUIAcceptanceTestsLaunchTests.swift */; };
		46BBB46B2B4C4E6500335765 /* DebuggingSceneDelegate.swift in Sources */ = {isa = PBXBuildFile; fileRef = 46BBB46A2B4C4E6500335765 /* DebuggingSceneDelegate.swift */; };
		46CD587A2B5E80BA00049479 /* LoadResourcePresentationAdapter.swift in Sources */ = {isa = PBXBuildFile; fileRef = 46CD58792B5E80BA00049479 /* LoadResourcePresentationAdapter.swift */; };
		46CE77512B55661000061B1C /* CombineHelpers.swift in Sources */ = {isa = PBXBuildFile; fileRef = 46CE77502B55661000061B1C /* CombineHelpers.swift */; };
		46D266602B514DB500DEA89D /* SceneDelegateTests.swift in Sources */ = {isa = PBXBuildFile; fileRef = 46D266522B514DAB00DEA89D /* SceneDelegateTests.swift */; };
		46D266B02B51550C00DEA89D /* FeedImageCell+TestHelpers.swift in Sources */ = {isa = PBXBuildFile; fileRef = 46D266AD2B51550B00DEA89D /* FeedImageCell+TestHelpers.swift */; };
		46D266B12B51550C00DEA89D /* FeedUIIntegrationTestsr+Localization.swift in Sources */ = {isa = PBXBuildFile; fileRef = 46D266A62B51550B00DEA89D /* FeedUIIntegrationTestsr+Localization.swift */; };
		46D266B22B51550C00DEA89D /* FeedUIIntegrationTests+LoaderSpy.swift in Sources */ = {isa = PBXBuildFile; fileRef = 46D266AE2B51550B00DEA89D /* FeedUIIntegrationTests+LoaderSpy.swift */; };
		46D266B32B51550C00DEA89D /* FeedUIIntegrationTests+Assertions.swift in Sources */ = {isa = PBXBuildFile; fileRef = 46D266AF2B51550C00DEA89D /* FeedUIIntegrationTests+Assertions.swift */; };
		46D266B42B51550C00DEA89D /* FeedViewController+TestHelpers.swift in Sources */ = {isa = PBXBuildFile; fileRef = 46D266AC2B51550B00DEA89D /* FeedViewController+TestHelpers.swift */; };
		46D266B62B51552D00DEA89D /* FeedUIIntegrationTests.swift in Sources */ = {isa = PBXBuildFile; fileRef = 46D266B52B51552D00DEA89D /* FeedUIIntegrationTests.swift */; };
		46D266B72B5156D700DEA89D /* UIRefreshControl+TestHelpers.swift in Sources */ = {isa = PBXBuildFile; fileRef = 46D266AA2B51550B00DEA89D /* UIRefreshControl+TestHelpers.swift */; };
		46D266B82B5156D900DEA89D /* UIButton+TestHelpers.swift in Sources */ = {isa = PBXBuildFile; fileRef = 46D266A72B51550B00DEA89D /* UIButton+TestHelpers.swift */; };
		46D266B92B5156E100DEA89D /* UIControl+TestHelpers.swift in Sources */ = {isa = PBXBuildFile; fileRef = 46D266A82B51550B00DEA89D /* UIControl+TestHelpers.swift */; };
		46D266BA2B5156E300DEA89D /* UIImage+TestHelpers.swift in Sources */ = {isa = PBXBuildFile; fileRef = 46D266A92B51550B00DEA89D /* UIImage+TestHelpers.swift */; };
		46D266BD2B51571B00DEA89D /* MainQueueDispatchDecorator.swift in Sources */ = {isa = PBXBuildFile; fileRef = 46D266942B5154DB00DEA89D /* MainQueueDispatchDecorator.swift */; };
		46D266BE2B51571E00DEA89D /* FeedUIComposer.swift in Sources */ = {isa = PBXBuildFile; fileRef = 46D266932B5154DB00DEA89D /* FeedUIComposer.swift */; };
		46D266BF2B51572200DEA89D /* WeakRefVirtualProxy.swift in Sources */ = {isa = PBXBuildFile; fileRef = 46D266952B5154DB00DEA89D /* WeakRefVirtualProxy.swift */; };
		46D266C02B51572400DEA89D /* FeedImageDataLoaderPresentationAdapter.swift in Sources */ = {isa = PBXBuildFile; fileRef = 46D266962B5154DB00DEA89D /* FeedImageDataLoaderPresentationAdapter.swift */; };
		46D266C12B51572700DEA89D /* FeedLoaderPresentationAdapter.swift in Sources */ = {isa = PBXBuildFile; fileRef = 46D266972B5154DB00DEA89D /* FeedLoaderPresentationAdapter.swift */; };
		46D266C22B51572900DEA89D /* FeedViewAdapter.swift in Sources */ = {isa = PBXBuildFile; fileRef = 46D266982B5154DB00DEA89D /* FeedViewAdapter.swift */; };
		46D266C52B5157B100DEA89D /* FeedAcceptanceTests.swift in Sources */ = {isa = PBXBuildFile; fileRef = 46D266C42B5157B100DEA89D /* FeedAcceptanceTests.swift */; };
		46D266C72B5162BC00DEA89D /* HTTPClientStub.swift in Sources */ = {isa = PBXBuildFile; fileRef = 46D266C62B5162BC00DEA89D /* HTTPClientStub.swift */; };
		46D266C92B51630A00DEA89D /* InMemoryFeedStore.swift in Sources */ = {isa = PBXBuildFile; fileRef = 46D266C82B51630A00DEA89D /* InMemoryFeedStore.swift */; };
/* End PBXBuildFile section */

/* Begin PBXContainerItemProxy section */
		4619C7ED2B481D92006E43F3 /* PBXContainerItemProxy */ = {
			isa = PBXContainerItemProxy;
			containerPortal = 4619C7C42B481B75006E43F3 /* Project object */;
			proxyType = 1;
			remoteGlobalIDString = 4619C7CB2B481B75006E43F3;
			remoteInfo = EssentialApp;
		};
		4619C7FB2B4826A9006E43F3 /* PBXContainerItemProxy */ = {
			isa = PBXContainerItemProxy;
			containerPortal = 4619C7F22B4826A9006E43F3 /* EssentialFeed.xcodeproj */;
			proxyType = 2;
			remoteGlobalIDString = 46A1BC59298FDD5900921DD8;
			remoteInfo = EssentialFeed;
		};
		4619C7FD2B4826A9006E43F3 /* PBXContainerItemProxy */ = {
			isa = PBXContainerItemProxy;
			containerPortal = 4619C7F22B4826A9006E43F3 /* EssentialFeed.xcodeproj */;
			proxyType = 2;
			remoteGlobalIDString = 46A1BC63298FDD5900921DD8;
			remoteInfo = EssentialFeedTests;
		};
		4619C7FF2B4826A9006E43F3 /* PBXContainerItemProxy */ = {
			isa = PBXContainerItemProxy;
			containerPortal = 4619C7F22B4826A9006E43F3 /* EssentialFeed.xcodeproj */;
			proxyType = 2;
			remoteGlobalIDString = 46FE693429A906F0009A8E3D;
			remoteInfo = EssentialFeedAPIEndToEndTests;
		};
		4619C8012B4826A9006E43F3 /* PBXContainerItemProxy */ = {
			isa = PBXContainerItemProxy;
			containerPortal = 4619C7F22B4826A9006E43F3 /* EssentialFeed.xcodeproj */;
			proxyType = 2;
			remoteGlobalIDString = 46C956372ABC470D00B6B70A;
			remoteInfo = EssentialFeedCacheIntegrationTests;
		};
		4619C8032B4826A9006E43F3 /* PBXContainerItemProxy */ = {
			isa = PBXContainerItemProxy;
			containerPortal = 4619C7F22B4826A9006E43F3 /* EssentialFeed.xcodeproj */;
			proxyType = 2;
			remoteGlobalIDString = 46C20E222B1A3D880020C943;
			remoteInfo = EssentialFeediOS;
		};
		4619C8052B4826A9006E43F3 /* PBXContainerItemProxy */ = {
			isa = PBXContainerItemProxy;
			containerPortal = 4619C7F22B4826A9006E43F3 /* EssentialFeed.xcodeproj */;
			proxyType = 2;
			remoteGlobalIDString = 46C20E292B1A3D880020C943;
			remoteInfo = EssentialFeediOSTests;
		};
		4619C8102B4826B7006E43F3 /* PBXContainerItemProxy */ = {
			isa = PBXContainerItemProxy;
			containerPortal = 4619C8072B4826B7006E43F3 /* EssentialFeed.xcodeproj */;
			proxyType = 2;
			remoteGlobalIDString = 46A1BC59298FDD5900921DD8;
			remoteInfo = EssentialFeed;
		};
		4619C8122B4826B7006E43F3 /* PBXContainerItemProxy */ = {
			isa = PBXContainerItemProxy;
			containerPortal = 4619C8072B4826B7006E43F3 /* EssentialFeed.xcodeproj */;
			proxyType = 2;
			remoteGlobalIDString = 46A1BC63298FDD5900921DD8;
			remoteInfo = EssentialFeedTests;
		};
		4619C8142B4826B7006E43F3 /* PBXContainerItemProxy */ = {
			isa = PBXContainerItemProxy;
			containerPortal = 4619C8072B4826B7006E43F3 /* EssentialFeed.xcodeproj */;
			proxyType = 2;
			remoteGlobalIDString = 46FE693429A906F0009A8E3D;
			remoteInfo = EssentialFeedAPIEndToEndTests;
		};
		4619C8162B4826B7006E43F3 /* PBXContainerItemProxy */ = {
			isa = PBXContainerItemProxy;
			containerPortal = 4619C8072B4826B7006E43F3 /* EssentialFeed.xcodeproj */;
			proxyType = 2;
			remoteGlobalIDString = 46C956372ABC470D00B6B70A;
			remoteInfo = EssentialFeedCacheIntegrationTests;
		};
		4619C8182B4826B7006E43F3 /* PBXContainerItemProxy */ = {
			isa = PBXContainerItemProxy;
			containerPortal = 4619C8072B4826B7006E43F3 /* EssentialFeed.xcodeproj */;
			proxyType = 2;
			remoteGlobalIDString = 46C20E222B1A3D880020C943;
			remoteInfo = EssentialFeediOS;
		};
		4619C81A2B4826B7006E43F3 /* PBXContainerItemProxy */ = {
			isa = PBXContainerItemProxy;
			containerPortal = 4619C8072B4826B7006E43F3 /* EssentialFeed.xcodeproj */;
			proxyType = 2;
			remoteGlobalIDString = 46C20E292B1A3D880020C943;
			remoteInfo = EssentialFeediOSTests;
		};
		46BBB4592B4C383900335765 /* PBXContainerItemProxy */ = {
			isa = PBXContainerItemProxy;
			containerPortal = 4619C7C42B481B75006E43F3 /* Project object */;
			proxyType = 1;
			remoteGlobalIDString = 4619C7CB2B481B75006E43F3;
			remoteInfo = EssentialApp;
		};
/* End PBXContainerItemProxy section */

/* Begin PBXCopyFilesBuildPhase section */
		4619C8292B482707006E43F3 /* Embed Frameworks */ = {
			isa = PBXCopyFilesBuildPhase;
			buildActionMask = 2147483647;
			dstPath = "";
			dstSubfolderSpec = 10;
			files = (
				4619C8262B482707006E43F3 /* EssentialFeed.framework in Embed Frameworks */,
				4619C8282B482707006E43F3 /* EssentialFeediOS.framework in Embed Frameworks */,
			);
			name = "Embed Frameworks";
			runOnlyForDeploymentPostprocessing = 0;
		};
/* End PBXCopyFilesBuildPhase section */

/* Begin PBXFileReference section */
		4619C7CC2B481B75006E43F3 /* EssentialApp.app */ = {isa = PBXFileReference; explicitFileType = wrapper.application; includeInIndex = 0; path = EssentialApp.app; sourceTree = BUILT_PRODUCTS_DIR; };
		4619C7CF2B481B76006E43F3 /* AppDelegate.swift */ = {isa = PBXFileReference; lastKnownFileType = sourcecode.swift; path = AppDelegate.swift; sourceTree = "<group>"; };
		4619C7D12B481B76006E43F3 /* SceneDelegate.swift */ = {isa = PBXFileReference; lastKnownFileType = sourcecode.swift; path = SceneDelegate.swift; sourceTree = "<group>"; };
		4619C7D32B481B76006E43F3 /* ViewController.swift */ = {isa = PBXFileReference; lastKnownFileType = sourcecode.swift; path = ViewController.swift; sourceTree = "<group>"; };
		4619C7D82B481B77006E43F3 /* Assets.xcassets */ = {isa = PBXFileReference; lastKnownFileType = folder.assetcatalog; path = Assets.xcassets; sourceTree = "<group>"; };
		4619C7DB2B481B77006E43F3 /* Base */ = {isa = PBXFileReference; lastKnownFileType = file.storyboard; name = Base; path = Base.lproj/LaunchScreen.storyboard; sourceTree = "<group>"; };
		4619C7DD2B481B77006E43F3 /* Info.plist */ = {isa = PBXFileReference; lastKnownFileType = text.plist.xml; path = Info.plist; sourceTree = "<group>"; };
		4619C7E92B481D92006E43F3 /* EssentialAppTests.xctest */ = {isa = PBXFileReference; explicitFileType = wrapper.cfbundle; includeInIndex = 0; path = EssentialAppTests.xctest; sourceTree = BUILT_PRODUCTS_DIR; };
		4619C7EB2B481D92006E43F3 /* EssentialAppTests.swift */ = {isa = PBXFileReference; lastKnownFileType = sourcecode.swift; path = EssentialAppTests.swift; sourceTree = "<group>"; };
		4619C7F22B4826A9006E43F3 /* EssentialFeed.xcodeproj */ = {isa = PBXFileReference; lastKnownFileType = "wrapper.pb-project"; name = EssentialFeed.xcodeproj; path = ../../EssentialFeed/EssentialFeed.xcodeproj; sourceTree = "<group>"; };
		4619C8072B4826B7006E43F3 /* EssentialFeed.xcodeproj */ = {isa = PBXFileReference; lastKnownFileType = "wrapper.pb-project"; name = EssentialFeed.xcodeproj; path = ../../EssentialFeed/EssentialFeed.xcodeproj; sourceTree = "<group>"; };
		461ABFB72B5184BF0050C62A /* UIView+TestHelpers.swift */ = {isa = PBXFileReference; lastKnownFileType = sourcecode.swift; path = "UIView+TestHelpers.swift"; sourceTree = "<group>"; };
		46A0BEE72B483CC30063D3A0 /* FeedLoaderWithFallbackCompositeTests.swift */ = {isa = PBXFileReference; lastKnownFileType = sourcecode.swift; path = FeedLoaderWithFallbackCompositeTests.swift; sourceTree = "<group>"; };
		46A0BEF52B484C830063D3A0 /* FeedLoaderWithFallbackComposite.swift */ = {isa = PBXFileReference; lastKnownFileType = sourcecode.swift; path = FeedLoaderWithFallbackComposite.swift; sourceTree = "<group>"; };
		46A0BEF72B484D2E0063D3A0 /* FeedImageDataLoaderWithFallbackComposite.swift */ = {isa = PBXFileReference; lastKnownFileType = sourcecode.swift; path = FeedImageDataLoaderWithFallbackComposite.swift; sourceTree = "<group>"; };
		46A0BEF92B4850740063D3A0 /* FeedImageDataLoaderWithFallbackComposite.swift */ = {isa = PBXFileReference; lastKnownFileType = sourcecode.swift; path = FeedImageDataLoaderWithFallbackComposite.swift; sourceTree = "<group>"; };
		46A0BEFB2B4850BF0063D3A0 /* XCTestCase+MemoryLeakTracking.swift */ = {isa = PBXFileReference; lastKnownFileType = sourcecode.swift; path = "XCTestCase+MemoryLeakTracking.swift"; sourceTree = "<group>"; };
		46A0BEFE2B48511D0063D3A0 /* SharedTestHelpers.swift */ = {isa = PBXFileReference; lastKnownFileType = sourcecode.swift; path = SharedTestHelpers.swift; sourceTree = "<group>"; };
		46BBB4372B4C054A00335765 /* FeedLoaderCacheDecoratorTests.swift */ = {isa = PBXFileReference; lastKnownFileType = sourcecode.swift; path = FeedLoaderCacheDecoratorTests.swift; sourceTree = "<group>"; };
		46BBB4392B4C07DD00335765 /* FeedLoaderStub.swift */ = {isa = PBXFileReference; lastKnownFileType = sourcecode.swift; path = FeedLoaderStub.swift; sourceTree = "<group>"; };
		46BBB43B2B4C08EE00335765 /* XCTestCase+FeedLoader.swift */ = {isa = PBXFileReference; lastKnownFileType = sourcecode.swift; path = "XCTestCase+FeedLoader.swift"; sourceTree = "<group>"; };
		46BBB43F2B4C12DA00335765 /* FeedLoaderCacheDecorator.swift */ = {isa = PBXFileReference; lastKnownFileType = sourcecode.swift; path = FeedLoaderCacheDecorator.swift; sourceTree = "<group>"; };
		46BBB4412B4C144500335765 /* FeedImageDataLoaderCacheDecoratorTests.swift */ = {isa = PBXFileReference; lastKnownFileType = sourcecode.swift; path = FeedImageDataLoaderCacheDecoratorTests.swift; sourceTree = "<group>"; };
		46BBB4432B4C151800335765 /* XCTestCase+FeedImageDataLoader.swift */ = {isa = PBXFileReference; lastKnownFileType = sourcecode.swift; path = "XCTestCase+FeedImageDataLoader.swift"; sourceTree = "<group>"; };
		46BBB4452B4C16B200335765 /* FeedImageDataLoaderSpy.swift */ = {isa = PBXFileReference; lastKnownFileType = sourcecode.swift; path = FeedImageDataLoaderSpy.swift; sourceTree = "<group>"; };
		46BBB4492B4C18C800335765 /* FeedImageDataLoaderCacheDecorator.swift */ = {isa = PBXFileReference; lastKnownFileType = sourcecode.swift; path = FeedImageDataLoaderCacheDecorator.swift; sourceTree = "<group>"; };
		46BBB4532B4C383900335765 /* EssentialAppUIAcceptanceTests.xctest */ = {isa = PBXFileReference; explicitFileType = wrapper.cfbundle; includeInIndex = 0; path = EssentialAppUIAcceptanceTests.xctest; sourceTree = BUILT_PRODUCTS_DIR; };
		46BBB4552B4C383900335765 /* EssentialAppUIAcceptanceTests.swift */ = {isa = PBXFileReference; lastKnownFileType = sourcecode.swift; path = EssentialAppUIAcceptanceTests.swift; sourceTree = "<group>"; };
		46BBB4572B4C383900335765 /* EssentialAppUIAcceptanceTestsLaunchTests.swift */ = {isa = PBXFileReference; lastKnownFileType = sourcecode.swift; path = EssentialAppUIAcceptanceTestsLaunchTests.swift; sourceTree = "<group>"; };
		46BBB46A2B4C4E6500335765 /* DebuggingSceneDelegate.swift */ = {isa = PBXFileReference; lastKnownFileType = sourcecode.swift; path = DebuggingSceneDelegate.swift; sourceTree = "<group>"; };
		46CD58792B5E80BA00049479 /* LoadResourcePresentationAdapter.swift */ = {isa = PBXFileReference; lastKnownFileType = sourcecode.swift; path = LoadResourcePresentationAdapter.swift; sourceTree = "<group>"; };
		46CE77502B55661000061B1C /* CombineHelpers.swift */ = {isa = PBXFileReference; lastKnownFileType = sourcecode.swift; path = CombineHelpers.swift; sourceTree = "<group>"; };
		46D266522B514DAB00DEA89D /* SceneDelegateTests.swift */ = {isa = PBXFileReference; lastKnownFileType = sourcecode.swift; path = SceneDelegateTests.swift; sourceTree = "<group>"; };
		46D266932B5154DB00DEA89D /* FeedUIComposer.swift */ = {isa = PBXFileReference; lastKnownFileType = sourcecode.swift; path = FeedUIComposer.swift; sourceTree = "<group>"; };
		46D266942B5154DB00DEA89D /* MainQueueDispatchDecorator.swift */ = {isa = PBXFileReference; lastKnownFileType = sourcecode.swift; path = MainQueueDispatchDecorator.swift; sourceTree = "<group>"; };
		46D266952B5154DB00DEA89D /* WeakRefVirtualProxy.swift */ = {isa = PBXFileReference; lastKnownFileType = sourcecode.swift; path = WeakRefVirtualProxy.swift; sourceTree = "<group>"; };
		46D266962B5154DB00DEA89D /* FeedImageDataLoaderPresentationAdapter.swift */ = {isa = PBXFileReference; lastKnownFileType = sourcecode.swift; path = FeedImageDataLoaderPresentationAdapter.swift; sourceTree = "<group>"; };
		46D266972B5154DB00DEA89D /* FeedLoaderPresentationAdapter.swift */ = {isa = PBXFileReference; lastKnownFileType = sourcecode.swift; path = FeedLoaderPresentationAdapter.swift; sourceTree = "<group>"; };
		46D266982B5154DB00DEA89D /* FeedViewAdapter.swift */ = {isa = PBXFileReference; lastKnownFileType = sourcecode.swift; path = FeedViewAdapter.swift; sourceTree = "<group>"; };
		46D266A62B51550B00DEA89D /* FeedUIIntegrationTestsr+Localization.swift */ = {isa = PBXFileReference; lastKnownFileType = sourcecode.swift; path = "FeedUIIntegrationTestsr+Localization.swift"; sourceTree = "<group>"; };
		46D266A72B51550B00DEA89D /* UIButton+TestHelpers.swift */ = {isa = PBXFileReference; lastKnownFileType = sourcecode.swift; path = "UIButton+TestHelpers.swift"; sourceTree = "<group>"; };
		46D266A82B51550B00DEA89D /* UIControl+TestHelpers.swift */ = {isa = PBXFileReference; lastKnownFileType = sourcecode.swift; path = "UIControl+TestHelpers.swift"; sourceTree = "<group>"; };
		46D266A92B51550B00DEA89D /* UIImage+TestHelpers.swift */ = {isa = PBXFileReference; lastKnownFileType = sourcecode.swift; path = "UIImage+TestHelpers.swift"; sourceTree = "<group>"; };
		46D266AA2B51550B00DEA89D /* UIRefreshControl+TestHelpers.swift */ = {isa = PBXFileReference; lastKnownFileType = sourcecode.swift; path = "UIRefreshControl+TestHelpers.swift"; sourceTree = "<group>"; };
		46D266AC2B51550B00DEA89D /* FeedViewController+TestHelpers.swift */ = {isa = PBXFileReference; lastKnownFileType = sourcecode.swift; path = "FeedViewController+TestHelpers.swift"; sourceTree = "<group>"; };
		46D266AD2B51550B00DEA89D /* FeedImageCell+TestHelpers.swift */ = {isa = PBXFileReference; lastKnownFileType = sourcecode.swift; path = "FeedImageCell+TestHelpers.swift"; sourceTree = "<group>"; };
		46D266AE2B51550B00DEA89D /* FeedUIIntegrationTests+LoaderSpy.swift */ = {isa = PBXFileReference; lastKnownFileType = sourcecode.swift; path = "FeedUIIntegrationTests+LoaderSpy.swift"; sourceTree = "<group>"; };
		46D266AF2B51550C00DEA89D /* FeedUIIntegrationTests+Assertions.swift */ = {isa = PBXFileReference; lastKnownFileType = sourcecode.swift; path = "FeedUIIntegrationTests+Assertions.swift"; sourceTree = "<group>"; };
		46D266B52B51552D00DEA89D /* FeedUIIntegrationTests.swift */ = {isa = PBXFileReference; lastKnownFileType = sourcecode.swift; path = FeedUIIntegrationTests.swift; sourceTree = "<group>"; };
		46D266C42B5157B100DEA89D /* FeedAcceptanceTests.swift */ = {isa = PBXFileReference; lastKnownFileType = sourcecode.swift; path = FeedAcceptanceTests.swift; sourceTree = "<group>"; };
		46D266C62B5162BC00DEA89D /* HTTPClientStub.swift */ = {isa = PBXFileReference; lastKnownFileType = sourcecode.swift; path = HTTPClientStub.swift; sourceTree = "<group>"; };
		46D266C82B51630A00DEA89D /* InMemoryFeedStore.swift */ = {isa = PBXFileReference; lastKnownFileType = sourcecode.swift; path = InMemoryFeedStore.swift; sourceTree = "<group>"; };
/* End PBXFileReference section */

/* Begin PBXFrameworksBuildPhase section */
		4619C7C92B481B75006E43F3 /* Frameworks */ = {
			isa = PBXFrameworksBuildPhase;
			buildActionMask = 2147483647;
			files = (
				4619C8252B482707006E43F3 /* EssentialFeed.framework in Frameworks */,
				4619C8272B482707006E43F3 /* EssentialFeediOS.framework in Frameworks */,
			);
			runOnlyForDeploymentPostprocessing = 0;
		};
		4619C7E62B481D92006E43F3 /* Frameworks */ = {
			isa = PBXFrameworksBuildPhase;
			buildActionMask = 2147483647;
			files = (
			);
			runOnlyForDeploymentPostprocessing = 0;
		};
		46BBB4502B4C383900335765 /* Frameworks */ = {
			isa = PBXFrameworksBuildPhase;
			buildActionMask = 2147483647;
			files = (
			);
			runOnlyForDeploymentPostprocessing = 0;
		};
/* End PBXFrameworksBuildPhase section */

/* Begin PBXGroup section */
		4619C7C32B481B75006E43F3 = {
			isa = PBXGroup;
			children = (
				4619C7CE2B481B76006E43F3 /* EssentialApp */,
				4619C7EA2B481D92006E43F3 /* EssentialAppTests */,
				46BBB4542B4C383900335765 /* EssentialAppUIAcceptanceTests */,
				4619C7CD2B481B75006E43F3 /* Products */,
				4619C81E2B482707006E43F3 /* Frameworks */,
			);
			sourceTree = "<group>";
		};
		4619C7CD2B481B75006E43F3 /* Products */ = {
			isa = PBXGroup;
			children = (
				4619C7CC2B481B75006E43F3 /* EssentialApp.app */,
				4619C7E92B481D92006E43F3 /* EssentialAppTests.xctest */,
				46BBB4532B4C383900335765 /* EssentialAppUIAcceptanceTests.xctest */,
			);
			name = Products;
			sourceTree = "<group>";
		};
		4619C7CE2B481B76006E43F3 /* EssentialApp */ = {
			isa = PBXGroup;
			children = (
				46D266992B5154DB00DEA89D /* Composers */,
				4619C7CF2B481B76006E43F3 /* AppDelegate.swift */,
				4619C7D12B481B76006E43F3 /* SceneDelegate.swift */,
				4619C7D32B481B76006E43F3 /* ViewController.swift */,
				4619C7D82B481B77006E43F3 /* Assets.xcassets */,
				4619C7DA2B481B77006E43F3 /* LaunchScreen.storyboard */,
				4619C7DD2B481B77006E43F3 /* Info.plist */,
				46A0BEF52B484C830063D3A0 /* FeedLoaderWithFallbackComposite.swift */,
				46A0BEF92B4850740063D3A0 /* FeedImageDataLoaderWithFallbackComposite.swift */,
				46BBB43F2B4C12DA00335765 /* FeedLoaderCacheDecorator.swift */,
				46BBB4492B4C18C800335765 /* FeedImageDataLoaderCacheDecorator.swift */,
				46BBB46A2B4C4E6500335765 /* DebuggingSceneDelegate.swift */,
				46CE77502B55661000061B1C /* CombineHelpers.swift */,
			);
			path = EssentialApp;
			sourceTree = "<group>";
		};
		4619C7EA2B481D92006E43F3 /* EssentialAppTests */ = {
			isa = PBXGroup;
			children = (
				46A0BEFD2B48510F0063D3A0 /* Helpers */,
				4619C7F22B4826A9006E43F3 /* EssentialFeed.xcodeproj */,
				4619C8072B4826B7006E43F3 /* EssentialFeed.xcodeproj */,
				4619C7EB2B481D92006E43F3 /* EssentialAppTests.swift */,
				46A0BEE72B483CC30063D3A0 /* FeedLoaderWithFallbackCompositeTests.swift */,
				46A0BEF72B484D2E0063D3A0 /* FeedImageDataLoaderWithFallbackComposite.swift */,
				46BBB4372B4C054A00335765 /* FeedLoaderCacheDecoratorTests.swift */,
				46BBB4412B4C144500335765 /* FeedImageDataLoaderCacheDecoratorTests.swift */,
				46D266522B514DAB00DEA89D /* SceneDelegateTests.swift */,
				46D266C42B5157B100DEA89D /* FeedAcceptanceTests.swift */,
			);
			path = EssentialAppTests;
			sourceTree = "<group>";
		};
		4619C7F32B4826A9006E43F3 /* Products */ = {
			isa = PBXGroup;
			children = (
				4619C7FC2B4826A9006E43F3 /* EssentialFeed.framework */,
				4619C7FE2B4826A9006E43F3 /* EssentialFeedTests.xctest */,
				4619C8002B4826A9006E43F3 /* EssentialFeedAPIEndToEndTests.xctest */,
				4619C8022B4826A9006E43F3 /* EssentialFeedCacheIntegrationTests.xctest */,
				4619C8042B4826A9006E43F3 /* EssentialFeediOS.framework */,
				4619C8062B4826A9006E43F3 /* EssentialFeediOSTests.xctest */,
			);
			name = Products;
			sourceTree = "<group>";
		};
		4619C8082B4826B7006E43F3 /* Products */ = {
			isa = PBXGroup;
			children = (
				4619C8112B4826B7006E43F3 /* EssentialFeed.framework */,
				4619C8132B4826B7006E43F3 /* EssentialFeedTests.xctest */,
				4619C8152B4826B7006E43F3 /* EssentialFeedAPIEndToEndTests.xctest */,
				4619C8172B4826B7006E43F3 /* EssentialFeedCacheIntegrationTests.xctest */,
				4619C8192B4826B7006E43F3 /* EssentialFeediOS.framework */,
				4619C81B2B4826B7006E43F3 /* EssentialFeediOSTests.xctest */,
			);
			name = Products;
			sourceTree = "<group>";
		};
		4619C81E2B482707006E43F3 /* Frameworks */ = {
			isa = PBXGroup;
			children = (
			);
			name = Frameworks;
			sourceTree = "<group>";
		};
		46A0BEFD2B48510F0063D3A0 /* Helpers */ = {
			isa = PBXGroup;
			children = (
				46D266B52B51552D00DEA89D /* FeedUIIntegrationTests.swift */,
				46D266C32B51574100DEA89D /* Controls */,
				46D266AC2B51550B00DEA89D /* FeedViewController+TestHelpers.swift */,
				46D266AD2B51550B00DEA89D /* FeedImageCell+TestHelpers.swift */,
				46D266AE2B51550B00DEA89D /* FeedUIIntegrationTests+LoaderSpy.swift */,
				46D266AF2B51550C00DEA89D /* FeedUIIntegrationTests+Assertions.swift */,
				46D266A62B51550B00DEA89D /* FeedUIIntegrationTestsr+Localization.swift */,
				46A0BEFB2B4850BF0063D3A0 /* XCTestCase+MemoryLeakTracking.swift */,
				46A0BEFE2B48511D0063D3A0 /* SharedTestHelpers.swift */,
				46BBB4392B4C07DD00335765 /* FeedLoaderStub.swift */,
				46BBB43B2B4C08EE00335765 /* XCTestCase+FeedLoader.swift */,
				46BBB4432B4C151800335765 /* XCTestCase+FeedImageDataLoader.swift */,
				46BBB4452B4C16B200335765 /* FeedImageDataLoaderSpy.swift */,
				46D266C62B5162BC00DEA89D /* HTTPClientStub.swift */,
				46D266C82B51630A00DEA89D /* InMemoryFeedStore.swift */,
			);
			path = Helpers;
			sourceTree = "<group>";
		};
		46BBB4542B4C383900335765 /* EssentialAppUIAcceptanceTests */ = {
			isa = PBXGroup;
			children = (
				46BBB4552B4C383900335765 /* EssentialAppUIAcceptanceTests.swift */,
				46BBB4572B4C383900335765 /* EssentialAppUIAcceptanceTestsLaunchTests.swift */,
			);
			path = EssentialAppUIAcceptanceTests;
			sourceTree = "<group>";
		};
		46D266992B5154DB00DEA89D /* Composers */ = {
			isa = PBXGroup;
			children = (
				46D266932B5154DB00DEA89D /* FeedUIComposer.swift */,
				46D266942B5154DB00DEA89D /* MainQueueDispatchDecorator.swift */,
				46D266952B5154DB00DEA89D /* WeakRefVirtualProxy.swift */,
				46D266962B5154DB00DEA89D /* FeedImageDataLoaderPresentationAdapter.swift */,
				46D266972B5154DB00DEA89D /* FeedLoaderPresentationAdapter.swift */,
				46D266982B5154DB00DEA89D /* FeedViewAdapter.swift */,
				46CD58792B5E80BA00049479 /* LoadResourcePresentationAdapter.swift */,
			);
			name = Composers;
			path = ../../EssentialFeed/EssentialFeediOS/FeedUI/Composers;
			sourceTree = "<group>";
		};
		46D266C32B51574100DEA89D /* Controls */ = {
			isa = PBXGroup;
			children = (
				46D266A92B51550B00DEA89D /* UIImage+TestHelpers.swift */,
				46D266A82B51550B00DEA89D /* UIControl+TestHelpers.swift */,
				46D266A72B51550B00DEA89D /* UIButton+TestHelpers.swift */,
				46D266AA2B51550B00DEA89D /* UIRefreshControl+TestHelpers.swift */,
				461ABFB72B5184BF0050C62A /* UIView+TestHelpers.swift */,
			);
			path = Controls;
			sourceTree = "<group>";
		};
/* End PBXGroup section */

/* Begin PBXNativeTarget section */
		4619C7CB2B481B75006E43F3 /* EssentialApp */ = {
			isa = PBXNativeTarget;
			buildConfigurationList = 4619C7E02B481B77006E43F3 /* Build configuration list for PBXNativeTarget "EssentialApp" */;
			buildPhases = (
				4619C7C82B481B75006E43F3 /* Sources */,
				4619C7C92B481B75006E43F3 /* Frameworks */,
				4619C7CA2B481B75006E43F3 /* Resources */,
				4619C8292B482707006E43F3 /* Embed Frameworks */,
			);
			buildRules = (
			);
			dependencies = (
			);
			name = EssentialApp;
			productName = EssentialApp;
			productReference = 4619C7CC2B481B75006E43F3 /* EssentialApp.app */;
			productType = "com.apple.product-type.application";
		};
		4619C7E82B481D92006E43F3 /* EssentialAppTests */ = {
			isa = PBXNativeTarget;
			buildConfigurationList = 4619C7EF2B481D92006E43F3 /* Build configuration list for PBXNativeTarget "EssentialAppTests" */;
			buildPhases = (
				4619C7E52B481D92006E43F3 /* Sources */,
				4619C7E62B481D92006E43F3 /* Frameworks */,
				4619C7E72B481D92006E43F3 /* Resources */,
			);
			buildRules = (
			);
			dependencies = (
				4619C7EE2B481D92006E43F3 /* PBXTargetDependency */,
			);
			name = EssentialAppTests;
			productName = EssentialAppTests;
			productReference = 4619C7E92B481D92006E43F3 /* EssentialAppTests.xctest */;
			productType = "com.apple.product-type.bundle.unit-test";
		};
		46BBB4522B4C383900335765 /* EssentialAppUIAcceptanceTests */ = {
			isa = PBXNativeTarget;
			buildConfigurationList = 46BBB4692B4C383900335765 /* Build configuration list for PBXNativeTarget "EssentialAppUIAcceptanceTests" */;
			buildPhases = (
				46BBB44F2B4C383900335765 /* Sources */,
				46BBB4502B4C383900335765 /* Frameworks */,
				46BBB4512B4C383900335765 /* Resources */,
			);
			buildRules = (
			);
			dependencies = (
				46BBB45A2B4C383900335765 /* PBXTargetDependency */,
			);
			name = EssentialAppUIAcceptanceTests;
			productName = EssentialAppUIAcceptanceTests;
			productReference = 46BBB4532B4C383900335765 /* EssentialAppUIAcceptanceTests.xctest */;
			productType = "com.apple.product-type.bundle.ui-testing";
		};
/* End PBXNativeTarget section */

/* Begin PBXProject section */
		4619C7C42B481B75006E43F3 /* Project object */ = {
			isa = PBXProject;
			attributes = {
				BuildIndependentTargetsInParallel = 1;
				LastSwiftUpdateCheck = 1500;
				LastUpgradeCheck = 1500;
				TargetAttributes = {
					4619C7CB2B481B75006E43F3 = {
						CreatedOnToolsVersion = 15.0;
					};
					4619C7E82B481D92006E43F3 = {
						CreatedOnToolsVersion = 15.0;
						TestTargetID = 4619C7CB2B481B75006E43F3;
					};
					46BBB4522B4C383900335765 = {
						CreatedOnToolsVersion = 15.0;
						TestTargetID = 4619C7CB2B481B75006E43F3;
					};
				};
			};
			buildConfigurationList = 4619C7C72B481B75006E43F3 /* Build configuration list for PBXProject "EssentialApp" */;
			compatibilityVersion = "Xcode 14.0";
			developmentRegion = en;
			hasScannedForEncodings = 0;
			knownRegions = (
				en,
				Base,
			);
			mainGroup = 4619C7C32B481B75006E43F3;
			productRefGroup = 4619C7CD2B481B75006E43F3 /* Products */;
			projectDirPath = "";
			projectReferences = (
				{
					ProductGroup = 4619C7F32B4826A9006E43F3 /* Products */;
					ProjectRef = 4619C7F22B4826A9006E43F3 /* EssentialFeed.xcodeproj */;
				},
				{
					ProductGroup = 4619C8082B4826B7006E43F3 /* Products */;
					ProjectRef = 4619C8072B4826B7006E43F3 /* EssentialFeed.xcodeproj */;
				},
			);
			projectRoot = "";
			targets = (
				4619C7CB2B481B75006E43F3 /* EssentialApp */,
				4619C7E82B481D92006E43F3 /* EssentialAppTests */,
				46BBB4522B4C383900335765 /* EssentialAppUIAcceptanceTests */,
			);
		};
/* End PBXProject section */

/* Begin PBXReferenceProxy section */
		4619C7FC2B4826A9006E43F3 /* EssentialFeed.framework */ = {
			isa = PBXReferenceProxy;
			fileType = wrapper.framework;
			path = EssentialFeed.framework;
			remoteRef = 4619C7FB2B4826A9006E43F3 /* PBXContainerItemProxy */;
			sourceTree = BUILT_PRODUCTS_DIR;
		};
		4619C7FE2B4826A9006E43F3 /* EssentialFeedTests.xctest */ = {
			isa = PBXReferenceProxy;
			fileType = wrapper.cfbundle;
			path = EssentialFeedTests.xctest;
			remoteRef = 4619C7FD2B4826A9006E43F3 /* PBXContainerItemProxy */;
			sourceTree = BUILT_PRODUCTS_DIR;
		};
		4619C8002B4826A9006E43F3 /* EssentialFeedAPIEndToEndTests.xctest */ = {
			isa = PBXReferenceProxy;
			fileType = wrapper.cfbundle;
			path = EssentialFeedAPIEndToEndTests.xctest;
			remoteRef = 4619C7FF2B4826A9006E43F3 /* PBXContainerItemProxy */;
			sourceTree = BUILT_PRODUCTS_DIR;
		};
		4619C8022B4826A9006E43F3 /* EssentialFeedCacheIntegrationTests.xctest */ = {
			isa = PBXReferenceProxy;
			fileType = wrapper.cfbundle;
			path = EssentialFeedCacheIntegrationTests.xctest;
			remoteRef = 4619C8012B4826A9006E43F3 /* PBXContainerItemProxy */;
			sourceTree = BUILT_PRODUCTS_DIR;
		};
		4619C8042B4826A9006E43F3 /* EssentialFeediOS.framework */ = {
			isa = PBXReferenceProxy;
			fileType = wrapper.framework;
			path = EssentialFeediOS.framework;
			remoteRef = 4619C8032B4826A9006E43F3 /* PBXContainerItemProxy */;
			sourceTree = BUILT_PRODUCTS_DIR;
		};
		4619C8062B4826A9006E43F3 /* EssentialFeediOSTests.xctest */ = {
			isa = PBXReferenceProxy;
			fileType = wrapper.cfbundle;
			path = EssentialFeediOSTests.xctest;
			remoteRef = 4619C8052B4826A9006E43F3 /* PBXContainerItemProxy */;
			sourceTree = BUILT_PRODUCTS_DIR;
		};
		4619C8112B4826B7006E43F3 /* EssentialFeed.framework */ = {
			isa = PBXReferenceProxy;
			fileType = wrapper.framework;
			path = EssentialFeed.framework;
			remoteRef = 4619C8102B4826B7006E43F3 /* PBXContainerItemProxy */;
			sourceTree = BUILT_PRODUCTS_DIR;
		};
		4619C8132B4826B7006E43F3 /* EssentialFeedTests.xctest */ = {
			isa = PBXReferenceProxy;
			fileType = wrapper.cfbundle;
			path = EssentialFeedTests.xctest;
			remoteRef = 4619C8122B4826B7006E43F3 /* PBXContainerItemProxy */;
			sourceTree = BUILT_PRODUCTS_DIR;
		};
		4619C8152B4826B7006E43F3 /* EssentialFeedAPIEndToEndTests.xctest */ = {
			isa = PBXReferenceProxy;
			fileType = wrapper.cfbundle;
			path = EssentialFeedAPIEndToEndTests.xctest;
			remoteRef = 4619C8142B4826B7006E43F3 /* PBXContainerItemProxy */;
			sourceTree = BUILT_PRODUCTS_DIR;
		};
		4619C8172B4826B7006E43F3 /* EssentialFeedCacheIntegrationTests.xctest */ = {
			isa = PBXReferenceProxy;
			fileType = wrapper.cfbundle;
			path = EssentialFeedCacheIntegrationTests.xctest;
			remoteRef = 4619C8162B4826B7006E43F3 /* PBXContainerItemProxy */;
			sourceTree = BUILT_PRODUCTS_DIR;
		};
		4619C8192B4826B7006E43F3 /* EssentialFeediOS.framework */ = {
			isa = PBXReferenceProxy;
			fileType = wrapper.framework;
			path = EssentialFeediOS.framework;
			remoteRef = 4619C8182B4826B7006E43F3 /* PBXContainerItemProxy */;
			sourceTree = BUILT_PRODUCTS_DIR;
		};
		4619C81B2B4826B7006E43F3 /* EssentialFeediOSTests.xctest */ = {
			isa = PBXReferenceProxy;
			fileType = wrapper.cfbundle;
			path = EssentialFeediOSTests.xctest;
			remoteRef = 4619C81A2B4826B7006E43F3 /* PBXContainerItemProxy */;
			sourceTree = BUILT_PRODUCTS_DIR;
		};
/* End PBXReferenceProxy section */

/* Begin PBXResourcesBuildPhase section */
		4619C7CA2B481B75006E43F3 /* Resources */ = {
			isa = PBXResourcesBuildPhase;
			buildActionMask = 2147483647;
			files = (
				4619C7DC2B481B77006E43F3 /* LaunchScreen.storyboard in Resources */,
				4619C7D92B481B77006E43F3 /* Assets.xcassets in Resources */,
			);
			runOnlyForDeploymentPostprocessing = 0;
		};
		4619C7E72B481D92006E43F3 /* Resources */ = {
			isa = PBXResourcesBuildPhase;
			buildActionMask = 2147483647;
			files = (
			);
			runOnlyForDeploymentPostprocessing = 0;
		};
		46BBB4512B4C383900335765 /* Resources */ = {
			isa = PBXResourcesBuildPhase;
			buildActionMask = 2147483647;
			files = (
			);
			runOnlyForDeploymentPostprocessing = 0;
		};
/* End PBXResourcesBuildPhase section */

/* Begin PBXSourcesBuildPhase section */
		4619C7C82B481B75006E43F3 /* Sources */ = {
			isa = PBXSourcesBuildPhase;
			buildActionMask = 2147483647;
			files = (
				46D266C22B51572900DEA89D /* FeedViewAdapter.swift in Sources */,
				46D266C02B51572400DEA89D /* FeedImageDataLoaderPresentationAdapter.swift in Sources */,
				46D266BF2B51572200DEA89D /* WeakRefVirtualProxy.swift in Sources */,
				4619C7D42B481B76006E43F3 /* ViewController.swift in Sources */,
				46D266BD2B51571B00DEA89D /* MainQueueDispatchDecorator.swift in Sources */,
				46CD587A2B5E80BA00049479 /* LoadResourcePresentationAdapter.swift in Sources */,
				4619C7D02B481B76006E43F3 /* AppDelegate.swift in Sources */,
				46A0BEF62B484C830063D3A0 /* FeedLoaderWithFallbackComposite.swift in Sources */,
				46BBB4402B4C12DA00335765 /* FeedLoaderCacheDecorator.swift in Sources */,
				46CE77512B55661000061B1C /* CombineHelpers.swift in Sources */,
				46BBB46B2B4C4E6500335765 /* DebuggingSceneDelegate.swift in Sources */,
				4619C7D22B481B76006E43F3 /* SceneDelegate.swift in Sources */,
				46D266C12B51572700DEA89D /* FeedLoaderPresentationAdapter.swift in Sources */,
				46A0BEFA2B4850740063D3A0 /* FeedImageDataLoaderWithFallbackComposite.swift in Sources */,
				46BBB44A2B4C18C800335765 /* FeedImageDataLoaderCacheDecorator.swift in Sources */,
				46D266BE2B51571E00DEA89D /* FeedUIComposer.swift in Sources */,
			);
			runOnlyForDeploymentPostprocessing = 0;
		};
		4619C7E52B481D92006E43F3 /* Sources */ = {
			isa = PBXSourcesBuildPhase;
			buildActionMask = 2147483647;
			files = (
				46D266B22B51550C00DEA89D /* FeedUIIntegrationTests+LoaderSpy.swift in Sources */,
				46D266B82B5156D900DEA89D /* UIButton+TestHelpers.swift in Sources */,
				46D266B32B51550C00DEA89D /* FeedUIIntegrationTests+Assertions.swift in Sources */,
				46A0BEE82B483CC30063D3A0 /* FeedLoaderWithFallbackCompositeTests.swift in Sources */,
				46D266B42B51550C00DEA89D /* FeedViewController+TestHelpers.swift in Sources */,
				46D266B62B51552D00DEA89D /* FeedUIIntegrationTests.swift in Sources */,
				46BBB43A2B4C07DD00335765 /* FeedLoaderStub.swift in Sources */,
				46A0BEFC2B4850BF0063D3A0 /* XCTestCase+MemoryLeakTracking.swift in Sources */,
				46D266C52B5157B100DEA89D /* FeedAcceptanceTests.swift in Sources */,
				46BBB4462B4C16B200335765 /* FeedImageDataLoaderSpy.swift in Sources */,
				46BBB4442B4C151800335765 /* XCTestCase+FeedImageDataLoader.swift in Sources */,
				46BBB43C2B4C08EE00335765 /* XCTestCase+FeedLoader.swift in Sources */,
				46D266C72B5162BC00DEA89D /* HTTPClientStub.swift in Sources */,
				46BBB4422B4C144500335765 /* FeedImageDataLoaderCacheDecoratorTests.swift in Sources */,
				46A0BEFF2B48511D0063D3A0 /* SharedTestHelpers.swift in Sources */,
				46D266B12B51550C00DEA89D /* FeedUIIntegrationTestsr+Localization.swift in Sources */,
				46BBB4382B4C054A00335765 /* FeedLoaderCacheDecoratorTests.swift in Sources */,
				46D266B92B5156E100DEA89D /* UIControl+TestHelpers.swift in Sources */,
				46D266B72B5156D700DEA89D /* UIRefreshControl+TestHelpers.swift in Sources */,
				46D266B02B51550C00DEA89D /* FeedImageCell+TestHelpers.swift in Sources */,
				461ABFB82B5184BF0050C62A /* UIView+TestHelpers.swift in Sources */,
				46A0BEF82B484D2E0063D3A0 /* FeedImageDataLoaderWithFallbackComposite.swift in Sources */,
				46D266BA2B5156E300DEA89D /* UIImage+TestHelpers.swift in Sources */,
				4619C7EC2B481D92006E43F3 /* EssentialAppTests.swift in Sources */,
				46D266602B514DB500DEA89D /* SceneDelegateTests.swift in Sources */,
				46D266C92B51630A00DEA89D /* InMemoryFeedStore.swift in Sources */,
			);
			runOnlyForDeploymentPostprocessing = 0;
		};
		46BBB44F2B4C383900335765 /* Sources */ = {
			isa = PBXSourcesBuildPhase;
			buildActionMask = 2147483647;
			files = (
				46BBB4582B4C383900335765 /* EssentialAppUIAcceptanceTestsLaunchTests.swift in Sources */,
				46BBB4562B4C383900335765 /* EssentialAppUIAcceptanceTests.swift in Sources */,
			);
			runOnlyForDeploymentPostprocessing = 0;
		};
/* End PBXSourcesBuildPhase section */

/* Begin PBXTargetDependency section */
		4619C7EE2B481D92006E43F3 /* PBXTargetDependency */ = {
			isa = PBXTargetDependency;
			target = 4619C7CB2B481B75006E43F3 /* EssentialApp */;
			targetProxy = 4619C7ED2B481D92006E43F3 /* PBXContainerItemProxy */;
		};
		46BBB45A2B4C383900335765 /* PBXTargetDependency */ = {
			isa = PBXTargetDependency;
			target = 4619C7CB2B481B75006E43F3 /* EssentialApp */;
			targetProxy = 46BBB4592B4C383900335765 /* PBXContainerItemProxy */;
		};
/* End PBXTargetDependency section */

/* Begin PBXVariantGroup section */
		4619C7DA2B481B77006E43F3 /* LaunchScreen.storyboard */ = {
			isa = PBXVariantGroup;
			children = (
				4619C7DB2B481B77006E43F3 /* Base */,
			);
			name = LaunchScreen.storyboard;
			sourceTree = "<group>";
		};
/* End PBXVariantGroup section */

/* Begin XCBuildConfiguration section */
		4619C7DE2B481B77006E43F3 /* Debug */ = {
			isa = XCBuildConfiguration;
			buildSettings = {
				ALWAYS_SEARCH_USER_PATHS = NO;
				ASSETCATALOG_COMPILER_GENERATE_SWIFT_ASSET_SYMBOL_EXTENSIONS = YES;
				CLANG_ANALYZER_NONNULL = YES;
				CLANG_ANALYZER_NUMBER_OBJECT_CONVERSION = YES_AGGRESSIVE;
				CLANG_CXX_LANGUAGE_STANDARD = "gnu++20";
				CLANG_ENABLE_MODULES = YES;
				CLANG_ENABLE_OBJC_ARC = YES;
				CLANG_ENABLE_OBJC_WEAK = YES;
				CLANG_WARN_BLOCK_CAPTURE_AUTORELEASING = YES;
				CLANG_WARN_BOOL_CONVERSION = YES;
				CLANG_WARN_COMMA = YES;
				CLANG_WARN_CONSTANT_CONVERSION = YES;
				CLANG_WARN_DEPRECATED_OBJC_IMPLEMENTATIONS = YES;
				CLANG_WARN_DIRECT_OBJC_ISA_USAGE = YES_ERROR;
				CLANG_WARN_DOCUMENTATION_COMMENTS = YES;
				CLANG_WARN_EMPTY_BODY = YES;
				CLANG_WARN_ENUM_CONVERSION = YES;
				CLANG_WARN_INFINITE_RECURSION = YES;
				CLANG_WARN_INT_CONVERSION = YES;
				CLANG_WARN_NON_LITERAL_NULL_CONVERSION = YES;
				CLANG_WARN_OBJC_IMPLICIT_RETAIN_SELF = YES;
				CLANG_WARN_OBJC_LITERAL_CONVERSION = YES;
				CLANG_WARN_OBJC_ROOT_CLASS = YES_ERROR;
				CLANG_WARN_QUOTED_INCLUDE_IN_FRAMEWORK_HEADER = YES;
				CLANG_WARN_RANGE_LOOP_ANALYSIS = YES;
				CLANG_WARN_STRICT_PROTOTYPES = YES;
				CLANG_WARN_SUSPICIOUS_MOVE = YES;
				CLANG_WARN_UNGUARDED_AVAILABILITY = YES_AGGRESSIVE;
				CLANG_WARN_UNREACHABLE_CODE = YES;
				CLANG_WARN__DUPLICATE_METHOD_MATCH = YES;
				COPY_PHASE_STRIP = NO;
				DEBUG_INFORMATION_FORMAT = dwarf;
				ENABLE_STRICT_OBJC_MSGSEND = YES;
				ENABLE_TESTABILITY = YES;
				ENABLE_USER_SCRIPT_SANDBOXING = YES;
				GCC_C_LANGUAGE_STANDARD = gnu17;
				GCC_DYNAMIC_NO_PIC = NO;
				GCC_NO_COMMON_BLOCKS = YES;
				GCC_OPTIMIZATION_LEVEL = 0;
				GCC_PREPROCESSOR_DEFINITIONS = (
					"DEBUG=1",
					"$(inherited)",
				);
				GCC_WARN_64_TO_32_BIT_CONVERSION = YES;
				GCC_WARN_ABOUT_RETURN_TYPE = YES_ERROR;
				GCC_WARN_UNDECLARED_SELECTOR = YES;
				GCC_WARN_UNINITIALIZED_AUTOS = YES_AGGRESSIVE;
				GCC_WARN_UNUSED_FUNCTION = YES;
				GCC_WARN_UNUSED_VARIABLE = YES;
				IPHONEOS_DEPLOYMENT_TARGET = 17.0;
				LOCALIZATION_PREFERS_STRING_CATALOGS = YES;
				MTL_ENABLE_DEBUG_INFO = INCLUDE_SOURCE;
				MTL_FAST_MATH = YES;
				ONLY_ACTIVE_ARCH = YES;
				SDKROOT = iphoneos;
				SWIFT_ACTIVE_COMPILATION_CONDITIONS = "DEBUG $(inherited)";
				SWIFT_OPTIMIZATION_LEVEL = "-Onone";
			};
			name = Debug;
		};
		4619C7DF2B481B77006E43F3 /* Release */ = {
			isa = XCBuildConfiguration;
			buildSettings = {
				ALWAYS_SEARCH_USER_PATHS = NO;
				ASSETCATALOG_COMPILER_GENERATE_SWIFT_ASSET_SYMBOL_EXTENSIONS = YES;
				CLANG_ANALYZER_NONNULL = YES;
				CLANG_ANALYZER_NUMBER_OBJECT_CONVERSION = YES_AGGRESSIVE;
				CLANG_CXX_LANGUAGE_STANDARD = "gnu++20";
				CLANG_ENABLE_MODULES = YES;
				CLANG_ENABLE_OBJC_ARC = YES;
				CLANG_ENABLE_OBJC_WEAK = YES;
				CLANG_WARN_BLOCK_CAPTURE_AUTORELEASING = YES;
				CLANG_WARN_BOOL_CONVERSION = YES;
				CLANG_WARN_COMMA = YES;
				CLANG_WARN_CONSTANT_CONVERSION = YES;
				CLANG_WARN_DEPRECATED_OBJC_IMPLEMENTATIONS = YES;
				CLANG_WARN_DIRECT_OBJC_ISA_USAGE = YES_ERROR;
				CLANG_WARN_DOCUMENTATION_COMMENTS = YES;
				CLANG_WARN_EMPTY_BODY = YES;
				CLANG_WARN_ENUM_CONVERSION = YES;
				CLANG_WARN_INFINITE_RECURSION = YES;
				CLANG_WARN_INT_CONVERSION = YES;
				CLANG_WARN_NON_LITERAL_NULL_CONVERSION = YES;
				CLANG_WARN_OBJC_IMPLICIT_RETAIN_SELF = YES;
				CLANG_WARN_OBJC_LITERAL_CONVERSION = YES;
				CLANG_WARN_OBJC_ROOT_CLASS = YES_ERROR;
				CLANG_WARN_QUOTED_INCLUDE_IN_FRAMEWORK_HEADER = YES;
				CLANG_WARN_RANGE_LOOP_ANALYSIS = YES;
				CLANG_WARN_STRICT_PROTOTYPES = YES;
				CLANG_WARN_SUSPICIOUS_MOVE = YES;
				CLANG_WARN_UNGUARDED_AVAILABILITY = YES_AGGRESSIVE;
				CLANG_WARN_UNREACHABLE_CODE = YES;
				CLANG_WARN__DUPLICATE_METHOD_MATCH = YES;
				COPY_PHASE_STRIP = NO;
				DEBUG_INFORMATION_FORMAT = "dwarf-with-dsym";
				ENABLE_NS_ASSERTIONS = NO;
				ENABLE_STRICT_OBJC_MSGSEND = YES;
				ENABLE_USER_SCRIPT_SANDBOXING = YES;
				GCC_C_LANGUAGE_STANDARD = gnu17;
				GCC_NO_COMMON_BLOCKS = YES;
				GCC_WARN_64_TO_32_BIT_CONVERSION = YES;
				GCC_WARN_ABOUT_RETURN_TYPE = YES_ERROR;
				GCC_WARN_UNDECLARED_SELECTOR = YES;
				GCC_WARN_UNINITIALIZED_AUTOS = YES_AGGRESSIVE;
				GCC_WARN_UNUSED_FUNCTION = YES;
				GCC_WARN_UNUSED_VARIABLE = YES;
				IPHONEOS_DEPLOYMENT_TARGET = 17.0;
				LOCALIZATION_PREFERS_STRING_CATALOGS = YES;
				MTL_ENABLE_DEBUG_INFO = NO;
				MTL_FAST_MATH = YES;
				SDKROOT = iphoneos;
				SWIFT_COMPILATION_MODE = wholemodule;
				VALIDATE_PRODUCT = YES;
			};
			name = Release;
		};
		4619C7E12B481B77006E43F3 /* Debug */ = {
			isa = XCBuildConfiguration;
			buildSettings = {
				ASSETCATALOG_COMPILER_APPICON_NAME = AppIcon;
				ASSETCATALOG_COMPILER_GLOBAL_ACCENT_COLOR_NAME = AccentColor;
				CODE_SIGN_STYLE = Automatic;
				CURRENT_PROJECT_VERSION = 1;
				DEVELOPMENT_TEAM = 522S3NWCM9;
				GENERATE_INFOPLIST_FILE = YES;
				INFOPLIST_FILE = EssentialApp/Info.plist;
				INFOPLIST_KEY_UIApplicationSupportsIndirectInputEvents = YES;
				INFOPLIST_KEY_UILaunchStoryboardName = LaunchScreen;
				INFOPLIST_KEY_UIMainStoryboardFile = "";
				INFOPLIST_KEY_UISupportedInterfaceOrientations = UIInterfaceOrientationPortrait;
				INFOPLIST_KEY_UISupportedInterfaceOrientations_iPad = "UIInterfaceOrientationPortrait UIInterfaceOrientationPortraitUpsideDown";
				LD_RUNPATH_SEARCH_PATHS = (
					"$(inherited)",
					"@executable_path/Frameworks",
				);
				MARKETING_VERSION = 1.0;
				PRODUCT_BUNDLE_IDENTIFIER = beccahalford.EssentialApp;
				PRODUCT_NAME = "$(TARGET_NAME)";
				SWIFT_EMIT_LOC_STRINGS = YES;
				SWIFT_VERSION = 5.0;
				TARGETED_DEVICE_FAMILY = "1,2";
			};
			name = Debug;
		};
		4619C7E22B481B77006E43F3 /* Release */ = {
			isa = XCBuildConfiguration;
			buildSettings = {
				ASSETCATALOG_COMPILER_APPICON_NAME = AppIcon;
				ASSETCATALOG_COMPILER_GLOBAL_ACCENT_COLOR_NAME = AccentColor;
				CODE_SIGN_STYLE = Automatic;
				CURRENT_PROJECT_VERSION = 1;
				DEVELOPMENT_TEAM = 522S3NWCM9;
				GENERATE_INFOPLIST_FILE = YES;
				INFOPLIST_FILE = EssentialApp/Info.plist;
				INFOPLIST_KEY_UIApplicationSupportsIndirectInputEvents = YES;
				INFOPLIST_KEY_UILaunchStoryboardName = LaunchScreen;
				INFOPLIST_KEY_UIMainStoryboardFile = "";
				INFOPLIST_KEY_UISupportedInterfaceOrientations = UIInterfaceOrientationPortrait;
				INFOPLIST_KEY_UISupportedInterfaceOrientations_iPad = "UIInterfaceOrientationPortrait UIInterfaceOrientationPortraitUpsideDown";
				LD_RUNPATH_SEARCH_PATHS = (
					"$(inherited)",
					"@executable_path/Frameworks",
				);
				MARKETING_VERSION = 1.0;
				PRODUCT_BUNDLE_IDENTIFIER = beccahalford.EssentialApp;
				PRODUCT_NAME = "$(TARGET_NAME)";
				SWIFT_EMIT_LOC_STRINGS = YES;
				SWIFT_VERSION = 5.0;
				TARGETED_DEVICE_FAMILY = "1,2";
			};
			name = Release;
		};
		4619C7F02B481D92006E43F3 /* Debug */ = {
			isa = XCBuildConfiguration;
			buildSettings = {
				BUNDLE_LOADER = "$(TEST_HOST)";
				CODE_SIGN_STYLE = Automatic;
				CURRENT_PROJECT_VERSION = 1;
				DEVELOPMENT_TEAM = 522S3NWCM9;
				GENERATE_INFOPLIST_FILE = YES;
				MARKETING_VERSION = 1.0;
				PRODUCT_BUNDLE_IDENTIFIER = beccahalford.EssentialAppTests;
				PRODUCT_NAME = "$(TARGET_NAME)";
				SWIFT_EMIT_LOC_STRINGS = NO;
				SWIFT_VERSION = 5.0;
				TARGETED_DEVICE_FAMILY = "1,2";
				TEST_HOST = "$(BUILT_PRODUCTS_DIR)/EssentialApp.app/$(BUNDLE_EXECUTABLE_FOLDER_PATH)/EssentialApp";
			};
			name = Debug;
		};
		4619C7F12B481D92006E43F3 /* Release */ = {
			isa = XCBuildConfiguration;
			buildSettings = {
				BUNDLE_LOADER = "$(TEST_HOST)";
				CODE_SIGN_STYLE = Automatic;
				CURRENT_PROJECT_VERSION = 1;
				DEVELOPMENT_TEAM = 522S3NWCM9;
				GENERATE_INFOPLIST_FILE = YES;
				MARKETING_VERSION = 1.0;
				PRODUCT_BUNDLE_IDENTIFIER = beccahalford.EssentialAppTests;
				PRODUCT_NAME = "$(TARGET_NAME)";
				SWIFT_EMIT_LOC_STRINGS = NO;
				SWIFT_VERSION = 5.0;
				TARGETED_DEVICE_FAMILY = "1,2";
				TEST_HOST = "$(BUILT_PRODUCTS_DIR)/EssentialApp.app/$(BUNDLE_EXECUTABLE_FOLDER_PATH)/EssentialApp";
			};
			name = Release;
		};
		46BBB45B2B4C383900335765 /* Debug */ = {
			isa = XCBuildConfiguration;
			buildSettings = {
				CODE_SIGN_STYLE = Automatic;
				CURRENT_PROJECT_VERSION = 1;
				DEVELOPMENT_TEAM = 522S3NWCM9;
				GENERATE_INFOPLIST_FILE = YES;
				MARKETING_VERSION = 1.0;
				PRODUCT_BUNDLE_IDENTIFIER = beccahalford.EssentialAppUIAcceptanceTests;
				PRODUCT_NAME = "$(TARGET_NAME)";
				SWIFT_EMIT_LOC_STRINGS = NO;
				SWIFT_VERSION = 5.0;
				TARGETED_DEVICE_FAMILY = "1,2";
				TEST_TARGET_NAME = EssentialApp;
			};
			name = Debug;
		};
		46BBB45C2B4C383900335765 /* Release */ = {
			isa = XCBuildConfiguration;
			buildSettings = {
				CODE_SIGN_STYLE = Automatic;
				CURRENT_PROJECT_VERSION = 1;
				DEVELOPMENT_TEAM = 522S3NWCM9;
				GENERATE_INFOPLIST_FILE = YES;
				MARKETING_VERSION = 1.0;
				PRODUCT_BUNDLE_IDENTIFIER = beccahalford.EssentialAppUIAcceptanceTests;
				PRODUCT_NAME = "$(TARGET_NAME)";
				SWIFT_EMIT_LOC_STRINGS = NO;
				SWIFT_VERSION = 5.0;
				TARGETED_DEVICE_FAMILY = "1,2";
				TEST_TARGET_NAME = EssentialApp;
			};
			name = Release;
		};
/* End XCBuildConfiguration section */

/* Begin XCConfigurationList section */
		4619C7C72B481B75006E43F3 /* Build configuration list for PBXProject "EssentialApp" */ = {
			isa = XCConfigurationList;
			buildConfigurations = (
				4619C7DE2B481B77006E43F3 /* Debug */,
				4619C7DF2B481B77006E43F3 /* Release */,
			);
			defaultConfigurationIsVisible = 0;
			defaultConfigurationName = Release;
		};
		4619C7E02B481B77006E43F3 /* Build configuration list for PBXNativeTarget "EssentialApp" */ = {
			isa = XCConfigurationList;
			buildConfigurations = (
				4619C7E12B481B77006E43F3 /* Debug */,
				4619C7E22B481B77006E43F3 /* Release */,
			);
			defaultConfigurationIsVisible = 0;
			defaultConfigurationName = Release;
		};
		4619C7EF2B481D92006E43F3 /* Build configuration list for PBXNativeTarget "EssentialAppTests" */ = {
			isa = XCConfigurationList;
			buildConfigurations = (
				4619C7F02B481D92006E43F3 /* Debug */,
				4619C7F12B481D92006E43F3 /* Release */,
			);
			defaultConfigurationIsVisible = 0;
			defaultConfigurationName = Release;
		};
		46BBB4692B4C383900335765 /* Build configuration list for PBXNativeTarget "EssentialAppUIAcceptanceTests" */ = {
			isa = XCConfigurationList;
			buildConfigurations = (
				46BBB45B2B4C383900335765 /* Debug */,
				46BBB45C2B4C383900335765 /* Release */,
			);
			defaultConfigurationIsVisible = 0;
			defaultConfigurationName = Release;
		};
/* End XCConfigurationList section */
	};
	rootObject = 4619C7C42B481B75006E43F3 /* Project object */;
}
